// !$*UTF8*$!
{
	archiveVersion = 1;
	classes = {
	};
	objectVersion = 77;
	objects = {

/* Begin PBXBuildFile section */
		180A47A22866E4EA00A82F16 /* DocumentPicker.swift in Sources */ = {isa = PBXBuildFile; fileRef = 180A47A12866E4EA00A82F16 /* DocumentPicker.swift */; };
		180C86F0286B3F02009E7C0D /* HomeView+ViewModel.swift in Sources */ = {isa = PBXBuildFile; fileRef = 180C86EF286B3F02009E7C0D /* HomeView+ViewModel.swift */; };
		183DF16E2862C99E0088FE1C /* SoolraApp.swift in Sources */ = {isa = PBXBuildFile; fileRef = 183DF16D2862C99E0088FE1C /* SoolraApp.swift */; };
		183DF1722862C9A00088FE1C /* Assets.xcassets in Resources */ = {isa = PBXBuildFile; fileRef = 183DF1712862C9A00088FE1C /* Assets.xcassets */; };
		183DF1752862C9A00088FE1C /* Preview Assets.xcassets in Resources */ = {isa = PBXBuildFile; fileRef = 183DF1742862C9A00088FE1C /* Preview Assets.xcassets */; };
		185B91812869EE8C003F88F5 /* Model.xcdatamodeld in Sources */ = {isa = PBXBuildFile; fileRef = 185B917F2869EE8C003F88F5 /* Model.xcdatamodeld */; };
		186B04AD28661B940013EFDC /* CGPoint+distanceTo.swift in Sources */ = {isa = PBXBuildFile; fileRef = 186B04AC28661B940013EFDC /* CGPoint+distanceTo.swift */; };
		187ABE9E28642FF000372297 /* ButtonKey.swift in Sources */ = {isa = PBXBuildFile; fileRef = 187ABE9D28642FF000372297 /* ButtonKey.swift */; };
		18EBB74B2864A13A00903F43 /* HomeView.swift in Sources */ = {isa = PBXBuildFile; fileRef = 18EBB74A2864A13A00903F43 /* HomeView.swift */; };
		4C9253D42D47ED2B00E38366 /* HapticManager.swift in Sources */ = {isa = PBXBuildFile; fileRef = 4C9253D32D47ED2B00E38366 /* HapticManager.swift */; };
		4CB5AA5F2D61B206003E1677 /* MetalManager.swift in Sources */ = {isa = PBXBuildFile; fileRef = 4CB5AA5E2D61B206003E1677 /* MetalManager.swift */; };
		4CC26D9A2D4BABC600F3D262 /* ConsoleCoreManager.swift in Sources */ = {isa = PBXBuildFile; fileRef = 4CC26D992D4BABC300F3D262 /* ConsoleCoreManager.swift */; };
		4CCFFDB32D4E94D0002B9F4A /* launchvideo.mp4 in Resources */ = {isa = PBXBuildFile; fileRef = 4CCFFDB22D4E94D0002B9F4A /* launchvideo.mp4 */; };
		4CEF41C82D21A46A0068BC5B /* RomManager.swift in Sources */ = {isa = PBXBuildFile; fileRef = 4CEF41C72D21A4670068BC5B /* RomManager.swift */; };
		4CEF41CB2D21A4E40068BC5B /* ZIPFoundation in Frameworks */ = {isa = PBXBuildFile; productRef = 4CEF41CA2D21A4E40068BC5B /* ZIPFoundation */; };
		7032EDC12C76059400828A41 /* SettingsView.swift in Sources */ = {isa = PBXBuildFile; fileRef = 7032EDC02C76059400828A41 /* SettingsView.swift */; };
		7032EDC32C761C5800828A41 /* ThemeManager.swift in Sources */ = {isa = PBXBuildFile; fileRef = 7032EDC22C761C5800828A41 /* ThemeManager.swift */; };
		7058279D2C75766300AB8682 /* Orbitron-SemiBold.ttf in Resources */ = {isa = PBXBuildFile; fileRef = 705827972C75766200AB8682 /* Orbitron-SemiBold.ttf */; };
		7058279E2C75766300AB8682 /* Orbitron-Bold.ttf in Resources */ = {isa = PBXBuildFile; fileRef = 705827982C75766300AB8682 /* Orbitron-Bold.ttf */; };
		7058279F2C75766300AB8682 /* Orbitron-Medium.ttf in Resources */ = {isa = PBXBuildFile; fileRef = 705827992C75766300AB8682 /* Orbitron-Medium.ttf */; };
		705827A02C75766300AB8682 /* Orbitron-Regular.ttf in Resources */ = {isa = PBXBuildFile; fileRef = 7058279A2C75766300AB8682 /* Orbitron-Regular.ttf */; };
		705827A12C75766300AB8682 /* Orbitron-ExtraBold.ttf in Resources */ = {isa = PBXBuildFile; fileRef = 7058279B2C75766300AB8682 /* Orbitron-ExtraBold.ttf */; };
		705827A22C75766300AB8682 /* Orbitron-Black.ttf in Resources */ = {isa = PBXBuildFile; fileRef = 7058279C2C75766300AB8682 /* Orbitron-Black.ttf */; };
		70838FDC2C6BC96500B7AE46 /* SplashView.swift in Sources */ = {isa = PBXBuildFile; fileRef = 70838FDB2C6BC96500B7AE46 /* SplashView.swift */; };
		70BD24A02C6BF6F10070B5F9 /* Colors.swift in Sources */ = {isa = PBXBuildFile; fileRef = 70BD249F2C6BF6F10070B5F9 /* Colors.swift */; };
		924DBDAE2E114700001EF4F6 /* libCore.a in Frameworks */ = {isa = PBXBuildFile; fileRef = 924DBD5F2E0D7B13001EF4F6 /* libCore.a */; };
		924DBDBE2E114EBD001EF4F6 /* SoolraPSPBridge.h in Sources */ = {isa = PBXBuildFile; fileRef = 924DBDBD2E114EB4001EF4F6 /* SoolraPSPBridge.h */; };
		924DBDC02E114EED001EF4F6 /* SoolraPSPBridge.mm in Sources */ = {isa = PBXBuildFile; fileRef = 924DBDBF2E114EE4001EF4F6 /* SoolraPSPBridge.mm */; };
		924DBDC12E11AC12001EF4F6 /* liblua.a in Frameworks */ = {isa = PBXBuildFile; fileRef = 924DBD892E0D7B13001EF4F6 /* liblua.a */; };
		924DBDC22E11AC3E001EF4F6 /* libsnappy.a in Frameworks */ = {isa = PBXBuildFile; fileRef = 924DBD972E0D7B13001EF4F6 /* libsnappy.a */; };
		924DBDC32E11AC44001EF4F6 /* libCommon.a in Frameworks */ = {isa = PBXBuildFile; fileRef = 924DBD5D2E0D7B13001EF4F6 /* libCommon.a */; };
		924DBDC42E11AC91001EF4F6 /* libglslang.a in Frameworks */ = {isa = PBXBuildFile; fileRef = 924DBD7D2E0D7B13001EF4F6 /* libglslang.a */; };
		924DBDC52E11ACA7001EF4F6 /* libpng17.a in Frameworks */ = {isa = PBXBuildFile; fileRef = 924DBD912E0D7B13001EF4F6 /* libpng17.a */; };
		924DBDC62E11ACCC001EF4F6 /* libspirv-cross-core.a in Frameworks */ = {isa = PBXBuildFile; fileRef = 924DBD992E0D7B13001EF4F6 /* libspirv-cross-core.a */; };
		924DBDC72E11AD12001EF4F6 /* libspirv-cross-glsl.a in Frameworks */ = {isa = PBXBuildFile; fileRef = 924DBD9D2E0D7B13001EF4F6 /* libspirv-cross-glsl.a */; };
		92678D772DAA70E6001CEDD6 /* SQLite in Frameworks */ = {isa = PBXBuildFile; productRef = 92678D762DAA70E6001CEDD6 /* SQLite */; };
		92678D812DAA76F5001CEDD6 /* Cheat.swift in Sources */ = {isa = PBXBuildFile; fileRef = 92678D802DAA76F5001CEDD6 /* Cheat.swift */; };
		926E3FFF2E11AEA7008A99D8 /* libarmips.a in Frameworks */ = {isa = PBXBuildFile; fileRef = 924DBD6F2E0D7B13001EF4F6 /* libarmips.a */; };
		926E40002E11AEA7008A99D8 /* libat3_standalone.a in Frameworks */ = {isa = PBXBuildFile; fileRef = 924DBD712E0D7B13001EF4F6 /* libat3_standalone.a */; };
		926E40012E11AEA7008A99D8 /* libbasis_universal.a in Frameworks */ = {isa = PBXBuildFile; fileRef = 924DBD732E0D7B13001EF4F6 /* libbasis_universal.a */; };
		926E40022E11AEBA008A99D8 /* libchdr.a in Frameworks */ = {isa = PBXBuildFile; fileRef = 924DBD752E0D7B13001EF4F6 /* libchdr.a */; };
		926E40032E11AEBA008A99D8 /* libcityhash.a in Frameworks */ = {isa = PBXBuildFile; fileRef = 924DBD772E0D7B13001EF4F6 /* libcityhash.a */; };
		926E40042E11AEBA008A99D8 /* libcpu_features.a in Frameworks */ = {isa = PBXBuildFile; fileRef = 924DBD792E0D7B13001EF4F6 /* libcpu_features.a */; };
		926E40052E11AEBA008A99D8 /* libgason.a in Frameworks */ = {isa = PBXBuildFile; fileRef = 924DBD7B2E0D7B13001EF4F6 /* libgason.a */; };
		926E40062E11AEBA008A99D8 /* libGenericCodeGen.a in Frameworks */ = {isa = PBXBuildFile; fileRef = 924DBD612E0D7B13001EF4F6 /* libGenericCodeGen.a */; };
		926E40072E11AEBA008A99D8 /* libglslang-default-resource-limits.a in Frameworks */ = {isa = PBXBuildFile; fileRef = 924DBD7F2E0D7B13001EF4F6 /* libglslang-default-resource-limits.a */; };
		926E40082E11AEE8008A99D8 /* libHLSL.a in Frameworks */ = {isa = PBXBuildFile; fileRef = 924DBD632E0D7B13001EF4F6 /* libHLSL.a */; };
		926E40092E11AEE8008A99D8 /* libimgui.a in Frameworks */ = {isa = PBXBuildFile; fileRef = 924DBD812E0D7B13001EF4F6 /* libimgui.a */; };
		926E400A2E11AEE8008A99D8 /* libkirk.a in Frameworks */ = {isa = PBXBuildFile; fileRef = 924DBD832E0D7B13001EF4F6 /* libkirk.a */; };
		926E400B2E11AEE8008A99D8 /* liblibzip.a in Frameworks */ = {isa = PBXBuildFile; fileRef = 924DBD852E0D7B13001EF4F6 /* liblibzip.a */; };
		926E400C2E11AEE8008A99D8 /* liblibzstd_static.a in Frameworks */ = {isa = PBXBuildFile; fileRef = 924DBD872E0D7B13001EF4F6 /* liblibzstd_static.a */; };
		926E400D2E11AEE8008A99D8 /* libMachineIndependent.a in Frameworks */ = {isa = PBXBuildFile; fileRef = 924DBD652E0D7B13001EF4F6 /* libMachineIndependent.a */; };
		926E400E2E11AEE8008A99D8 /* libminimp3.a in Frameworks */ = {isa = PBXBuildFile; fileRef = 924DBD8B2E0D7B13001EF4F6 /* libminimp3.a */; };
		926E400F2E11AEE8008A99D8 /* libminiupnpc.a in Frameworks */ = {isa = PBXBuildFile; fileRef = 924DBD8D2E0D7B13001EF4F6 /* libminiupnpc.a */; };
		926E40102E11AEE8008A99D8 /* libnative.a in Frameworks */ = {isa = PBXBuildFile; fileRef = 924DBD8F2E0D7B13001EF4F6 /* libnative.a */; };
		926E40112E11AEE8008A99D8 /* libOGLCompiler.a in Frameworks */ = {isa = PBXBuildFile; fileRef = 924DBD672E0D7B13001EF4F6 /* libOGLCompiler.a */; };
		926E40122E11AEE8008A99D8 /* libOSDependent.a in Frameworks */ = {isa = PBXBuildFile; fileRef = 924DBD692E0D7B13001EF4F6 /* libOSDependent.a */; };
		926E40132E11AEE8008A99D8 /* librcheevos.a in Frameworks */ = {isa = PBXBuildFile; fileRef = 924DBD932E0D7B13001EF4F6 /* librcheevos.a */; };
		926E40142E11AEE8008A99D8 /* libsfmt19937.a in Frameworks */ = {isa = PBXBuildFile; fileRef = 924DBD952E0D7B13001EF4F6 /* libsfmt19937.a */; };
		926E40152E11AEE8008A99D8 /* libspirv-cross-cpp.a in Frameworks */ = {isa = PBXBuildFile; fileRef = 924DBD9B2E0D7B13001EF4F6 /* libspirv-cross-cpp.a */; };
		926E40162E11AEE8008A99D8 /* libspirv-cross-hlsl.a in Frameworks */ = {isa = PBXBuildFile; fileRef = 924DBD9F2E0D7B13001EF4F6 /* libspirv-cross-hlsl.a */; };
		926E40172E11AEE8008A99D8 /* libspirv-cross-msl.a in Frameworks */ = {isa = PBXBuildFile; fileRef = 924DBDA12E0D7B13001EF4F6 /* libspirv-cross-msl.a */; };
		926E40182E11AEE8008A99D8 /* libSPIRV.a in Frameworks */ = {isa = PBXBuildFile; fileRef = 924DBD6D2E0D7B13001EF4F6 /* libSPIRV.a */; };
		926E40192E11AEF3008A99D8 /* libudis86.a in Frameworks */ = {isa = PBXBuildFile; fileRef = 924DBDA32E0D7B13001EF4F6 /* libudis86.a */; };
		926E401A2E11AEF3008A99D8 /* libunix_based_hardware_detection.a in Frameworks */ = {isa = PBXBuildFile; fileRef = 924DBDA52E0D7B13001EF4F6 /* libunix_based_hardware_detection.a */; };
		926E401B2E11AEF3008A99D8 /* libutils.a in Frameworks */ = {isa = PBXBuildFile; fileRef = 924DBDA72E0D7B13001EF4F6 /* libutils.a */; };
		926E401C2E11AEF3008A99D8 /* libvma.a in Frameworks */ = {isa = PBXBuildFile; fileRef = 924DBDA92E0D7B13001EF4F6 /* libvma.a */; };
		926E401D2E11AEF3008A99D8 /* libxbrz.a in Frameworks */ = {isa = PBXBuildFile; fileRef = 924DBDAB2E0D7B13001EF4F6 /* libxbrz.a */; };
		926E401E2E11AEF3008A99D8 /* libxxhash.a in Frameworks */ = {isa = PBXBuildFile; fileRef = 924DBDAD2E0D7B13001EF4F6 /* libxxhash.a */; };
		926E40202E11B17A008A99D8 /* CoreLocation.framework in Frameworks */ = {isa = PBXBuildFile; fileRef = 926E401F2E11B17A008A99D8 /* CoreLocation.framework */; };
		926E40222E11B187008A99D8 /* CoreMotion.framework in Frameworks */ = {isa = PBXBuildFile; fileRef = 926E40212E11B187008A99D8 /* CoreMotion.framework */; };
		926E40292E11B35E008A99D8 /* libavcodec.a in Frameworks */ = {isa = PBXBuildFile; fileRef = 926E40232E11B35D008A99D8 /* libavcodec.a */; };
		926E402A2E11B35E008A99D8 /* libavdevice.a in Frameworks */ = {isa = PBXBuildFile; fileRef = 926E40242E11B35D008A99D8 /* libavdevice.a */; };
		926E402B2E11B35E008A99D8 /* libswresample.a in Frameworks */ = {isa = PBXBuildFile; fileRef = 926E40252E11B35E008A99D8 /* libswresample.a */; };
		926E402C2E11B35E008A99D8 /* libavutil.a in Frameworks */ = {isa = PBXBuildFile; fileRef = 926E40262E11B35E008A99D8 /* libavutil.a */; };
		926E402D2E11B35E008A99D8 /* libswscale.a in Frameworks */ = {isa = PBXBuildFile; fileRef = 926E40272E11B35E008A99D8 /* libswscale.a */; };
		926E402E2E11B35E008A99D8 /* libavformat.a in Frameworks */ = {isa = PBXBuildFile; fileRef = 926E40282E11B35E008A99D8 /* libavformat.a */; };
		926E40302E127E21008A99D8 /* libz.tbd in Frameworks */ = {isa = PBXBuildFile; fileRef = 926E402F2E127E21008A99D8 /* libz.tbd */; };
		926E40322E127E2D008A99D8 /* libbz2.tbd in Frameworks */ = {isa = PBXBuildFile; fileRef = 926E40312E127E2D008A99D8 /* libbz2.tbd */; };
		926E40382E12830E008A99D8 /* UniformTypeIdentifiers.framework in Frameworks */ = {isa = PBXBuildFile; fileRef = 926E40372E12830E008A99D8 /* UniformTypeIdentifiers.framework */; };
		926E403A2E128ABE008A99D8 /* MobileCoreServices.framework in Frameworks */ = {isa = PBXBuildFile; fileRef = 926E40392E128ABE008A99D8 /* MobileCoreServices.framework */; };
		928FA3242DC0DC0100F3C848 /* SaveState.swift in Sources */ = {isa = PBXBuildFile; fileRef = 928FA3232DC0DC0100F3C848 /* SaveState.swift */; };
		928FA3262DC0DC3400F3C848 /* SaveStateView.swift in Sources */ = {isa = PBXBuildFile; fileRef = 928FA3252DC0DC3400F3C848 /* SaveStateView.swift */; };
		928FA3542DD8AEA500F3C848 /* GoogleService-Info.plist in Resources */ = {isa = PBXBuildFile; fileRef = 928FA3532DD8AEA500F3C848 /* GoogleService-Info.plist */; };
		928FA35F2DD8E88700F3C848 /* EngagementTracker.swift in Sources */ = {isa = PBXBuildFile; fileRef = 928FA35E2DD8E88700F3C848 /* EngagementTracker.swift */; };
		9A6F41B1841602256D9A9987 /* Pods_SOOLRA.framework in Frameworks */ = {isa = PBXBuildFile; fileRef = 5373F8BB57550C87EB6D0573 /* Pods_SOOLRA.framework */; };
		9D123D012CD0041D007508A8 /* D-DINCondensed.ttf in Resources */ = {isa = PBXBuildFile; fileRef = 9D123D002CD0041C007508A8 /* D-DINCondensed.ttf */; };
		9D123D032CD0046B007508A8 /* Ebrima.ttf in Resources */ = {isa = PBXBuildFile; fileRef = 9D123D022CD0046B007508A8 /* Ebrima.ttf */; };
		9D123D052CD007EE007508A8 /* D-DINCondensed-Bold.ttf in Resources */ = {isa = PBXBuildFile; fileRef = 9D123D042CD007EE007508A8 /* D-DINCondensed-Bold.ttf */; };
		9D123D072CD008E4007508A8 /* D-DIN.ttf in Resources */ = {isa = PBXBuildFile; fileRef = 9D123D062CD008E4007508A8 /* D-DIN.ttf */; };
		9D123D0F2CD00B56007508A8 /* DINCondensed-Regular.ttf in Resources */ = {isa = PBXBuildFile; fileRef = 9D123D0E2CD00B56007508A8 /* DINCondensed-Regular.ttf */; };
/* End PBXBuildFile section */

/* Begin PBXContainerItemProxy section */
		924DBD282E0D7B13001EF4F6 /* PBXContainerItemProxy */ = {
			isa = PBXContainerItemProxy;
			containerPortal = 924DBD252E0D7B13001EF4F6 /* PPSSPP.xcodeproj */;
			proxyType = 1;
			remoteGlobalIDString = DEADCF4907268DBE0F8ECB43;
			remoteInfo = Core;
		};
		924DBD5C2E0D7B13001EF4F6 /* PBXContainerItemProxy */ = {
			isa = PBXContainerItemProxy;
			containerPortal = 924DBD252E0D7B13001EF4F6 /* PPSSPP.xcodeproj */;
			proxyType = 2;
			remoteGlobalIDString = 0110806E972143258146ED83;
			remoteInfo = Common;
		};
		924DBD5E2E0D7B13001EF4F6 /* PBXContainerItemProxy */ = {
			isa = PBXContainerItemProxy;
			containerPortal = 924DBD252E0D7B13001EF4F6 /* PPSSPP.xcodeproj */;
			proxyType = 2;
			remoteGlobalIDString = 2662EFAAA5EE402DBF0ACD69;
			remoteInfo = Core;
		};
		924DBD602E0D7B13001EF4F6 /* PBXContainerItemProxy */ = {
			isa = PBXContainerItemProxy;
			containerPortal = 924DBD252E0D7B13001EF4F6 /* PPSSPP.xcodeproj */;
			proxyType = 2;
			remoteGlobalIDString = DB63B4A2BEB24D90934EABA7;
			remoteInfo = GenericCodeGen;
		};
		924DBD622E0D7B13001EF4F6 /* PBXContainerItemProxy */ = {
			isa = PBXContainerItemProxy;
			containerPortal = 924DBD252E0D7B13001EF4F6 /* PPSSPP.xcodeproj */;
			proxyType = 2;
			remoteGlobalIDString = 0DC5D5492CC843B5967F6C32;
			remoteInfo = HLSL;
		};
		924DBD642E0D7B13001EF4F6 /* PBXContainerItemProxy */ = {
			isa = PBXContainerItemProxy;
			containerPortal = 924DBD252E0D7B13001EF4F6 /* PPSSPP.xcodeproj */;
			proxyType = 2;
			remoteGlobalIDString = 1543466D7076480CAB326357;
			remoteInfo = MachineIndependent;
		};
		924DBD662E0D7B13001EF4F6 /* PBXContainerItemProxy */ = {
			isa = PBXContainerItemProxy;
			containerPortal = 924DBD252E0D7B13001EF4F6 /* PPSSPP.xcodeproj */;
			proxyType = 2;
			remoteGlobalIDString = 052A08443EEB4EC8906A0336;
			remoteInfo = OGLCompiler;
		};
		924DBD682E0D7B13001EF4F6 /* PBXContainerItemProxy */ = {
			isa = PBXContainerItemProxy;
			containerPortal = 924DBD252E0D7B13001EF4F6 /* PPSSPP.xcodeproj */;
			proxyType = 2;
			remoteGlobalIDString = F9A99163D215482F9402977E;
			remoteInfo = OSDependent;
		};
		924DBD6A2E0D7B13001EF4F6 /* PBXContainerItemProxy */ = {
			isa = PBXContainerItemProxy;
			containerPortal = 924DBD252E0D7B13001EF4F6 /* PPSSPP.xcodeproj */;
			proxyType = 2;
			remoteGlobalIDString = A4E3859F407540629B637D71;
			remoteInfo = PPSSPP;
		};
		924DBD6C2E0D7B13001EF4F6 /* PBXContainerItemProxy */ = {
			isa = PBXContainerItemProxy;
			containerPortal = 924DBD252E0D7B13001EF4F6 /* PPSSPP.xcodeproj */;
			proxyType = 2;
			remoteGlobalIDString = 42BA3E89BFA44B56BC4BE0D9;
			remoteInfo = SPIRV;
		};
		924DBD6E2E0D7B13001EF4F6 /* PBXContainerItemProxy */ = {
			isa = PBXContainerItemProxy;
			containerPortal = 924DBD252E0D7B13001EF4F6 /* PPSSPP.xcodeproj */;
			proxyType = 2;
			remoteGlobalIDString = 552789D7B2A4454A88BE9EA2;
			remoteInfo = armips;
		};
		924DBD702E0D7B13001EF4F6 /* PBXContainerItemProxy */ = {
			isa = PBXContainerItemProxy;
			containerPortal = 924DBD252E0D7B13001EF4F6 /* PPSSPP.xcodeproj */;
			proxyType = 2;
			remoteGlobalIDString = B13F2F110B774270AF1A675D;
			remoteInfo = at3_standalone;
		};
		924DBD722E0D7B13001EF4F6 /* PBXContainerItemProxy */ = {
			isa = PBXContainerItemProxy;
			containerPortal = 924DBD252E0D7B13001EF4F6 /* PPSSPP.xcodeproj */;
			proxyType = 2;
			remoteGlobalIDString = A93AD880E1274F4889D55706;
			remoteInfo = basis_universal;
		};
		924DBD742E0D7B13001EF4F6 /* PBXContainerItemProxy */ = {
			isa = PBXContainerItemProxy;
			containerPortal = 924DBD252E0D7B13001EF4F6 /* PPSSPP.xcodeproj */;
			proxyType = 2;
			remoteGlobalIDString = 5882F3BB6EB94A09A030A468;
			remoteInfo = chdr;
		};
		924DBD762E0D7B13001EF4F6 /* PBXContainerItemProxy */ = {
			isa = PBXContainerItemProxy;
			containerPortal = 924DBD252E0D7B13001EF4F6 /* PPSSPP.xcodeproj */;
			proxyType = 2;
			remoteGlobalIDString = 796FD97FFC254FD0937C0EDB;
			remoteInfo = cityhash;
		};
		924DBD782E0D7B13001EF4F6 /* PBXContainerItemProxy */ = {
			isa = PBXContainerItemProxy;
			containerPortal = 924DBD252E0D7B13001EF4F6 /* PPSSPP.xcodeproj */;
			proxyType = 2;
			remoteGlobalIDString = E39E7264C3C345F7BB767F25;
			remoteInfo = cpu_features;
		};
		924DBD7A2E0D7B13001EF4F6 /* PBXContainerItemProxy */ = {
			isa = PBXContainerItemProxy;
			containerPortal = 924DBD252E0D7B13001EF4F6 /* PPSSPP.xcodeproj */;
			proxyType = 2;
			remoteGlobalIDString = 3F769F21764C47ABADFE45F8;
			remoteInfo = gason;
		};
		924DBD7C2E0D7B13001EF4F6 /* PBXContainerItemProxy */ = {
			isa = PBXContainerItemProxy;
			containerPortal = 924DBD252E0D7B13001EF4F6 /* PPSSPP.xcodeproj */;
			proxyType = 2;
			remoteGlobalIDString = 2C4B39543486449CBF7D98F9;
			remoteInfo = glslang;
		};
		924DBD7E2E0D7B13001EF4F6 /* PBXContainerItemProxy */ = {
			isa = PBXContainerItemProxy;
			containerPortal = 924DBD252E0D7B13001EF4F6 /* PPSSPP.xcodeproj */;
			proxyType = 2;
			remoteGlobalIDString = C81A9F1124DF4D32B6EF08E7;
			remoteInfo = "glslang-default-resource-limits";
		};
		924DBD802E0D7B13001EF4F6 /* PBXContainerItemProxy */ = {
			isa = PBXContainerItemProxy;
			containerPortal = 924DBD252E0D7B13001EF4F6 /* PPSSPP.xcodeproj */;
			proxyType = 2;
			remoteGlobalIDString = F7BB1F45D3FB4F21A784C65D;
			remoteInfo = imgui;
		};
		924DBD822E0D7B13001EF4F6 /* PBXContainerItemProxy */ = {
			isa = PBXContainerItemProxy;
			containerPortal = 924DBD252E0D7B13001EF4F6 /* PPSSPP.xcodeproj */;
			proxyType = 2;
			remoteGlobalIDString = 474FDB51327F4909AE0AB64C;
			remoteInfo = kirk;
		};
		924DBD842E0D7B13001EF4F6 /* PBXContainerItemProxy */ = {
			isa = PBXContainerItemProxy;
			containerPortal = 924DBD252E0D7B13001EF4F6 /* PPSSPP.xcodeproj */;
			proxyType = 2;
			remoteGlobalIDString = AD578F09204F4A98994FF59F;
			remoteInfo = libzip;
		};
		924DBD862E0D7B13001EF4F6 /* PBXContainerItemProxy */ = {
			isa = PBXContainerItemProxy;
			containerPortal = 924DBD252E0D7B13001EF4F6 /* PPSSPP.xcodeproj */;
			proxyType = 2;
			remoteGlobalIDString = B1DFDA8AEF94405CAD03AE6F;
			remoteInfo = libzstd_static;
		};
		924DBD882E0D7B13001EF4F6 /* PBXContainerItemProxy */ = {
			isa = PBXContainerItemProxy;
			containerPortal = 924DBD252E0D7B13001EF4F6 /* PPSSPP.xcodeproj */;
			proxyType = 2;
			remoteGlobalIDString = C6BCB66F240C444F998E0177;
			remoteInfo = lua;
		};
		924DBD8A2E0D7B13001EF4F6 /* PBXContainerItemProxy */ = {
			isa = PBXContainerItemProxy;
			containerPortal = 924DBD252E0D7B13001EF4F6 /* PPSSPP.xcodeproj */;
			proxyType = 2;
			remoteGlobalIDString = FFE07FE71FFB4BC69EA54D3A;
			remoteInfo = minimp3;
		};
		924DBD8C2E0D7B13001EF4F6 /* PBXContainerItemProxy */ = {
			isa = PBXContainerItemProxy;
			containerPortal = 924DBD252E0D7B13001EF4F6 /* PPSSPP.xcodeproj */;
			proxyType = 2;
			remoteGlobalIDString = 2CEC3EDFA6644E5A80F76901;
			remoteInfo = miniupnpc;
		};
		924DBD8E2E0D7B13001EF4F6 /* PBXContainerItemProxy */ = {
			isa = PBXContainerItemProxy;
			containerPortal = 924DBD252E0D7B13001EF4F6 /* PPSSPP.xcodeproj */;
			proxyType = 2;
			remoteGlobalIDString = 05F0D78F507749A4876986C1;
			remoteInfo = native;
		};
		924DBD902E0D7B13001EF4F6 /* PBXContainerItemProxy */ = {
			isa = PBXContainerItemProxy;
			containerPortal = 924DBD252E0D7B13001EF4F6 /* PPSSPP.xcodeproj */;
			proxyType = 2;
			remoteGlobalIDString = FC4BFD7A593C4D1DB530B355;
			remoteInfo = png17;
		};
		924DBD922E0D7B13001EF4F6 /* PBXContainerItemProxy */ = {
			isa = PBXContainerItemProxy;
			containerPortal = 924DBD252E0D7B13001EF4F6 /* PPSSPP.xcodeproj */;
			proxyType = 2;
			remoteGlobalIDString = 92B8D2F796A14606897F9B4D;
			remoteInfo = rcheevos;
		};
		924DBD942E0D7B13001EF4F6 /* PBXContainerItemProxy */ = {
			isa = PBXContainerItemProxy;
			containerPortal = 924DBD252E0D7B13001EF4F6 /* PPSSPP.xcodeproj */;
			proxyType = 2;
			remoteGlobalIDString = E476A49A35964CC291E64E45;
			remoteInfo = sfmt19937;
		};
		924DBD962E0D7B13001EF4F6 /* PBXContainerItemProxy */ = {
			isa = PBXContainerItemProxy;
			containerPortal = 924DBD252E0D7B13001EF4F6 /* PPSSPP.xcodeproj */;
			proxyType = 2;
			remoteGlobalIDString = AA8355FF17054348B0206934;
			remoteInfo = snappy;
		};
		924DBD982E0D7B13001EF4F6 /* PBXContainerItemProxy */ = {
			isa = PBXContainerItemProxy;
			containerPortal = 924DBD252E0D7B13001EF4F6 /* PPSSPP.xcodeproj */;
			proxyType = 2;
			remoteGlobalIDString = A7040858C60747348F6C42EE;
			remoteInfo = "spirv-cross-core";
		};
		924DBD9A2E0D7B13001EF4F6 /* PBXContainerItemProxy */ = {
			isa = PBXContainerItemProxy;
			containerPortal = 924DBD252E0D7B13001EF4F6 /* PPSSPP.xcodeproj */;
			proxyType = 2;
			remoteGlobalIDString = 7FA0AE661BCD410FAF58F8D6;
			remoteInfo = "spirv-cross-cpp";
		};
		924DBD9C2E0D7B13001EF4F6 /* PBXContainerItemProxy */ = {
			isa = PBXContainerItemProxy;
			containerPortal = 924DBD252E0D7B13001EF4F6 /* PPSSPP.xcodeproj */;
			proxyType = 2;
			remoteGlobalIDString = DF5BA3D054BD4388902E9E82;
			remoteInfo = "spirv-cross-glsl";
		};
		924DBD9E2E0D7B13001EF4F6 /* PBXContainerItemProxy */ = {
			isa = PBXContainerItemProxy;
			containerPortal = 924DBD252E0D7B13001EF4F6 /* PPSSPP.xcodeproj */;
			proxyType = 2;
			remoteGlobalIDString = 36668BEF41ED4748B1077F44;
			remoteInfo = "spirv-cross-hlsl";
		};
		924DBDA02E0D7B13001EF4F6 /* PBXContainerItemProxy */ = {
			isa = PBXContainerItemProxy;
			containerPortal = 924DBD252E0D7B13001EF4F6 /* PPSSPP.xcodeproj */;
			proxyType = 2;
			remoteGlobalIDString = 4243B869EDA245C491AFEDD6;
			remoteInfo = "spirv-cross-msl";
		};
		924DBDA22E0D7B13001EF4F6 /* PBXContainerItemProxy */ = {
			isa = PBXContainerItemProxy;
			containerPortal = 924DBD252E0D7B13001EF4F6 /* PPSSPP.xcodeproj */;
			proxyType = 2;
			remoteGlobalIDString = BFFC9566589D4A8AAD5145A8;
			remoteInfo = udis86;
		};
		924DBDA42E0D7B13001EF4F6 /* PBXContainerItemProxy */ = {
			isa = PBXContainerItemProxy;
			containerPortal = 924DBD252E0D7B13001EF4F6 /* PPSSPP.xcodeproj */;
			proxyType = 2;
			remoteGlobalIDString = D12A7BEECAFF45019E45D63E;
			remoteInfo = unix_based_hardware_detection;
		};
		924DBDA62E0D7B13001EF4F6 /* PBXContainerItemProxy */ = {
			isa = PBXContainerItemProxy;
			containerPortal = 924DBD252E0D7B13001EF4F6 /* PPSSPP.xcodeproj */;
			proxyType = 2;
			remoteGlobalIDString = C413992FC1834D3C809A9937;
			remoteInfo = utils;
		};
		924DBDA82E0D7B13001EF4F6 /* PBXContainerItemProxy */ = {
			isa = PBXContainerItemProxy;
			containerPortal = 924DBD252E0D7B13001EF4F6 /* PPSSPP.xcodeproj */;
			proxyType = 2;
			remoteGlobalIDString = 193A2C9A9BE840948210BBAB;
			remoteInfo = vma;
		};
		924DBDAA2E0D7B13001EF4F6 /* PBXContainerItemProxy */ = {
			isa = PBXContainerItemProxy;
			containerPortal = 924DBD252E0D7B13001EF4F6 /* PPSSPP.xcodeproj */;
			proxyType = 2;
			remoteGlobalIDString = 0A4327F9D9654EC081B5D6C2;
			remoteInfo = xbrz;
		};
		924DBDAC2E0D7B13001EF4F6 /* PBXContainerItemProxy */ = {
			isa = PBXContainerItemProxy;
			containerPortal = 924DBD252E0D7B13001EF4F6 /* PPSSPP.xcodeproj */;
			proxyType = 2;
			remoteGlobalIDString = E25FDBE3028543F7BFFF1C25;
			remoteInfo = xxhash;
		};
/* End PBXContainerItemProxy section */

/* Begin PBXFileReference section */
		180A47A12866E4EA00A82F16 /* DocumentPicker.swift */ = {isa = PBXFileReference; lastKnownFileType = sourcecode.swift; path = DocumentPicker.swift; sourceTree = "<group>"; };
		180C86EF286B3F02009E7C0D /* HomeView+ViewModel.swift */ = {isa = PBXFileReference; lastKnownFileType = sourcecode.swift; path = "HomeView+ViewModel.swift"; sourceTree = "<group>"; };
		183DF16A2862C99E0088FE1C /* SOOLRA.app */ = {isa = PBXFileReference; explicitFileType = wrapper.application; includeInIndex = 0; path = SOOLRA.app; sourceTree = BUILT_PRODUCTS_DIR; };
		183DF16D2862C99E0088FE1C /* SoolraApp.swift */ = {isa = PBXFileReference; lastKnownFileType = sourcecode.swift; path = SoolraApp.swift; sourceTree = "<group>"; };
		183DF1712862C9A00088FE1C /* Assets.xcassets */ = {isa = PBXFileReference; lastKnownFileType = folder.assetcatalog; path = Assets.xcassets; sourceTree = "<group>"; };
		183DF1742862C9A00088FE1C /* Preview Assets.xcassets */ = {isa = PBXFileReference; lastKnownFileType = folder.assetcatalog; path = "Preview Assets.xcassets"; sourceTree = "<group>"; };
		185B91802869EE8C003F88F5 /* Model.xcdatamodel */ = {isa = PBXFileReference; lastKnownFileType = wrapper.xcdatamodel; path = Model.xcdatamodel; sourceTree = "<group>"; };
		186B04AC28661B940013EFDC /* CGPoint+distanceTo.swift */ = {isa = PBXFileReference; lastKnownFileType = sourcecode.swift; path = "CGPoint+distanceTo.swift"; sourceTree = "<group>"; };
		187ABE9D28642FF000372297 /* ButtonKey.swift */ = {isa = PBXFileReference; lastKnownFileType = sourcecode.swift; path = ButtonKey.swift; sourceTree = "<group>"; };
		18EBB74A2864A13A00903F43 /* HomeView.swift */ = {isa = PBXFileReference; lastKnownFileType = sourcecode.swift; path = HomeView.swift; sourceTree = "<group>"; };
		3CB0528C3BB2271EEE7EDD3D /* Pods-SOOLRA.release.xcconfig */ = {isa = PBXFileReference; includeInIndex = 1; lastKnownFileType = text.xcconfig; name = "Pods-SOOLRA.release.xcconfig"; path = "Target Support Files/Pods-SOOLRA/Pods-SOOLRA.release.xcconfig"; sourceTree = "<group>"; };
		4C23EA0A2D50048400039871 /* Bridging-Header.h */ = {isa = PBXFileReference; lastKnownFileType = sourcecode.c.h; path = "Bridging-Header.h"; sourceTree = "<group>"; };
		4C9253D32D47ED2B00E38366 /* HapticManager.swift */ = {isa = PBXFileReference; lastKnownFileType = sourcecode.swift; path = HapticManager.swift; sourceTree = "<group>"; };
		4CB5AA5E2D61B206003E1677 /* MetalManager.swift */ = {isa = PBXFileReference; lastKnownFileType = sourcecode.swift; path = MetalManager.swift; sourceTree = "<group>"; };
		4CC26D992D4BABC300F3D262 /* ConsoleCoreManager.swift */ = {isa = PBXFileReference; lastKnownFileType = sourcecode.swift; path = ConsoleCoreManager.swift; sourceTree = "<group>"; };
		4CCFFDB22D4E94D0002B9F4A /* launchvideo.mp4 */ = {isa = PBXFileReference; lastKnownFileType = file; path = launchvideo.mp4; sourceTree = "<group>"; };
		4CEF41C72D21A4670068BC5B /* RomManager.swift */ = {isa = PBXFileReference; lastKnownFileType = sourcecode.swift; path = RomManager.swift; sourceTree = "<group>"; };
		5373F8BB57550C87EB6D0573 /* Pods_SOOLRA.framework */ = {isa = PBXFileReference; explicitFileType = wrapper.framework; includeInIndex = 0; path = Pods_SOOLRA.framework; sourceTree = BUILT_PRODUCTS_DIR; };
		7032EDC02C76059400828A41 /* SettingsView.swift */ = {isa = PBXFileReference; lastKnownFileType = sourcecode.swift; path = SettingsView.swift; sourceTree = "<group>"; };
		7032EDC22C761C5800828A41 /* ThemeManager.swift */ = {isa = PBXFileReference; lastKnownFileType = sourcecode.swift; path = ThemeManager.swift; sourceTree = "<group>"; };
		705827972C75766200AB8682 /* Orbitron-SemiBold.ttf */ = {isa = PBXFileReference; lastKnownFileType = file; path = "Orbitron-SemiBold.ttf"; sourceTree = "<group>"; };
		705827982C75766300AB8682 /* Orbitron-Bold.ttf */ = {isa = PBXFileReference; lastKnownFileType = file; path = "Orbitron-Bold.ttf"; sourceTree = "<group>"; };
		705827992C75766300AB8682 /* Orbitron-Medium.ttf */ = {isa = PBXFileReference; lastKnownFileType = file; path = "Orbitron-Medium.ttf"; sourceTree = "<group>"; };
		7058279A2C75766300AB8682 /* Orbitron-Regular.ttf */ = {isa = PBXFileReference; lastKnownFileType = file; path = "Orbitron-Regular.ttf"; sourceTree = "<group>"; };
		7058279B2C75766300AB8682 /* Orbitron-ExtraBold.ttf */ = {isa = PBXFileReference; lastKnownFileType = file; path = "Orbitron-ExtraBold.ttf"; sourceTree = "<group>"; };
		7058279C2C75766300AB8682 /* Orbitron-Black.ttf */ = {isa = PBXFileReference; lastKnownFileType = file; path = "Orbitron-Black.ttf"; sourceTree = "<group>"; };
		705827A32C7576D500AB8682 /* info.plist */ = {isa = PBXFileReference; lastKnownFileType = text.plist.xml; path = info.plist; sourceTree = "<group>"; };
		70838FDB2C6BC96500B7AE46 /* SplashView.swift */ = {isa = PBXFileReference; lastKnownFileType = sourcecode.swift; path = SplashView.swift; sourceTree = "<group>"; };
		70BD249F2C6BF6F10070B5F9 /* Colors.swift */ = {isa = PBXFileReference; lastKnownFileType = sourcecode.swift; path = Colors.swift; sourceTree = "<group>"; };
		924DBD252E0D7B13001EF4F6 /* PPSSPP.xcodeproj */ = {isa = PBXFileReference; lastKnownFileType = "wrapper.pb-project"; name = PPSSPP.xcodeproj; path = "/Users/yoshi/Desktop/ppsspp/build-ios/PPSSPP.xcodeproj"; sourceTree = "<absolute>"; };
		924DBDBD2E114EB4001EF4F6 /* SoolraPSPBridge.h */ = {isa = PBXFileReference; lastKnownFileType = sourcecode.c.h; path = SoolraPSPBridge.h; sourceTree = "<group>"; };
		924DBDBF2E114EE4001EF4F6 /* SoolraPSPBridge.mm */ = {isa = PBXFileReference; lastKnownFileType = sourcecode.cpp.objcpp; path = SoolraPSPBridge.mm; sourceTree = "<group>"; };
		92678D802DAA76F5001CEDD6 /* Cheat.swift */ = {isa = PBXFileReference; lastKnownFileType = sourcecode.swift; path = Cheat.swift; sourceTree = "<group>"; };
		926E401F2E11B17A008A99D8 /* CoreLocation.framework */ = {isa = PBXFileReference; lastKnownFileType = wrapper.framework; name = CoreLocation.framework; path = System/Library/Frameworks/CoreLocation.framework; sourceTree = SDKROOT; };
		926E40212E11B187008A99D8 /* CoreMotion.framework */ = {isa = PBXFileReference; lastKnownFileType = wrapper.framework; name = CoreMotion.framework; path = System/Library/Frameworks/CoreMotion.framework; sourceTree = SDKROOT; };
		926E40232E11B35D008A99D8 /* libavcodec.a */ = {isa = PBXFileReference; lastKnownFileType = archive.ar; name = libavcodec.a; path = ../ppsspp/ffmpeg/ios/universal/lib/libavcodec.a; sourceTree = "<group>"; };
		926E40242E11B35D008A99D8 /* libavdevice.a */ = {isa = PBXFileReference; lastKnownFileType = archive.ar; name = libavdevice.a; path = ../ppsspp/ffmpeg/ios/universal/lib/libavdevice.a; sourceTree = "<group>"; };
		926E40252E11B35E008A99D8 /* libswresample.a */ = {isa = PBXFileReference; lastKnownFileType = archive.ar; name = libswresample.a; path = ../ppsspp/ffmpeg/ios/universal/lib/libswresample.a; sourceTree = "<group>"; };
		926E40262E11B35E008A99D8 /* libavutil.a */ = {isa = PBXFileReference; lastKnownFileType = archive.ar; name = libavutil.a; path = ../ppsspp/ffmpeg/ios/universal/lib/libavutil.a; sourceTree = "<group>"; };
		926E40272E11B35E008A99D8 /* libswscale.a */ = {isa = PBXFileReference; lastKnownFileType = archive.ar; name = libswscale.a; path = ../ppsspp/ffmpeg/ios/universal/lib/libswscale.a; sourceTree = "<group>"; };
		926E40282E11B35E008A99D8 /* libavformat.a */ = {isa = PBXFileReference; lastKnownFileType = archive.ar; name = libavformat.a; path = ../ppsspp/ffmpeg/ios/universal/lib/libavformat.a; sourceTree = "<group>"; };
		926E402F2E127E21008A99D8 /* libz.tbd */ = {isa = PBXFileReference; lastKnownFileType = "sourcecode.text-based-dylib-definition"; name = libz.tbd; path = usr/lib/libz.tbd; sourceTree = SDKROOT; };
		926E40312E127E2D008A99D8 /* libbz2.tbd */ = {isa = PBXFileReference; lastKnownFileType = "sourcecode.text-based-dylib-definition"; name = libbz2.tbd; path = usr/lib/libbz2.tbd; sourceTree = SDKROOT; };
		926E40332E127E37008A99D8 /* libiconv.tbd */ = {isa = PBXFileReference; lastKnownFileType = "sourcecode.text-based-dylib-definition"; name = libiconv.tbd; path = usr/lib/libiconv.tbd; sourceTree = SDKROOT; };
		926E40352E127E46008A99D8 /* libc++.tbd */ = {isa = PBXFileReference; lastKnownFileType = "sourcecode.text-based-dylib-definition"; name = "libc++.tbd"; path = "usr/lib/libc++.tbd"; sourceTree = SDKROOT; };
		926E40372E12830E008A99D8 /* UniformTypeIdentifiers.framework */ = {isa = PBXFileReference; lastKnownFileType = wrapper.framework; name = UniformTypeIdentifiers.framework; path = System/Library/Frameworks/UniformTypeIdentifiers.framework; sourceTree = SDKROOT; };
		926E40392E128ABE008A99D8 /* MobileCoreServices.framework */ = {isa = PBXFileReference; lastKnownFileType = wrapper.framework; name = MobileCoreServices.framework; path = System/Library/Frameworks/MobileCoreServices.framework; sourceTree = SDKROOT; };
		928FA3232DC0DC0100F3C848 /* SaveState.swift */ = {isa = PBXFileReference; lastKnownFileType = sourcecode.swift; path = SaveState.swift; sourceTree = "<group>"; };
		928FA3252DC0DC3400F3C848 /* SaveStateView.swift */ = {isa = PBXFileReference; lastKnownFileType = sourcecode.swift; path = SaveStateView.swift; sourceTree = "<group>"; };
		928FA3532DD8AEA500F3C848 /* GoogleService-Info.plist */ = {isa = PBXFileReference; lastKnownFileType = text.plist.xml; path = "GoogleService-Info.plist"; sourceTree = "<group>"; };
		928FA35E2DD8E88700F3C848 /* EngagementTracker.swift */ = {isa = PBXFileReference; lastKnownFileType = sourcecode.swift; path = EngagementTracker.swift; sourceTree = "<group>"; };
		9D123D002CD0041C007508A8 /* D-DINCondensed.ttf */ = {isa = PBXFileReference; lastKnownFileType = file; path = "D-DINCondensed.ttf"; sourceTree = "<group>"; };
		9D123D022CD0046B007508A8 /* Ebrima.ttf */ = {isa = PBXFileReference; lastKnownFileType = file; path = Ebrima.ttf; sourceTree = "<group>"; };
		9D123D042CD007EE007508A8 /* D-DINCondensed-Bold.ttf */ = {isa = PBXFileReference; lastKnownFileType = file; path = "D-DINCondensed-Bold.ttf"; sourceTree = "<group>"; };
		9D123D062CD008E4007508A8 /* D-DIN.ttf */ = {isa = PBXFileReference; lastKnownFileType = file; path = "D-DIN.ttf"; sourceTree = "<group>"; };
		9D123D0E2CD00B56007508A8 /* DINCondensed-Regular.ttf */ = {isa = PBXFileReference; lastKnownFileType = file; path = "DINCondensed-Regular.ttf"; sourceTree = "<group>"; };
		A38D6A4E20FCEB9F9015DD5E /* Pods-SOOLRA.debug.xcconfig */ = {isa = PBXFileReference; includeInIndex = 1; lastKnownFileType = text.xcconfig; name = "Pods-SOOLRA.debug.xcconfig"; path = "Target Support Files/Pods-SOOLRA/Pods-SOOLRA.debug.xcconfig"; sourceTree = "<group>"; };
/* End PBXFileReference section */

/* Begin PBXFileSystemSynchronizedRootGroup section */
		4C0CD8AE2D54E31F00B079B5 /* Protocols */ = {
			isa = PBXFileSystemSynchronizedRootGroup;
			path = Protocols;
			sourceTree = "<group>";
		};
		4C0CD8BA2D54E71100B079B5 /* SoolraController */ = {
			isa = PBXFileSystemSynchronizedRootGroup;
			path = SoolraController;
			sourceTree = "<group>";
		};
		4C0CD8CE2D54E72800B079B5 /* Game */ = {
			isa = PBXFileSystemSynchronizedRootGroup;
			path = Game;
			sourceTree = "<group>";
		};
		4CC26D9F2D4BAF8000F3D262 /* ConsoleCores */ = {
			isa = PBXFileSystemSynchronizedRootGroup;
			path = ConsoleCores;
			sourceTree = "<group>";
		};
		4CCFFDAD2D4D2B4B002B9F4A /* nes */ = {
			isa = PBXFileSystemSynchronizedRootGroup;
			path = nes;
			sourceTree = "<group>";
		};
		4CE85E512D55201F004A3CC2 /* gba */ = {
			isa = PBXFileSystemSynchronizedRootGroup;
			path = gba;
			sourceTree = "<group>";
		};
		4CF12CD52D4293CA004B7CD7 /* Boxart */ = {
			isa = PBXFileSystemSynchronizedRootGroup;
			path = Boxart;
			sourceTree = "<group>";
		};
		92678D5C2DA805B4001CEDD6 /* Cheats */ = {
			isa = PBXFileSystemSynchronizedRootGroup;
			path = Cheats;
			sourceTree = "<group>";
		};
		928FA3412DC228BF00F3C848 /* BundledRoms */ = {
			isa = PBXFileSystemSynchronizedRootGroup;
			path = BundledRoms;
			sourceTree = "<group>";
		};
/* End PBXFileSystemSynchronizedRootGroup section */

/* Begin PBXFrameworksBuildPhase section */
		183DF1672862C99E0088FE1C /* Frameworks */ = {
			isa = PBXFrameworksBuildPhase;
			buildActionMask = 2147483647;
			files = (
				926E403A2E128ABE008A99D8 /* MobileCoreServices.framework in Frameworks */,
				926E40382E12830E008A99D8 /* UniformTypeIdentifiers.framework in Frameworks */,
				926E40322E127E2D008A99D8 /* libbz2.tbd in Frameworks */,
				926E40302E127E21008A99D8 /* libz.tbd in Frameworks */,
				926E40292E11B35E008A99D8 /* libavcodec.a in Frameworks */,
				926E402A2E11B35E008A99D8 /* libavdevice.a in Frameworks */,
				926E402B2E11B35E008A99D8 /* libswresample.a in Frameworks */,
				926E402C2E11B35E008A99D8 /* libavutil.a in Frameworks */,
				926E402D2E11B35E008A99D8 /* libswscale.a in Frameworks */,
				926E402E2E11B35E008A99D8 /* libavformat.a in Frameworks */,
				926E40222E11B187008A99D8 /* CoreMotion.framework in Frameworks */,
				926E40202E11B17A008A99D8 /* CoreLocation.framework in Frameworks */,
				926E40192E11AEF3008A99D8 /* libudis86.a in Frameworks */,
				926E401A2E11AEF3008A99D8 /* libunix_based_hardware_detection.a in Frameworks */,
				926E401B2E11AEF3008A99D8 /* libutils.a in Frameworks */,
				926E401C2E11AEF3008A99D8 /* libvma.a in Frameworks */,
				926E401D2E11AEF3008A99D8 /* libxbrz.a in Frameworks */,
				926E401E2E11AEF3008A99D8 /* libxxhash.a in Frameworks */,
				926E40082E11AEE8008A99D8 /* libHLSL.a in Frameworks */,
				926E40092E11AEE8008A99D8 /* libimgui.a in Frameworks */,
				926E400A2E11AEE8008A99D8 /* libkirk.a in Frameworks */,
				926E400B2E11AEE8008A99D8 /* liblibzip.a in Frameworks */,
				926E400C2E11AEE8008A99D8 /* liblibzstd_static.a in Frameworks */,
				926E400D2E11AEE8008A99D8 /* libMachineIndependent.a in Frameworks */,
				926E400E2E11AEE8008A99D8 /* libminimp3.a in Frameworks */,
				926E400F2E11AEE8008A99D8 /* libminiupnpc.a in Frameworks */,
				926E40102E11AEE8008A99D8 /* libnative.a in Frameworks */,
				926E40112E11AEE8008A99D8 /* libOGLCompiler.a in Frameworks */,
				926E40122E11AEE8008A99D8 /* libOSDependent.a in Frameworks */,
				924DBDC52E11ACA7001EF4F6 /* libpng17.a in Frameworks */,
				926E40132E11AEE8008A99D8 /* librcheevos.a in Frameworks */,
				926E40142E11AEE8008A99D8 /* libsfmt19937.a in Frameworks */,
				926E40152E11AEE8008A99D8 /* libspirv-cross-cpp.a in Frameworks */,
				926E40162E11AEE8008A99D8 /* libspirv-cross-hlsl.a in Frameworks */,
				926E40172E11AEE8008A99D8 /* libspirv-cross-msl.a in Frameworks */,
				926E40182E11AEE8008A99D8 /* libSPIRV.a in Frameworks */,
				926E40022E11AEBA008A99D8 /* libchdr.a in Frameworks */,
				926E40032E11AEBA008A99D8 /* libcityhash.a in Frameworks */,
				926E40042E11AEBA008A99D8 /* libcpu_features.a in Frameworks */,
				926E40052E11AEBA008A99D8 /* libgason.a in Frameworks */,
				926E40062E11AEBA008A99D8 /* libGenericCodeGen.a in Frameworks */,
				926E40072E11AEBA008A99D8 /* libglslang-default-resource-limits.a in Frameworks */,
				926E3FFF2E11AEA7008A99D8 /* libarmips.a in Frameworks */,
				926E40002E11AEA7008A99D8 /* libat3_standalone.a in Frameworks */,
				926E40012E11AEA7008A99D8 /* libbasis_universal.a in Frameworks */,
				924DBDC72E11AD12001EF4F6 /* libspirv-cross-glsl.a in Frameworks */,
				924DBDC62E11ACCC001EF4F6 /* libspirv-cross-core.a in Frameworks */,
				924DBDC32E11AC44001EF4F6 /* libCommon.a in Frameworks */,
				924DBDC22E11AC3E001EF4F6 /* libsnappy.a in Frameworks */,
				924DBDC12E11AC12001EF4F6 /* liblua.a in Frameworks */,
				92678D772DAA70E6001CEDD6 /* SQLite in Frameworks */,
				4CEF41CB2D21A4E40068BC5B /* ZIPFoundation in Frameworks */,
				9A6F41B1841602256D9A9987 /* Pods_SOOLRA.framework in Frameworks */,
				924DBDC42E11AC91001EF4F6 /* libglslang.a in Frameworks */,
				924DBDAE2E114700001EF4F6 /* libCore.a in Frameworks */,
			);
			runOnlyForDeploymentPostprocessing = 0;
		};
/* End PBXFrameworksBuildPhase section */

/* Begin PBXGroup section */
		180C86AA2869F898009E7C0D /* Core */ = {
			isa = PBXGroup;
			children = (
				4CC26D992D4BABC300F3D262 /* ConsoleCoreManager.swift */,
				4CB5AA5E2D61B206003E1677 /* MetalManager.swift */,
				4CC26D9F2D4BAF8000F3D262 /* ConsoleCores */,
				4C0CD8AE2D54E31F00B079B5 /* Protocols */,
			);
			path = Core;
			sourceTree = "<group>";
		};
		180C86AD2869FAF7009E7C0D /* Extension */ = {
			isa = PBXGroup;
			children = (
				186B04AC28661B940013EFDC /* CGPoint+distanceTo.swift */,
				180C86EF286B3F02009E7C0D /* HomeView+ViewModel.swift */,
			);
			path = Extension;
			sourceTree = "<group>";
		};
		183DF1612862C99E0088FE1C = {
			isa = PBXGroup;
			children = (
				924DBDBF2E114EE4001EF4F6 /* SoolraPSPBridge.mm */,
				924DBDBD2E114EB4001EF4F6 /* SoolraPSPBridge.h */,
				4CCFFDB22D4E94D0002B9F4A /* launchvideo.mp4 */,
				4CF12CD52D4293CA004B7CD7 /* Boxart */,
				4CC26D922D4BA8BC00F3D262 /* Emulators */,
				183DF16C2862C99E0088FE1C /* SoolraConsole */,
				705827A32C7576D500AB8682 /* info.plist */,
				705827962C75764300AB8682 /* Fonts */,
				183DF16B2862C99E0088FE1C /* Products */,
				928FA3412DC228BF00F3C848 /* BundledRoms */,
				928FA3532DD8AEA500F3C848 /* GoogleService-Info.plist */,
				F93A9ADA751C88A045C62C3B /* Pods */,
				A9EE285B3C1341F385217B4B /* Frameworks */,
				924DBD252E0D7B13001EF4F6 /* PPSSPP.xcodeproj */,
			);
			sourceTree = "<group>";
		};
		183DF16B2862C99E0088FE1C /* Products */ = {
			isa = PBXGroup;
			children = (
				183DF16A2862C99E0088FE1C /* SOOLRA.app */,
			);
			name = Products;
			sourceTree = "<group>";
		};
		183DF16C2862C99E0088FE1C /* SoolraConsole */ = {
			isa = PBXGroup;
			children = (
				92678D5C2DA805B4001CEDD6 /* Cheats */,
				183DF1712862C9A00088FE1C /* Assets.xcassets */,
				180C86AA2869F898009E7C0D /* Core */,
				183DF16D2862C99E0088FE1C /* SoolraApp.swift */,
				4C9253D32D47ED2B00E38366 /* HapticManager.swift */,
				70BD249F2C6BF6F10070B5F9 /* Colors.swift */,
				7032EDC22C761C5800828A41 /* ThemeManager.swift */,
				183DF1D62862FBD10088FE1C /* View */,
				180C86AD2869FAF7009E7C0D /* Extension */,
				183DF1D32862E1780088FE1C /* Model */,
				185B917F2869EE8C003F88F5 /* Model.xcdatamodeld */,
				183DF1732862C9A00088FE1C /* Preview Content */,
			);
			path = SoolraConsole;
			sourceTree = "<group>";
		};
		183DF1732862C9A00088FE1C /* Preview Content */ = {
			isa = PBXGroup;
			children = (
				183DF1742862C9A00088FE1C /* Preview Assets.xcassets */,
			);
			path = "Preview Content";
			sourceTree = "<group>";
		};
		183DF1D32862E1780088FE1C /* Model */ = {
			isa = PBXGroup;
			children = (
				928FA35E2DD8E88700F3C848 /* EngagementTracker.swift */,
				4CEF41C72D21A4670068BC5B /* RomManager.swift */,
				187ABE9D28642FF000372297 /* ButtonKey.swift */,
				92678D802DAA76F5001CEDD6 /* Cheat.swift */,
				928FA3232DC0DC0100F3C848 /* SaveState.swift */,
			);
			path = Model;
			sourceTree = "<group>";
		};
		183DF1D62862FBD10088FE1C /* View */ = {
			isa = PBXGroup;
			children = (
				4C0CD8CE2D54E72800B079B5 /* Game */,
				4C0CD8BA2D54E71100B079B5 /* SoolraController */,
				180A47A12866E4EA00A82F16 /* DocumentPicker.swift */,
				18EBB74A2864A13A00903F43 /* HomeView.swift */,
				928FA3252DC0DC3400F3C848 /* SaveStateView.swift */,
				70838FDB2C6BC96500B7AE46 /* SplashView.swift */,
				7032EDC02C76059400828A41 /* SettingsView.swift */,
			);
			path = View;
			sourceTree = "<group>";
		};
		4CC26D922D4BA8BC00F3D262 /* Emulators */ = {
			isa = PBXGroup;
			children = (
				4C23EA0A2D50048400039871 /* Bridging-Header.h */,
				4CCFFDAD2D4D2B4B002B9F4A /* nes */,
				4CE85E512D55201F004A3CC2 /* gba */,
			);
			path = Emulators;
			sourceTree = "<group>";
		};
		705827962C75764300AB8682 /* Fonts */ = {
			isa = PBXGroup;
			children = (
				9D123D0E2CD00B56007508A8 /* DINCondensed-Regular.ttf */,
				9D123D062CD008E4007508A8 /* D-DIN.ttf */,
				9D123D022CD0046B007508A8 /* Ebrima.ttf */,
				9D123D042CD007EE007508A8 /* D-DINCondensed-Bold.ttf */,
				9D123D002CD0041C007508A8 /* D-DINCondensed.ttf */,
				7058279C2C75766300AB8682 /* Orbitron-Black.ttf */,
				705827982C75766300AB8682 /* Orbitron-Bold.ttf */,
				7058279B2C75766300AB8682 /* Orbitron-ExtraBold.ttf */,
				705827992C75766300AB8682 /* Orbitron-Medium.ttf */,
				7058279A2C75766300AB8682 /* Orbitron-Regular.ttf */,
				705827972C75766200AB8682 /* Orbitron-SemiBold.ttf */,
			);
			path = Fonts;
			sourceTree = "<group>";
		};
		924DBD262E0D7B13001EF4F6 /* Products */ = {
			isa = PBXGroup;
			children = (
				924DBD5D2E0D7B13001EF4F6 /* libCommon.a */,
				924DBD5F2E0D7B13001EF4F6 /* libCore.a */,
				924DBD612E0D7B13001EF4F6 /* libGenericCodeGen.a */,
				924DBD632E0D7B13001EF4F6 /* libHLSL.a */,
				924DBD652E0D7B13001EF4F6 /* libMachineIndependent.a */,
				924DBD672E0D7B13001EF4F6 /* libOGLCompiler.a */,
				924DBD692E0D7B13001EF4F6 /* libOSDependent.a */,
				924DBD6B2E0D7B13001EF4F6 /* PPSSPP.app */,
				924DBD6D2E0D7B13001EF4F6 /* libSPIRV.a */,
				924DBD6F2E0D7B13001EF4F6 /* libarmips.a */,
				924DBD712E0D7B13001EF4F6 /* libat3_standalone.a */,
				924DBD732E0D7B13001EF4F6 /* libbasis_universal.a */,
				924DBD752E0D7B13001EF4F6 /* libchdr.a */,
				924DBD772E0D7B13001EF4F6 /* libcityhash.a */,
				924DBD792E0D7B13001EF4F6 /* libcpu_features.a */,
				924DBD7B2E0D7B13001EF4F6 /* libgason.a */,
				924DBD7D2E0D7B13001EF4F6 /* libglslang.a */,
				924DBD7F2E0D7B13001EF4F6 /* libglslang-default-resource-limits.a */,
				924DBD812E0D7B13001EF4F6 /* libimgui.a */,
				924DBD832E0D7B13001EF4F6 /* libkirk.a */,
				924DBD852E0D7B13001EF4F6 /* liblibzip.a */,
				924DBD872E0D7B13001EF4F6 /* liblibzstd_static.a */,
				924DBD892E0D7B13001EF4F6 /* liblua.a */,
				924DBD8B2E0D7B13001EF4F6 /* libminimp3.a */,
				924DBD8D2E0D7B13001EF4F6 /* libminiupnpc.a */,
				924DBD8F2E0D7B13001EF4F6 /* libnative.a */,
				924DBD912E0D7B13001EF4F6 /* libpng17.a */,
				924DBD932E0D7B13001EF4F6 /* librcheevos.a */,
				924DBD952E0D7B13001EF4F6 /* libsfmt19937.a */,
				924DBD972E0D7B13001EF4F6 /* libsnappy.a */,
				924DBD992E0D7B13001EF4F6 /* libspirv-cross-core.a */,
				924DBD9B2E0D7B13001EF4F6 /* libspirv-cross-cpp.a */,
				924DBD9D2E0D7B13001EF4F6 /* libspirv-cross-glsl.a */,
				924DBD9F2E0D7B13001EF4F6 /* libspirv-cross-hlsl.a */,
				924DBDA12E0D7B13001EF4F6 /* libspirv-cross-msl.a */,
				924DBDA32E0D7B13001EF4F6 /* libudis86.a */,
				924DBDA52E0D7B13001EF4F6 /* libunix_based_hardware_detection.a */,
				924DBDA72E0D7B13001EF4F6 /* libutils.a */,
				924DBDA92E0D7B13001EF4F6 /* libvma.a */,
				924DBDAB2E0D7B13001EF4F6 /* libxbrz.a */,
				924DBDAD2E0D7B13001EF4F6 /* libxxhash.a */,
			);
			name = Products;
			sourceTree = "<group>";
		};
		A9EE285B3C1341F385217B4B /* Frameworks */ = {
			isa = PBXGroup;
			children = (
				926E40392E128ABE008A99D8 /* MobileCoreServices.framework */,
				926E40372E12830E008A99D8 /* UniformTypeIdentifiers.framework */,
				926E40352E127E46008A99D8 /* libc++.tbd */,
				926E40332E127E37008A99D8 /* libiconv.tbd */,
				926E40312E127E2D008A99D8 /* libbz2.tbd */,
				926E402F2E127E21008A99D8 /* libz.tbd */,
				926E40232E11B35D008A99D8 /* libavcodec.a */,
				926E40242E11B35D008A99D8 /* libavdevice.a */,
				926E40282E11B35E008A99D8 /* libavformat.a */,
				926E40262E11B35E008A99D8 /* libavutil.a */,
				926E40252E11B35E008A99D8 /* libswresample.a */,
				926E40272E11B35E008A99D8 /* libswscale.a */,
				926E40212E11B187008A99D8 /* CoreMotion.framework */,
				926E401F2E11B17A008A99D8 /* CoreLocation.framework */,
				5373F8BB57550C87EB6D0573 /* Pods_SOOLRA.framework */,
			);
			name = Frameworks;
			sourceTree = "<group>";
		};
		F93A9ADA751C88A045C62C3B /* Pods */ = {
			isa = PBXGroup;
			children = (
				A38D6A4E20FCEB9F9015DD5E /* Pods-SOOLRA.debug.xcconfig */,
				3CB0528C3BB2271EEE7EDD3D /* Pods-SOOLRA.release.xcconfig */,
			);
			path = Pods;
			sourceTree = "<group>";
		};
/* End PBXGroup section */

/* Begin PBXNativeTarget section */
		183DF1692862C99E0088FE1C /* SOOLRA */ = {
			isa = PBXNativeTarget;
			buildConfigurationList = 183DF1782862C9A00088FE1C /* Build configuration list for PBXNativeTarget "SOOLRA" */;
			buildPhases = (
				7D1131761188BB8727068661 /* [CP] Check Pods Manifest.lock */,
				183DF1662862C99E0088FE1C /* Sources */,
				183DF1672862C99E0088FE1C /* Frameworks */,
				183DF1682862C99E0088FE1C /* Resources */,
				F0816F3433496413B07B0D56 /* [CP] Embed Pods Frameworks */,
				922591F72DDC891600030409 /* ShellScript */,
			);
			buildRules = (
			);
			dependencies = (
				924DBD292E0D7B13001EF4F6 /* PBXTargetDependency */,
			);
			fileSystemSynchronizedGroups = (
				4C0CD8AE2D54E31F00B079B5 /* Protocols */,
				4C0CD8BA2D54E71100B079B5 /* SoolraController */,
				4C0CD8CE2D54E72800B079B5 /* Game */,
				4CC26D9F2D4BAF8000F3D262 /* ConsoleCores */,
				4CCFFDAD2D4D2B4B002B9F4A /* nes */,
				4CE85E512D55201F004A3CC2 /* gba */,
				4CF12CD52D4293CA004B7CD7 /* Boxart */,
				92678D5C2DA805B4001CEDD6 /* Cheats */,
				928FA3412DC228BF00F3C848 /* BundledRoms */,
			);
			name = SOOLRA;
			packageProductDependencies = (
				4CEF41CA2D21A4E40068BC5B /* ZIPFoundation */,
				92678D762DAA70E6001CEDD6 /* SQLite */,
			);
			productName = NesEmulator;
			productReference = 183DF16A2862C99E0088FE1C /* SOOLRA.app */;
			productType = "com.apple.product-type.application";
		};
/* End PBXNativeTarget section */

/* Begin PBXProject section */
		183DF1622862C99E0088FE1C /* Project object */ = {
			isa = PBXProject;
			attributes = {
				BuildIndependentTargetsInParallel = 1;
				LastSwiftUpdateCheck = 1340;
				LastUpgradeCheck = 1540;
				TargetAttributes = {
					183DF1692862C99E0088FE1C = {
						CreatedOnToolsVersion = 13.4.1;
					};
				};
			};
			buildConfigurationList = 183DF1652862C99E0088FE1C /* Build configuration list for PBXProject "SOOLRA" */;
			developmentRegion = en;
			hasScannedForEncodings = 0;
			knownRegions = (
				en,
				Base,
			);
			mainGroup = 183DF1612862C99E0088FE1C;
			packageReferences = (
				4CEF41C92D21A4E40068BC5B /* XCRemoteSwiftPackageReference "ZIPFoundation" */,
				92678D752DAA70E6001CEDD6 /* XCRemoteSwiftPackageReference "SQLite" */,
			);
			preferredProjectObjectVersion = 77;
			productRefGroup = 183DF16B2862C99E0088FE1C /* Products */;
			projectDirPath = "";
			projectReferences = (
				{
					ProductGroup = 924DBD262E0D7B13001EF4F6 /* Products */;
					ProjectRef = 924DBD252E0D7B13001EF4F6 /* PPSSPP.xcodeproj */;
				},
			);
			projectRoot = "";
			targets = (
				183DF1692862C99E0088FE1C /* SOOLRA */,
			);
		};
/* End PBXProject section */

/* Begin PBXReferenceProxy section */
		924DBD5D2E0D7B13001EF4F6 /* libCommon.a */ = {
			isa = PBXReferenceProxy;
			fileType = archive.ar;
			path = libCommon.a;
			remoteRef = 924DBD5C2E0D7B13001EF4F6 /* PBXContainerItemProxy */;
			sourceTree = BUILT_PRODUCTS_DIR;
		};
		924DBD5F2E0D7B13001EF4F6 /* libCore.a */ = {
			isa = PBXReferenceProxy;
			fileType = archive.ar;
			path = libCore.a;
			remoteRef = 924DBD5E2E0D7B13001EF4F6 /* PBXContainerItemProxy */;
			sourceTree = BUILT_PRODUCTS_DIR;
		};
		924DBD612E0D7B13001EF4F6 /* libGenericCodeGen.a */ = {
			isa = PBXReferenceProxy;
			fileType = archive.ar;
			path = libGenericCodeGen.a;
			remoteRef = 924DBD602E0D7B13001EF4F6 /* PBXContainerItemProxy */;
			sourceTree = BUILT_PRODUCTS_DIR;
		};
		924DBD632E0D7B13001EF4F6 /* libHLSL.a */ = {
			isa = PBXReferenceProxy;
			fileType = archive.ar;
			path = libHLSL.a;
			remoteRef = 924DBD622E0D7B13001EF4F6 /* PBXContainerItemProxy */;
			sourceTree = BUILT_PRODUCTS_DIR;
		};
		924DBD652E0D7B13001EF4F6 /* libMachineIndependent.a */ = {
			isa = PBXReferenceProxy;
			fileType = archive.ar;
			path = libMachineIndependent.a;
			remoteRef = 924DBD642E0D7B13001EF4F6 /* PBXContainerItemProxy */;
			sourceTree = BUILT_PRODUCTS_DIR;
		};
		924DBD672E0D7B13001EF4F6 /* libOGLCompiler.a */ = {
			isa = PBXReferenceProxy;
			fileType = archive.ar;
			path = libOGLCompiler.a;
			remoteRef = 924DBD662E0D7B13001EF4F6 /* PBXContainerItemProxy */;
			sourceTree = BUILT_PRODUCTS_DIR;
		};
		924DBD692E0D7B13001EF4F6 /* libOSDependent.a */ = {
			isa = PBXReferenceProxy;
			fileType = archive.ar;
			path = libOSDependent.a;
			remoteRef = 924DBD682E0D7B13001EF4F6 /* PBXContainerItemProxy */;
			sourceTree = BUILT_PRODUCTS_DIR;
		};
		924DBD6B2E0D7B13001EF4F6 /* PPSSPP.app */ = {
			isa = PBXReferenceProxy;
			fileType = wrapper.application;
			path = PPSSPP.app;
			remoteRef = 924DBD6A2E0D7B13001EF4F6 /* PBXContainerItemProxy */;
			sourceTree = BUILT_PRODUCTS_DIR;
		};
		924DBD6D2E0D7B13001EF4F6 /* libSPIRV.a */ = {
			isa = PBXReferenceProxy;
			fileType = archive.ar;
			path = libSPIRV.a;
			remoteRef = 924DBD6C2E0D7B13001EF4F6 /* PBXContainerItemProxy */;
			sourceTree = BUILT_PRODUCTS_DIR;
		};
		924DBD6F2E0D7B13001EF4F6 /* libarmips.a */ = {
			isa = PBXReferenceProxy;
			fileType = archive.ar;
			path = libarmips.a;
			remoteRef = 924DBD6E2E0D7B13001EF4F6 /* PBXContainerItemProxy */;
			sourceTree = BUILT_PRODUCTS_DIR;
		};
		924DBD712E0D7B13001EF4F6 /* libat3_standalone.a */ = {
			isa = PBXReferenceProxy;
			fileType = archive.ar;
			path = libat3_standalone.a;
			remoteRef = 924DBD702E0D7B13001EF4F6 /* PBXContainerItemProxy */;
			sourceTree = BUILT_PRODUCTS_DIR;
		};
		924DBD732E0D7B13001EF4F6 /* libbasis_universal.a */ = {
			isa = PBXReferenceProxy;
			fileType = archive.ar;
			path = libbasis_universal.a;
			remoteRef = 924DBD722E0D7B13001EF4F6 /* PBXContainerItemProxy */;
			sourceTree = BUILT_PRODUCTS_DIR;
		};
		924DBD752E0D7B13001EF4F6 /* libchdr.a */ = {
			isa = PBXReferenceProxy;
			fileType = archive.ar;
			path = libchdr.a;
			remoteRef = 924DBD742E0D7B13001EF4F6 /* PBXContainerItemProxy */;
			sourceTree = BUILT_PRODUCTS_DIR;
		};
		924DBD772E0D7B13001EF4F6 /* libcityhash.a */ = {
			isa = PBXReferenceProxy;
			fileType = archive.ar;
			path = libcityhash.a;
			remoteRef = 924DBD762E0D7B13001EF4F6 /* PBXContainerItemProxy */;
			sourceTree = BUILT_PRODUCTS_DIR;
		};
		924DBD792E0D7B13001EF4F6 /* libcpu_features.a */ = {
			isa = PBXReferenceProxy;
			fileType = archive.ar;
			path = libcpu_features.a;
			remoteRef = 924DBD782E0D7B13001EF4F6 /* PBXContainerItemProxy */;
			sourceTree = BUILT_PRODUCTS_DIR;
		};
		924DBD7B2E0D7B13001EF4F6 /* libgason.a */ = {
			isa = PBXReferenceProxy;
			fileType = archive.ar;
			path = libgason.a;
			remoteRef = 924DBD7A2E0D7B13001EF4F6 /* PBXContainerItemProxy */;
			sourceTree = BUILT_PRODUCTS_DIR;
		};
		924DBD7D2E0D7B13001EF4F6 /* libglslang.a */ = {
			isa = PBXReferenceProxy;
			fileType = archive.ar;
			path = libglslang.a;
			remoteRef = 924DBD7C2E0D7B13001EF4F6 /* PBXContainerItemProxy */;
			sourceTree = BUILT_PRODUCTS_DIR;
		};
		924DBD7F2E0D7B13001EF4F6 /* libglslang-default-resource-limits.a */ = {
			isa = PBXReferenceProxy;
			fileType = archive.ar;
			path = "libglslang-default-resource-limits.a";
			remoteRef = 924DBD7E2E0D7B13001EF4F6 /* PBXContainerItemProxy */;
			sourceTree = BUILT_PRODUCTS_DIR;
		};
		924DBD812E0D7B13001EF4F6 /* libimgui.a */ = {
			isa = PBXReferenceProxy;
			fileType = archive.ar;
			path = libimgui.a;
			remoteRef = 924DBD802E0D7B13001EF4F6 /* PBXContainerItemProxy */;
			sourceTree = BUILT_PRODUCTS_DIR;
		};
		924DBD832E0D7B13001EF4F6 /* libkirk.a */ = {
			isa = PBXReferenceProxy;
			fileType = archive.ar;
			path = libkirk.a;
			remoteRef = 924DBD822E0D7B13001EF4F6 /* PBXContainerItemProxy */;
			sourceTree = BUILT_PRODUCTS_DIR;
		};
		924DBD852E0D7B13001EF4F6 /* liblibzip.a */ = {
			isa = PBXReferenceProxy;
			fileType = archive.ar;
			path = liblibzip.a;
			remoteRef = 924DBD842E0D7B13001EF4F6 /* PBXContainerItemProxy */;
			sourceTree = BUILT_PRODUCTS_DIR;
		};
		924DBD872E0D7B13001EF4F6 /* liblibzstd_static.a */ = {
			isa = PBXReferenceProxy;
			fileType = archive.ar;
			path = liblibzstd_static.a;
			remoteRef = 924DBD862E0D7B13001EF4F6 /* PBXContainerItemProxy */;
			sourceTree = BUILT_PRODUCTS_DIR;
		};
		924DBD892E0D7B13001EF4F6 /* liblua.a */ = {
			isa = PBXReferenceProxy;
			fileType = archive.ar;
			path = liblua.a;
			remoteRef = 924DBD882E0D7B13001EF4F6 /* PBXContainerItemProxy */;
			sourceTree = BUILT_PRODUCTS_DIR;
		};
		924DBD8B2E0D7B13001EF4F6 /* libminimp3.a */ = {
			isa = PBXReferenceProxy;
			fileType = archive.ar;
			path = libminimp3.a;
			remoteRef = 924DBD8A2E0D7B13001EF4F6 /* PBXContainerItemProxy */;
			sourceTree = BUILT_PRODUCTS_DIR;
		};
		924DBD8D2E0D7B13001EF4F6 /* libminiupnpc.a */ = {
			isa = PBXReferenceProxy;
			fileType = archive.ar;
			path = libminiupnpc.a;
			remoteRef = 924DBD8C2E0D7B13001EF4F6 /* PBXContainerItemProxy */;
			sourceTree = BUILT_PRODUCTS_DIR;
		};
		924DBD8F2E0D7B13001EF4F6 /* libnative.a */ = {
			isa = PBXReferenceProxy;
			fileType = archive.ar;
			path = libnative.a;
			remoteRef = 924DBD8E2E0D7B13001EF4F6 /* PBXContainerItemProxy */;
			sourceTree = BUILT_PRODUCTS_DIR;
		};
		924DBD912E0D7B13001EF4F6 /* libpng17.a */ = {
			isa = PBXReferenceProxy;
			fileType = archive.ar;
			path = libpng17.a;
			remoteRef = 924DBD902E0D7B13001EF4F6 /* PBXContainerItemProxy */;
			sourceTree = BUILT_PRODUCTS_DIR;
		};
		924DBD932E0D7B13001EF4F6 /* librcheevos.a */ = {
			isa = PBXReferenceProxy;
			fileType = archive.ar;
			path = librcheevos.a;
			remoteRef = 924DBD922E0D7B13001EF4F6 /* PBXContainerItemProxy */;
			sourceTree = BUILT_PRODUCTS_DIR;
		};
		924DBD952E0D7B13001EF4F6 /* libsfmt19937.a */ = {
			isa = PBXReferenceProxy;
			fileType = archive.ar;
			path = libsfmt19937.a;
			remoteRef = 924DBD942E0D7B13001EF4F6 /* PBXContainerItemProxy */;
			sourceTree = BUILT_PRODUCTS_DIR;
		};
		924DBD972E0D7B13001EF4F6 /* libsnappy.a */ = {
			isa = PBXReferenceProxy;
			fileType = archive.ar;
			path = libsnappy.a;
			remoteRef = 924DBD962E0D7B13001EF4F6 /* PBXContainerItemProxy */;
			sourceTree = BUILT_PRODUCTS_DIR;
		};
		924DBD992E0D7B13001EF4F6 /* libspirv-cross-core.a */ = {
			isa = PBXReferenceProxy;
			fileType = archive.ar;
			path = "libspirv-cross-core.a";
			remoteRef = 924DBD982E0D7B13001EF4F6 /* PBXContainerItemProxy */;
			sourceTree = BUILT_PRODUCTS_DIR;
		};
		924DBD9B2E0D7B13001EF4F6 /* libspirv-cross-cpp.a */ = {
			isa = PBXReferenceProxy;
			fileType = archive.ar;
			path = "libspirv-cross-cpp.a";
			remoteRef = 924DBD9A2E0D7B13001EF4F6 /* PBXContainerItemProxy */;
			sourceTree = BUILT_PRODUCTS_DIR;
		};
		924DBD9D2E0D7B13001EF4F6 /* libspirv-cross-glsl.a */ = {
			isa = PBXReferenceProxy;
			fileType = archive.ar;
			path = "libspirv-cross-glsl.a";
			remoteRef = 924DBD9C2E0D7B13001EF4F6 /* PBXContainerItemProxy */;
			sourceTree = BUILT_PRODUCTS_DIR;
		};
		924DBD9F2E0D7B13001EF4F6 /* libspirv-cross-hlsl.a */ = {
			isa = PBXReferenceProxy;
			fileType = archive.ar;
			path = "libspirv-cross-hlsl.a";
			remoteRef = 924DBD9E2E0D7B13001EF4F6 /* PBXContainerItemProxy */;
			sourceTree = BUILT_PRODUCTS_DIR;
		};
		924DBDA12E0D7B13001EF4F6 /* libspirv-cross-msl.a */ = {
			isa = PBXReferenceProxy;
			fileType = archive.ar;
			path = "libspirv-cross-msl.a";
			remoteRef = 924DBDA02E0D7B13001EF4F6 /* PBXContainerItemProxy */;
			sourceTree = BUILT_PRODUCTS_DIR;
		};
		924DBDA32E0D7B13001EF4F6 /* libudis86.a */ = {
			isa = PBXReferenceProxy;
			fileType = archive.ar;
			path = libudis86.a;
			remoteRef = 924DBDA22E0D7B13001EF4F6 /* PBXContainerItemProxy */;
			sourceTree = BUILT_PRODUCTS_DIR;
		};
		924DBDA52E0D7B13001EF4F6 /* libunix_based_hardware_detection.a */ = {
			isa = PBXReferenceProxy;
			fileType = archive.ar;
			path = libunix_based_hardware_detection.a;
			remoteRef = 924DBDA42E0D7B13001EF4F6 /* PBXContainerItemProxy */;
			sourceTree = BUILT_PRODUCTS_DIR;
		};
		924DBDA72E0D7B13001EF4F6 /* libutils.a */ = {
			isa = PBXReferenceProxy;
			fileType = archive.ar;
			path = libutils.a;
			remoteRef = 924DBDA62E0D7B13001EF4F6 /* PBXContainerItemProxy */;
			sourceTree = BUILT_PRODUCTS_DIR;
		};
		924DBDA92E0D7B13001EF4F6 /* libvma.a */ = {
			isa = PBXReferenceProxy;
			fileType = archive.ar;
			path = libvma.a;
			remoteRef = 924DBDA82E0D7B13001EF4F6 /* PBXContainerItemProxy */;
			sourceTree = BUILT_PRODUCTS_DIR;
		};
		924DBDAB2E0D7B13001EF4F6 /* libxbrz.a */ = {
			isa = PBXReferenceProxy;
			fileType = archive.ar;
			path = libxbrz.a;
			remoteRef = 924DBDAA2E0D7B13001EF4F6 /* PBXContainerItemProxy */;
			sourceTree = BUILT_PRODUCTS_DIR;
		};
		924DBDAD2E0D7B13001EF4F6 /* libxxhash.a */ = {
			isa = PBXReferenceProxy;
			fileType = archive.ar;
			path = libxxhash.a;
			remoteRef = 924DBDAC2E0D7B13001EF4F6 /* PBXContainerItemProxy */;
			sourceTree = BUILT_PRODUCTS_DIR;
		};
/* End PBXReferenceProxy section */

/* Begin PBXResourcesBuildPhase section */
		183DF1682862C99E0088FE1C /* Resources */ = {
			isa = PBXResourcesBuildPhase;
			buildActionMask = 2147483647;
			files = (
				9D123D0F2CD00B56007508A8 /* DINCondensed-Regular.ttf in Resources */,
				705827A02C75766300AB8682 /* Orbitron-Regular.ttf in Resources */,
				9D123D072CD008E4007508A8 /* D-DIN.ttf in Resources */,
				183DF1752862C9A00088FE1C /* Preview Assets.xcassets in Resources */,
				928FA3542DD8AEA500F3C848 /* GoogleService-Info.plist in Resources */,
				4CCFFDB32D4E94D0002B9F4A /* launchvideo.mp4 in Resources */,
				705827A22C75766300AB8682 /* Orbitron-Black.ttf in Resources */,
				7058279D2C75766300AB8682 /* Orbitron-SemiBold.ttf in Resources */,
				9D123D012CD0041D007508A8 /* D-DINCondensed.ttf in Resources */,
				7058279F2C75766300AB8682 /* Orbitron-Medium.ttf in Resources */,
				7058279E2C75766300AB8682 /* Orbitron-Bold.ttf in Resources */,
				9D123D052CD007EE007508A8 /* D-DINCondensed-Bold.ttf in Resources */,
				9D123D032CD0046B007508A8 /* Ebrima.ttf in Resources */,
				183DF1722862C9A00088FE1C /* Assets.xcassets in Resources */,
				705827A12C75766300AB8682 /* Orbitron-ExtraBold.ttf in Resources */,
			);
			runOnlyForDeploymentPostprocessing = 0;
		};
/* End PBXResourcesBuildPhase section */

/* Begin PBXShellScriptBuildPhase section */
		7D1131761188BB8727068661 /* [CP] Check Pods Manifest.lock */ = {
			isa = PBXShellScriptBuildPhase;
			buildActionMask = 2147483647;
			files = (
			);
			inputFileListPaths = (
			);
			inputPaths = (
				"${PODS_PODFILE_DIR_PATH}/Podfile.lock",
				"${PODS_ROOT}/Manifest.lock",
			);
			name = "[CP] Check Pods Manifest.lock";
			outputFileListPaths = (
			);
			outputPaths = (
				"$(DERIVED_FILE_DIR)/Pods-SOOLRA-checkManifestLockResult.txt",
			);
			runOnlyForDeploymentPostprocessing = 0;
			shellPath = /bin/sh;
			shellScript = "diff \"${PODS_PODFILE_DIR_PATH}/Podfile.lock\" \"${PODS_ROOT}/Manifest.lock\" > /dev/null\nif [ $? != 0 ] ; then\n    # print error to STDERR\n    echo \"error: The sandbox is not in sync with the Podfile.lock. Run 'pod install' or update your CocoaPods installation.\" >&2\n    exit 1\nfi\n# This output is used by Xcode 'outputs' to avoid re-running this script phase.\necho \"SUCCESS\" > \"${SCRIPT_OUTPUT_FILE_0}\"\n";
			showEnvVarsInLog = 0;
		};
		922591F72DDC891600030409 /* ShellScript */ = {
			isa = PBXShellScriptBuildPhase;
			buildActionMask = 2147483647;
			files = (
			);
			inputFileListPaths = (
			);
			inputPaths = (
				"${DWARF_DSYM_FOLDER_PATH}/${DWARF_DSYM_FILE_NAME}\n${DWARF_DSYM_FOLDER_PATH}/${DWARF_DSYM_FILE_NAME}/Contents/Resources/DWARF/${PRODUCT_NAME}\n",
				"${DWARF_DSYM_FOLDER_PATH}/${DWARF_DSYM_FILE_NAME}/Contents/Resources/DWARF/${PRODUCT_NAME}",
			);
			outputFileListPaths = (
			);
			outputPaths = (
			);
			runOnlyForDeploymentPostprocessing = 0;
			shellPath = /bin/sh;
			shellScript = "\"${PODS_ROOT}/FirebaseCrashlytics/run\"\n";
		};
		F0816F3433496413B07B0D56 /* [CP] Embed Pods Frameworks */ = {
			isa = PBXShellScriptBuildPhase;
			buildActionMask = 2147483647;
			files = (
			);
			inputFileListPaths = (
				"${PODS_ROOT}/Target Support Files/Pods-SOOLRA/Pods-SOOLRA-frameworks-${CONFIGURATION}-input-files.xcfilelist",
			);
			inputPaths = (
			);
			name = "[CP] Embed Pods Frameworks";
			outputFileListPaths = (
				"${PODS_ROOT}/Target Support Files/Pods-SOOLRA/Pods-SOOLRA-frameworks-${CONFIGURATION}-output-files.xcfilelist",
			);
			outputPaths = (
			);
			runOnlyForDeploymentPostprocessing = 0;
			shellPath = /bin/sh;
			shellScript = "\"${PODS_ROOT}/Target Support Files/Pods-SOOLRA/Pods-SOOLRA-frameworks.sh\"\n";
			showEnvVarsInLog = 0;
		};
/* End PBXShellScriptBuildPhase section */

/* Begin PBXSourcesBuildPhase section */
		183DF1662862C99E0088FE1C /* Sources */ = {
			isa = PBXSourcesBuildPhase;
			buildActionMask = 2147483647;
			files = (
				92678D812DAA76F5001CEDD6 /* Cheat.swift in Sources */,
				7032EDC32C761C5800828A41 /* ThemeManager.swift in Sources */,
				70BD24A02C6BF6F10070B5F9 /* Colors.swift in Sources */,
				924DBDBE2E114EBD001EF4F6 /* SoolraPSPBridge.h in Sources */,
				924DBDC02E114EED001EF4F6 /* SoolraPSPBridge.mm in Sources */,
				4CC26D9A2D4BABC600F3D262 /* ConsoleCoreManager.swift in Sources */,
				180A47A22866E4EA00A82F16 /* DocumentPicker.swift in Sources */,
				70838FDC2C6BC96500B7AE46 /* SplashView.swift in Sources */,
				18EBB74B2864A13A00903F43 /* HomeView.swift in Sources */,
				186B04AD28661B940013EFDC /* CGPoint+distanceTo.swift in Sources */,
				4CB5AA5F2D61B206003E1677 /* MetalManager.swift in Sources */,
				928FA35F2DD8E88700F3C848 /* EngagementTracker.swift in Sources */,
				928FA3242DC0DC0100F3C848 /* SaveState.swift in Sources */,
				928FA3262DC0DC3400F3C848 /* SaveStateView.swift in Sources */,
				183DF16E2862C99E0088FE1C /* SoolraApp.swift in Sources */,
				185B91812869EE8C003F88F5 /* Model.xcdatamodeld in Sources */,
				180C86F0286B3F02009E7C0D /* HomeView+ViewModel.swift in Sources */,
				4C9253D42D47ED2B00E38366 /* HapticManager.swift in Sources */,
				7032EDC12C76059400828A41 /* SettingsView.swift in Sources */,
				187ABE9E28642FF000372297 /* ButtonKey.swift in Sources */,
				4CEF41C82D21A46A0068BC5B /* RomManager.swift in Sources */,
			);
			runOnlyForDeploymentPostprocessing = 0;
		};
/* End PBXSourcesBuildPhase section */

/* Begin PBXTargetDependency section */
		924DBD292E0D7B13001EF4F6 /* PBXTargetDependency */ = {
			isa = PBXTargetDependency;
			name = Core;
			targetProxy = 924DBD282E0D7B13001EF4F6 /* PBXContainerItemProxy */;
		};
/* End PBXTargetDependency section */

/* Begin XCBuildConfiguration section */
		183DF1762862C9A00088FE1C /* Debug */ = {
			isa = XCBuildConfiguration;
			buildSettings = {
				ALWAYS_SEARCH_USER_PATHS = NO;
				CLANG_ANALYZER_NONNULL = YES;
				CLANG_ANALYZER_NUMBER_OBJECT_CONVERSION = YES_AGGRESSIVE;
				CLANG_CXX_LANGUAGE_STANDARD = "c++20";
				CLANG_ENABLE_MODULES = YES;
				CLANG_ENABLE_OBJC_ARC = YES;
				CLANG_ENABLE_OBJC_WEAK = YES;
				CLANG_WARN_BLOCK_CAPTURE_AUTORELEASING = YES;
				CLANG_WARN_BOOL_CONVERSION = YES;
				CLANG_WARN_COMMA = YES;
				CLANG_WARN_CONSTANT_CONVERSION = YES;
				CLANG_WARN_DEPRECATED_OBJC_IMPLEMENTATIONS = YES;
				CLANG_WARN_DIRECT_OBJC_ISA_USAGE = YES_ERROR;
				CLANG_WARN_DOCUMENTATION_COMMENTS = YES;
				CLANG_WARN_EMPTY_BODY = YES;
				CLANG_WARN_ENUM_CONVERSION = YES;
				CLANG_WARN_INFINITE_RECURSION = YES;
				CLANG_WARN_INT_CONVERSION = YES;
				CLANG_WARN_NON_LITERAL_NULL_CONVERSION = YES;
				CLANG_WARN_OBJC_IMPLICIT_RETAIN_SELF = YES;
				CLANG_WARN_OBJC_LITERAL_CONVERSION = YES;
				CLANG_WARN_OBJC_ROOT_CLASS = YES_ERROR;
				CLANG_WARN_QUOTED_INCLUDE_IN_FRAMEWORK_HEADER = YES;
				CLANG_WARN_RANGE_LOOP_ANALYSIS = YES;
				CLANG_WARN_STRICT_PROTOTYPES = YES;
				CLANG_WARN_SUSPICIOUS_MOVE = YES;
				CLANG_WARN_UNGUARDED_AVAILABILITY = YES_AGGRESSIVE;
				CLANG_WARN_UNREACHABLE_CODE = YES;
				CLANG_WARN__DUPLICATE_METHOD_MATCH = YES;
				COPY_PHASE_STRIP = NO;
				DEBUG_INFORMATION_FORMAT = dwarf;
				ENABLE_STRICT_OBJC_MSGSEND = YES;
				ENABLE_TESTABILITY = YES;
				ENABLE_USER_SCRIPT_SANDBOXING = YES;
				GCC_C_LANGUAGE_STANDARD = c11;
				GCC_DYNAMIC_NO_PIC = NO;
				GCC_NO_COMMON_BLOCKS = YES;
				GCC_OPTIMIZATION_LEVEL = 0;
				GCC_PREPROCESSOR_DEFINITIONS = (
					"DEBUG=1",
					"$(inherited)",
				);
				GCC_WARN_64_TO_32_BIT_CONVERSION = YES;
				GCC_WARN_ABOUT_RETURN_TYPE = YES_ERROR;
				GCC_WARN_UNDECLARED_SELECTOR = YES;
				GCC_WARN_UNINITIALIZED_AUTOS = YES_AGGRESSIVE;
				GCC_WARN_UNUSED_FUNCTION = YES;
				GCC_WARN_UNUSED_VARIABLE = YES;
				IPHONEOS_DEPLOYMENT_TARGET = 15.5;
				MTL_ENABLE_DEBUG_INFO = INCLUDE_SOURCE;
				MTL_FAST_MATH = YES;
				ONLY_ACTIVE_ARCH = YES;
				SDKROOT = iphoneos;
				SWIFT_ACTIVE_COMPILATION_CONDITIONS = DEBUG;
				SWIFT_OPTIMIZATION_LEVEL = "-Onone";
			};
			name = Debug;
		};
		183DF1772862C9A00088FE1C /* Release */ = {
			isa = XCBuildConfiguration;
			buildSettings = {
				ALWAYS_SEARCH_USER_PATHS = NO;
				CLANG_ANALYZER_NONNULL = YES;
				CLANG_ANALYZER_NUMBER_OBJECT_CONVERSION = YES_AGGRESSIVE;
				CLANG_CXX_LANGUAGE_STANDARD = "c++20";
				CLANG_ENABLE_MODULES = YES;
				CLANG_ENABLE_OBJC_ARC = YES;
				CLANG_ENABLE_OBJC_WEAK = YES;
				CLANG_WARN_BLOCK_CAPTURE_AUTORELEASING = YES;
				CLANG_WARN_BOOL_CONVERSION = YES;
				CLANG_WARN_COMMA = YES;
				CLANG_WARN_CONSTANT_CONVERSION = YES;
				CLANG_WARN_DEPRECATED_OBJC_IMPLEMENTATIONS = YES;
				CLANG_WARN_DIRECT_OBJC_ISA_USAGE = YES_ERROR;
				CLANG_WARN_DOCUMENTATION_COMMENTS = YES;
				CLANG_WARN_EMPTY_BODY = YES;
				CLANG_WARN_ENUM_CONVERSION = YES;
				CLANG_WARN_INFINITE_RECURSION = YES;
				CLANG_WARN_INT_CONVERSION = YES;
				CLANG_WARN_NON_LITERAL_NULL_CONVERSION = YES;
				CLANG_WARN_OBJC_IMPLICIT_RETAIN_SELF = YES;
				CLANG_WARN_OBJC_LITERAL_CONVERSION = YES;
				CLANG_WARN_OBJC_ROOT_CLASS = YES_ERROR;
				CLANG_WARN_QUOTED_INCLUDE_IN_FRAMEWORK_HEADER = YES;
				CLANG_WARN_RANGE_LOOP_ANALYSIS = YES;
				CLANG_WARN_STRICT_PROTOTYPES = YES;
				CLANG_WARN_SUSPICIOUS_MOVE = YES;
				CLANG_WARN_UNGUARDED_AVAILABILITY = YES_AGGRESSIVE;
				CLANG_WARN_UNREACHABLE_CODE = YES;
				CLANG_WARN__DUPLICATE_METHOD_MATCH = YES;
				COPY_PHASE_STRIP = NO;
				DEBUG_INFORMATION_FORMAT = "dwarf-with-dsym";
				ENABLE_NS_ASSERTIONS = NO;
				ENABLE_STRICT_OBJC_MSGSEND = YES;
				ENABLE_USER_SCRIPT_SANDBOXING = YES;
				GCC_C_LANGUAGE_STANDARD = c11;
				GCC_NO_COMMON_BLOCKS = YES;
				GCC_WARN_64_TO_32_BIT_CONVERSION = YES;
				GCC_WARN_ABOUT_RETURN_TYPE = YES_ERROR;
				GCC_WARN_UNDECLARED_SELECTOR = YES;
				GCC_WARN_UNINITIALIZED_AUTOS = YES_AGGRESSIVE;
				GCC_WARN_UNUSED_FUNCTION = YES;
				GCC_WARN_UNUSED_VARIABLE = YES;
				IPHONEOS_DEPLOYMENT_TARGET = 15.5;
				MTL_ENABLE_DEBUG_INFO = NO;
				MTL_FAST_MATH = YES;
				SDKROOT = iphoneos;
				SWIFT_COMPILATION_MODE = wholemodule;
				SWIFT_OPTIMIZATION_LEVEL = "-O";
				VALIDATE_PRODUCT = YES;
			};
			name = Release;
		};
		183DF1792862C9A00088FE1C /* Debug */ = {
			isa = XCBuildConfiguration;
			baseConfigurationReference = A38D6A4E20FCEB9F9015DD5E /* Pods-SOOLRA.debug.xcconfig */;
			buildSettings = {
				ASSETCATALOG_COMPILER_APPICON_NAME = AppIconNew;
				ASSETCATALOG_COMPILER_GLOBAL_ACCENT_COLOR_NAME = AccentColor;
				CODE_SIGN_IDENTITY = "Apple Development";
				CODE_SIGN_STYLE = Automatic;
				CURRENT_PROJECT_VERSION = 1;
				DEBUG_INFORMATION_FORMAT = "dwarf-with-dsym";
				DEVELOPMENT_ASSET_PATHS = "\"SoolraConsole/Preview Content\"";
				DEVELOPMENT_TEAM = 3W96UGQFB7;
				ENABLE_PREVIEWS = YES;
				ENABLE_USER_SCRIPT_SANDBOXING = NO;
				GENERATE_INFOPLIST_FILE = YES;
				HEADER_SEARCH_PATHS = (
					"$(inherited)",
					"\"${PODS_CONFIGURATION_BUILD_DIR}/FirebaseCore/FirebaseCore.framework/Headers\"",
					"\"${PODS_CONFIGURATION_BUILD_DIR}/FirebaseCoreExtension/FirebaseCoreExtension.framework/Headers\"",
					"\"${PODS_CONFIGURATION_BUILD_DIR}/FirebaseCoreInternal/FirebaseCoreInternal.framework/Headers\"",
					"\"${PODS_CONFIGURATION_BUILD_DIR}/FirebaseCrashlytics/FirebaseCrashlytics.framework/Headers\"",
					"\"${PODS_CONFIGURATION_BUILD_DIR}/FirebaseInstallations/FirebaseInstallations.framework/Headers\"",
					"\"${PODS_CONFIGURATION_BUILD_DIR}/FirebaseRemoteConfigInterop/FirebaseRemoteConfigInterop.framework/Headers\"",
					"\"${PODS_CONFIGURATION_BUILD_DIR}/FirebaseSessions/FirebaseSessions.framework/Headers\"",
					"\"${PODS_CONFIGURATION_BUILD_DIR}/GoogleDataTransport/GoogleDataTransport.framework/Headers\"",
					"\"${PODS_CONFIGURATION_BUILD_DIR}/GoogleUtilities/GoogleUtilities.framework/Headers\"",
					"\"${PODS_CONFIGURATION_BUILD_DIR}/PromisesObjC/FBLPromises.framework/Headers\"",
					"\"${PODS_CONFIGURATION_BUILD_DIR}/PromisesSwift/Promises.framework/Headers\"",
					"\"${PODS_CONFIGURATION_BUILD_DIR}/nanopb/nanopb.framework/Headers\"",
					"\"${PODS_ROOT}/Headers/Public\"",
					"\"${PODS_ROOT}/Headers/Public/Firebase\"",
					"$(inherited)",
					"${PODS_ROOT}/Firebase/CoreOnly/Sources",
					"/Users/yoshi/Desktop/ppsspp/ffmpeg/ios/universal/lib/**",
					/Users/yoshi/Desktop/ppsspp,
					/Users/yoshi/Desktop/ppsspp/Core,
					/Users/yoshi/Desktop/ppsspp/Common,
					/Users/yoshi/Desktop/ppsspp/ios,
					/Users/yoshi/Desktop/ppsspp/ffmpeg/ios/universal/include,
				);
				INFOPLIST_FILE = "$(SRCROOT)/info.plist";
				INFOPLIST_KEY_CFBundleDisplayName = SOOLRA;
				INFOPLIST_KEY_GCSupportsControllerUserInteraction = YES;
				INFOPLIST_KEY_GCSupportsGameMode = YES;
				INFOPLIST_KEY_LSApplicationCategoryType = "public.app-category.games";
				INFOPLIST_KEY_LSSupportsOpeningDocumentsInPlace = YES;
				INFOPLIST_KEY_NSHumanReadableCopyright = "";
				INFOPLIST_KEY_UIApplicationSceneManifest_Generation = YES;
				INFOPLIST_KEY_UIApplicationSupportsIndirectInputEvents = YES;
				INFOPLIST_KEY_UIRequiresFullScreen = YES;
				INFOPLIST_KEY_UISupportedInterfaceOrientations = "UIInterfaceOrientationPortrait UIInterfaceOrientationPortraitUpsideDown";
				IPHONEOS_DEPLOYMENT_TARGET = 15.6;
				LD_RUNPATH_SEARCH_PATHS = (
					"$(inherited)",
					"@executable_path/Frameworks",
				);
				LIBRARY_SEARCH_PATHS = (
					"$(inherited)",
					"\"${TOOLCHAIN_DIR}/usr/lib/swift/${PLATFORM_NAME}\"",
					/usr/lib/swift,
					/Users/yoshi/Desktop/ppsspp/ffmpeg/ios/universal/lib,
				);
				MARKETING_VERSION = 5.7.7;
				OTHER_CFLAGS = (
					"-Wno-narrowing",
					"-DC_CORE",
					"-DNO_LINK",
				);
				OTHER_CPLUSPLUSFLAGS = (
					"$(OTHER_CFLAGS)",
					"-I./Emulators/nes",
					"-I./Emulators/gba",
					"-I./Emulators/SFML/include",
				);
				OTHER_LDFLAGS = (
					"$(inherited)",
					"-ObjC",
					"-l\"c++\"",
					"-l\"sqlite3\"",
					"-l\"z\"",
					"-framework",
					"\"CoreTelephony\"",
					"-framework",
					"\"FBLPromises\"",
					"-framework",
					"\"FirebaseAnalytics\"",
					"-framework",
					"\"FirebaseCore\"",
					"-framework",
					"\"FirebaseCoreExtension\"",
					"-framework",
					"\"FirebaseCoreInternal\"",
					"-framework",
					"\"FirebaseCrashlytics\"",
					"-framework",
					"\"FirebaseInstallations\"",
					"-framework",
					"\"FirebaseRemoteConfigInterop\"",
					"-framework",
					"\"FirebaseSessions\"",
					"-framework",
					"\"Foundation\"",
					"-framework",
					"\"GoogleAppMeasurement\"",
					"-framework",
					"\"GoogleAppMeasurementIdentitySupport\"",
					"-framework",
					"\"GoogleDataTransport\"",
					"-framework",
					"\"GoogleUtilities\"",
					"-framework",
					"\"Promises\"",
					"-framework",
					"\"Security\"",
					"-framework",
					"\"StoreKit\"",
					"-framework",
					"\"SystemConfiguration\"",
					"-framework",
					"\"UIKit\"",
					"-framework",
					"\"nanopb\"",
				);
				PRODUCT_BUNDLE_IDENTIFIER = com.soolra.soolra;
				PRODUCT_NAME = "$(TARGET_NAME)";
				PROVISIONING_PROFILE_SPECIFIER = "";
				SWIFT_EMIT_LOC_STRINGS = YES;
				SWIFT_OBJC_BRIDGING_HEADER = "Emulators/Bridging-Header.h";
				SWIFT_VERSION = 5.0;
				TARGETED_DEVICE_FAMILY = "1,2";
			};
			name = Debug;
		};
		183DF17A2862C9A00088FE1C /* Release */ = {
			isa = XCBuildConfiguration;
			baseConfigurationReference = 3CB0528C3BB2271EEE7EDD3D /* Pods-SOOLRA.release.xcconfig */;
			buildSettings = {
				ASSETCATALOG_COMPILER_APPICON_NAME = AppIconNew;
				ASSETCATALOG_COMPILER_GLOBAL_ACCENT_COLOR_NAME = AccentColor;
				CODE_SIGN_IDENTITY = "Apple Development";
				CODE_SIGN_STYLE = Automatic;
				CURRENT_PROJECT_VERSION = 1;
				DEVELOPMENT_ASSET_PATHS = "\"SoolraConsole/Preview Content\"";
				DEVELOPMENT_TEAM = 3W96UGQFB7;
				ENABLE_PREVIEWS = YES;
				ENABLE_USER_SCRIPT_SANDBOXING = NO;
				GENERATE_INFOPLIST_FILE = YES;
				HEADER_SEARCH_PATHS = (
					"$(inherited)",
					"\"${PODS_CONFIGURATION_BUILD_DIR}/FirebaseCore/FirebaseCore.framework/Headers\"",
					"\"${PODS_CONFIGURATION_BUILD_DIR}/FirebaseCoreExtension/FirebaseCoreExtension.framework/Headers\"",
					"\"${PODS_CONFIGURATION_BUILD_DIR}/FirebaseCoreInternal/FirebaseCoreInternal.framework/Headers\"",
					"\"${PODS_CONFIGURATION_BUILD_DIR}/FirebaseCrashlytics/FirebaseCrashlytics.framework/Headers\"",
					"\"${PODS_CONFIGURATION_BUILD_DIR}/FirebaseInstallations/FirebaseInstallations.framework/Headers\"",
					"\"${PODS_CONFIGURATION_BUILD_DIR}/FirebaseRemoteConfigInterop/FirebaseRemoteConfigInterop.framework/Headers\"",
					"\"${PODS_CONFIGURATION_BUILD_DIR}/FirebaseSessions/FirebaseSessions.framework/Headers\"",
					"\"${PODS_CONFIGURATION_BUILD_DIR}/GoogleDataTransport/GoogleDataTransport.framework/Headers\"",
					"\"${PODS_CONFIGURATION_BUILD_DIR}/GoogleUtilities/GoogleUtilities.framework/Headers\"",
					"\"${PODS_CONFIGURATION_BUILD_DIR}/PromisesObjC/FBLPromises.framework/Headers\"",
					"\"${PODS_CONFIGURATION_BUILD_DIR}/PromisesSwift/Promises.framework/Headers\"",
					"\"${PODS_CONFIGURATION_BUILD_DIR}/nanopb/nanopb.framework/Headers\"",
					"\"${PODS_ROOT}/Headers/Public\"",
					"\"${PODS_ROOT}/Headers/Public/Firebase\"",
					"$(inherited)",
					"${PODS_ROOT}/Firebase/CoreOnly/Sources",
					"/Users/yoshi/Desktop/ppsspp/ffmpeg/ios/universal/lib/**",
					/Users/yoshi/Desktop/ppsspp,
					/Users/yoshi/Desktop/ppsspp/Core,
					/Users/yoshi/Desktop/ppsspp/Common,
					/Users/yoshi/Desktop/ppsspp/ios,
					/Users/yoshi/Desktop/ppsspp/ffmpeg/ios/universal/include,
				);
				INFOPLIST_FILE = "$(SRCROOT)/info.plist";
				INFOPLIST_KEY_CFBundleDisplayName = SOOLRA;
				INFOPLIST_KEY_GCSupportsControllerUserInteraction = YES;
				INFOPLIST_KEY_GCSupportsGameMode = YES;
				INFOPLIST_KEY_LSApplicationCategoryType = "public.app-category.games";
				INFOPLIST_KEY_LSSupportsOpeningDocumentsInPlace = YES;
				INFOPLIST_KEY_NSHumanReadableCopyright = "";
				INFOPLIST_KEY_UIApplicationSceneManifest_Generation = YES;
				INFOPLIST_KEY_UIApplicationSupportsIndirectInputEvents = YES;
				INFOPLIST_KEY_UIRequiresFullScreen = YES;
				INFOPLIST_KEY_UISupportedInterfaceOrientations = "UIInterfaceOrientationPortrait UIInterfaceOrientationPortraitUpsideDown";
				IPHONEOS_DEPLOYMENT_TARGET = 15.6;
				LD_RUNPATH_SEARCH_PATHS = (
					"$(inherited)",
					"@executable_path/Frameworks",
				);
				LIBRARY_SEARCH_PATHS = (
					"$(inherited)",
					"\"${TOOLCHAIN_DIR}/usr/lib/swift/${PLATFORM_NAME}\"",
					/usr/lib/swift,
					/Users/yoshi/Desktop/ppsspp/ffmpeg/ios/universal/lib,
				);
				MARKETING_VERSION = 5.7.7;
				OTHER_CFLAGS = (
					"-Wno-narrowing",
					"-DC_CORE",
					"-DNO_LINK",
				);
				OTHER_CPLUSPLUSFLAGS = (
					"$(OTHER_CFLAGS)",
					"-I./Emulators/nes",
					"-I./Emulators/gba",
					"-I./Emulators/SFML/include",
				);
				OTHER_LDFLAGS = (
					"$(inherited)",
					"-ObjC",
					"-l\"c++\"",
					"-l\"sqlite3\"",
					"-l\"z\"",
					"-framework",
					"\"CoreTelephony\"",
					"-framework",
					"\"FBLPromises\"",
					"-framework",
					"\"FirebaseAnalytics\"",
					"-framework",
					"\"FirebaseCore\"",
					"-framework",
					"\"FirebaseCoreExtension\"",
					"-framework",
					"\"FirebaseCoreInternal\"",
					"-framework",
					"\"FirebaseCrashlytics\"",
					"-framework",
					"\"FirebaseInstallations\"",
					"-framework",
					"\"FirebaseRemoteConfigInterop\"",
					"-framework",
					"\"FirebaseSessions\"",
					"-framework",
					"\"Foundation\"",
					"-framework",
					"\"GoogleAppMeasurement\"",
					"-framework",
					"\"GoogleAppMeasurementIdentitySupport\"",
					"-framework",
					"\"GoogleDataTransport\"",
					"-framework",
					"\"GoogleUtilities\"",
					"-framework",
					"\"Promises\"",
					"-framework",
					"\"Security\"",
					"-framework",
					"\"StoreKit\"",
					"-framework",
					"\"SystemConfiguration\"",
					"-framework",
					"\"UIKit\"",
					"-framework",
					"\"nanopb\"",
				);
				PRODUCT_BUNDLE_IDENTIFIER = com.soolra.soolra;
				PRODUCT_NAME = "$(TARGET_NAME)";
				PROVISIONING_PROFILE_SPECIFIER = "";
				SWIFT_EMIT_LOC_STRINGS = YES;
				SWIFT_OBJC_BRIDGING_HEADER = "Emulators/Bridging-Header.h";
				SWIFT_VERSION = 5.0;
				TARGETED_DEVICE_FAMILY = "1,2";
			};
			name = Release;
		};
/* End XCBuildConfiguration section */

/* Begin XCConfigurationList section */
		183DF1652862C99E0088FE1C /* Build configuration list for PBXProject "SOOLRA" */ = {
			isa = XCConfigurationList;
			buildConfigurations = (
				183DF1762862C9A00088FE1C /* Debug */,
				183DF1772862C9A00088FE1C /* Release */,
			);
			defaultConfigurationIsVisible = 0;
			defaultConfigurationName = Release;
		};
		183DF1782862C9A00088FE1C /* Build configuration list for PBXNativeTarget "SOOLRA" */ = {
			isa = XCConfigurationList;
			buildConfigurations = (
				183DF1792862C9A00088FE1C /* Debug */,
				183DF17A2862C9A00088FE1C /* Release */,
			);
			defaultConfigurationIsVisible = 0;
			defaultConfigurationName = Release;
		};
/* End XCConfigurationList section */

/* Begin XCRemoteSwiftPackageReference section */
		4CEF41C92D21A4E40068BC5B /* XCRemoteSwiftPackageReference "ZIPFoundation" */ = {
			isa = XCRemoteSwiftPackageReference;
			repositoryURL = "https://github.com/weichsel/ZIPFoundation";
			requirement = {
				kind = upToNextMajorVersion;
				minimumVersion = 0.9.19;
			};
		};
		92678D752DAA70E6001CEDD6 /* XCRemoteSwiftPackageReference "SQLite" */ = {
			isa = XCRemoteSwiftPackageReference;
			repositoryURL = "https://github.com/stephencelis/SQLite.swift";
			requirement = {
				kind = upToNextMajorVersion;
				minimumVersion = 0.15.3;
			};
		};
/* End XCRemoteSwiftPackageReference section */

/* Begin XCSwiftPackageProductDependency section */
		4CEF41CA2D21A4E40068BC5B /* ZIPFoundation */ = {
			isa = XCSwiftPackageProductDependency;
			package = 4CEF41C92D21A4E40068BC5B /* XCRemoteSwiftPackageReference "ZIPFoundation" */;
			productName = ZIPFoundation;
		};
		92678D762DAA70E6001CEDD6 /* SQLite */ = {
			isa = XCSwiftPackageProductDependency;
			package = 92678D752DAA70E6001CEDD6 /* XCRemoteSwiftPackageReference "SQLite" */;
			productName = SQLite;
		};
/* End XCSwiftPackageProductDependency section */

/* Begin XCVersionGroup section */
		185B917F2869EE8C003F88F5 /* Model.xcdatamodeld */ = {
			isa = XCVersionGroup;
			children = (
				185B91802869EE8C003F88F5 /* Model.xcdatamodel */,
			);
			currentVersion = 185B91802869EE8C003F88F5 /* Model.xcdatamodel */;
			path = Model.xcdatamodeld;
			sourceTree = "<group>";
			versionGroupType = wrapper.xcdatamodel;
		};
/* End XCVersionGroup section */
	};
	rootObject = 183DF1622862C99E0088FE1C /* Project object */;
}
