// !$*UTF8*$!
{
	archiveVersion = 1;
	classes = {
	};
	objectVersion = 77;
	objects = {

/* Begin PBXBuildFile section */
		180A47A22866E4EA00A82F16 /* DocumentPicker.swift in Sources */ = {isa = PBXBuildFile; fileRef = 180A47A12866E4EA00A82F16 /* DocumentPicker.swift */; };
		180C86F0286B3F02009E7C0D /* HomeView+ViewModel.swift in Sources */ = {isa = PBXBuildFile; fileRef = 180C86EF286B3F02009E7C0D /* HomeView+ViewModel.swift */; };
		183DF16E2862C99E0088FE1C /* SoolraApp.swift in Sources */ = {isa = PBXBuildFile; fileRef = 183DF16D2862C99E0088FE1C /* SoolraApp.swift */; };
		183DF1722862C9A00088FE1C /* Assets.xcassets in Resources */ = {isa = PBXBuildFile; fileRef = 183DF1712862C9A00088FE1C /* Assets.xcassets */; };
		183DF1752862C9A00088FE1C /* Preview Assets.xcassets in Resources */ = {isa = PBXBuildFile; fileRef = 183DF1742862C9A00088FE1C /* Preview Assets.xcassets */; };
		185B91812869EE8C003F88F5 /* Model.xcdatamodeld in Sources */ = {isa = PBXBuildFile; fileRef = 185B917F2869EE8C003F88F5 /* Model.xcdatamodeld */; };
		186B04AD28661B940013EFDC /* CGPoint+distanceTo.swift in Sources */ = {isa = PBXBuildFile; fileRef = 186B04AC28661B940013EFDC /* CGPoint+distanceTo.swift */; };
		18EBB74B2864A13A00903F43 /* HomeView.swift in Sources */ = {isa = PBXBuildFile; fileRef = 18EBB74A2864A13A00903F43 /* HomeView.swift */; };
		4C9253D42D47ED2B00E38366 /* HapticManager.swift in Sources */ = {isa = PBXBuildFile; fileRef = 4C9253D32D47ED2B00E38366 /* HapticManager.swift */; };
		4CB5AA5F2D61B206003E1677 /* MetalManager.swift in Sources */ = {isa = PBXBuildFile; fileRef = 4CB5AA5E2D61B206003E1677 /* MetalManager.swift */; };
		4CC26D9A2D4BABC600F3D262 /* ConsoleCoreManager.swift in Sources */ = {isa = PBXBuildFile; fileRef = 4CC26D992D4BABC300F3D262 /* ConsoleCoreManager.swift */; };
		4CCFFDB32D4E94D0002B9F4A /* launchvideo.mp4 in Resources */ = {isa = PBXBuildFile; fileRef = 4CCFFDB22D4E94D0002B9F4A /* launchvideo.mp4 */; };
		4CEF41C82D21A46A0068BC5B /* RomManager.swift in Sources */ = {isa = PBXBuildFile; fileRef = 4CEF41C72D21A4670068BC5B /* RomManager.swift */; };
		4CEF41CB2D21A4E40068BC5B /* ZIPFoundation in Frameworks */ = {isa = PBXBuildFile; productRef = 4CEF41CA2D21A4E40068BC5B /* ZIPFoundation */; };
		7032EDC12C76059400828A41 /* SettingsView.swift in Sources */ = {isa = PBXBuildFile; fileRef = 7032EDC02C76059400828A41 /* SettingsView.swift */; };
		7032EDC32C761C5800828A41 /* ThemeManager.swift in Sources */ = {isa = PBXBuildFile; fileRef = 7032EDC22C761C5800828A41 /* ThemeManager.swift */; };
		7058279D2C75766300AB8682 /* Orbitron-SemiBold.ttf in Resources */ = {isa = PBXBuildFile; fileRef = 705827972C75766200AB8682 /* Orbitron-SemiBold.ttf */; };
		7058279E2C75766300AB8682 /* Orbitron-Bold.ttf in Resources */ = {isa = PBXBuildFile; fileRef = 705827982C75766300AB8682 /* Orbitron-Bold.ttf */; };
		7058279F2C75766300AB8682 /* Orbitron-Medium.ttf in Resources */ = {isa = PBXBuildFile; fileRef = 705827992C75766300AB8682 /* Orbitron-Medium.ttf */; };
		705827A02C75766300AB8682 /* Orbitron-Regular.ttf in Resources */ = {isa = PBXBuildFile; fileRef = 7058279A2C75766300AB8682 /* Orbitron-Regular.ttf */; };
		705827A12C75766300AB8682 /* Orbitron-ExtraBold.ttf in Resources */ = {isa = PBXBuildFile; fileRef = 7058279B2C75766300AB8682 /* Orbitron-ExtraBold.ttf */; };
		705827A22C75766300AB8682 /* Orbitron-Black.ttf in Resources */ = {isa = PBXBuildFile; fileRef = 7058279C2C75766300AB8682 /* Orbitron-Black.ttf */; };
		70838FDC2C6BC96500B7AE46 /* SplashView.swift in Sources */ = {isa = PBXBuildFile; fileRef = 70838FDB2C6BC96500B7AE46 /* SplashView.swift */; };
		70BD24A02C6BF6F10070B5F9 /* Colors.swift in Sources */ = {isa = PBXBuildFile; fileRef = 70BD249F2C6BF6F10070B5F9 /* Colors.swift */; };
		920341D42E253AAE00D129F8 /* MeteoRain.png in Resources */ = {isa = PBXBuildFile; fileRef = 920341B72E253AAE00D129F8 /* MeteoRain.png */; };
		920341D82E253AAE00D129F8 /* Pong.png in Resources */ = {isa = PBXBuildFile; fileRef = 920341B92E253AAE00D129F8 /* Pong.png */; };
		920341DA2E253AAE00D129F8 /* Astrohawk.png in Resources */ = {isa = PBXBuildFile; fileRef = 920341B02E253AAE00D129F8 /* Astrohawk.png */; };
		920341DD2E253AAE00D129F8 /* Chase.nes in Resources */ = {isa = PBXBuildFile; fileRef = 920341C32E253AAE00D129F8 /* Chase.nes */; };
		920341E02E253AAE00D129F8 /* Pong.gba in Resources */ = {isa = PBXBuildFile; fileRef = 920341CA2E253AAE00D129F8 /* Pong.gba */; };
		920341E42E253AAE00D129F8 /* Radicorn.png in Resources */ = {isa = PBXBuildFile; fileRef = 920341BA2E253AAE00D129F8 /* Radicorn.png */; };
		920341E92E253AAE00D129F8 /* Radicorn.gba in Resources */ = {isa = PBXBuildFile; fileRef = 920341CB2E253AAE00D129F8 /* Radicorn.gba */; };
		920341EB2E253AAE00D129F8 /* Chase.png in Resources */ = {isa = PBXBuildFile; fileRef = 920341B22E253AAE00D129F8 /* Chase.png */; };
		920341ED2E253AAE00D129F8 /* MeteoRain.gba in Resources */ = {isa = PBXBuildFile; fileRef = 920341C82E253AAE00D129F8 /* MeteoRain.gba */; };
		920341EE2E253AAE00D129F8 /* Astrohawk.gba in Resources */ = {isa = PBXBuildFile; fileRef = 920341C12E253AAE00D129F8 /* Astrohawk.gba */; };
		920341F02E25401C00D129F8 /* Christmas Advance.png in Resources */ = {isa = PBXBuildFile; fileRef = 920341EF2E25401C00D129F8 /* Christmas Advance.png */; };
		920341F22E25402D00D129F8 /* Christmas Advance.gba in Resources */ = {isa = PBXBuildFile; fileRef = 920341F12E25402D00D129F8 /* Christmas Advance.gba */; };
		920341F42E255CBC00D129F8 /* Pnakys.gba in Resources */ = {isa = PBXBuildFile; fileRef = 920341F32E255CBC00D129F8 /* Pnakys.gba */; };
		920341F62E255CE200D129F8 /* Pnakys.png in Resources */ = {isa = PBXBuildFile; fileRef = 920341F52E255CE200D129F8 /* Pnakys.png */; };
		920341F82E255D9F00D129F8 /* Smart Gamble.gba in Resources */ = {isa = PBXBuildFile; fileRef = 920341F72E255D9F00D129F8 /* Smart Gamble.gba */; };
		920341FA2E255DAB00D129F8 /* Smart Gamble.png in Resources */ = {isa = PBXBuildFile; fileRef = 920341F92E255DAB00D129F8 /* Smart Gamble.png */; };
		920341FC2E25610400D129F8 /* Lane.gba in Resources */ = {isa = PBXBuildFile; fileRef = 920341FB2E25610400D129F8 /* Lane.gba */; };
		920341FE2E25610800D129F8 /* Lane.png in Resources */ = {isa = PBXBuildFile; fileRef = 920341FD2E25610800D129F8 /* Lane.png */; };
		920342002E25613900D129F8 /* The Purple Night.png in Resources */ = {isa = PBXBuildFile; fileRef = 920341FF2E25613900D129F8 /* The Purple Night.png */; };
		920342022E25614400D129F8 /* The Purple Night.gba in Resources */ = {isa = PBXBuildFile; fileRef = 920342012E25614400D129F8 /* The Purple Night.gba */; };
		920342042E2561A100D129F8 /* THCTW.gba in Resources */ = {isa = PBXBuildFile; fileRef = 920342032E2561A100D129F8 /* THCTW.gba */; };
		920342062E2561AD00D129F8 /* THCTW.png in Resources */ = {isa = PBXBuildFile; fileRef = 920342052E2561AD00D129F8 /* THCTW.png */; };
		920342092E2561FB00D129F8 /* Dungeon Puzzlers Lament.gba in Resources */ = {isa = PBXBuildFile; fileRef = 920342072E2561FB00D129F8 /* Dungeon Puzzlers Lament.gba */; };
		9203420A2E2561FB00D129F8 /* Dungeon Puzzlers Lament.png in Resources */ = {isa = PBXBuildFile; fileRef = 920342082E2561FB00D129F8 /* Dungeon Puzzlers Lament.png */; };
		9203420D2E25628A00D129F8 /* Tremblay Island.gba in Resources */ = {isa = PBXBuildFile; fileRef = 9203420B2E25628A00D129F8 /* Tremblay Island.gba */; };
		9203420E2E25628A00D129F8 /* Tremblay Island.png in Resources */ = {isa = PBXBuildFile; fileRef = 9203420C2E25628A00D129F8 /* Tremblay Island.png */; };
		920342102E2562CF00D129F8 /* Blind Jump.gba in Resources */ = {isa = PBXBuildFile; fileRef = 9203420F2E2562CF00D129F8 /* Blind Jump.gba */; };
		920342122E2562D400D129F8 /* Blind Jump.png in Resources */ = {isa = PBXBuildFile; fileRef = 920342112E2562D400D129F8 /* Blind Jump.png */; };
		920342142E25630500D129F8 /* Covid Adventure.gba in Resources */ = {isa = PBXBuildFile; fileRef = 920342132E25630500D129F8 /* Covid Adventure.gba */; };
		920342162E25630A00D129F8 /* Covid Adventure.png in Resources */ = {isa = PBXBuildFile; fileRef = 920342152E25630A00D129F8 /* Covid Adventure.png */; };
		920342182E25635100D129F8 /* Math and Logic.gba in Resources */ = {isa = PBXBuildFile; fileRef = 920342172E25635100D129F8 /* Math and Logic.gba */; };
		9203421A2E25635500D129F8 /* Math and Logic.png in Resources */ = {isa = PBXBuildFile; fileRef = 920342192E25635500D129F8 /* Math and Logic.png */; };
		9203421C2E2563BA00D129F8 /* Gba Microjam 23.gba in Resources */ = {isa = PBXBuildFile; fileRef = 9203421B2E2563BA00D129F8 /* Gba Microjam 23.gba */; };
		9203421E2E2563C600D129F8 /* Gba Microjam 23.png in Resources */ = {isa = PBXBuildFile; fileRef = 9203421D2E2563C600D129F8 /* Gba Microjam 23.png */; };
		920342212E259CEF00D129F8 /* Arcade Mania.png in Resources */ = {isa = PBXBuildFile; fileRef = 920342202E259CEF00D129F8 /* Arcade Mania.png */; };
		920342222E259CEF00D129F8 /* Arcade Mania.gba in Resources */ = {isa = PBXBuildFile; fileRef = 9203421F2E259CEF00D129F8 /* Arcade Mania.gba */; };
		9203422C2E259E5F00D129F8 /* Symbol Merged.gba in Resources */ = {isa = PBXBuildFile; fileRef = 9203422B2E259E5F00D129F8 /* Symbol Merged.gba */; };
		9203422E2E259E6600D129F8 /* Symbol Merged.png in Resources */ = {isa = PBXBuildFile; fileRef = 9203422D2E259E6600D129F8 /* Symbol Merged.png */; };
		920342312E259EB500D129F8 /* Feline.gba in Resources */ = {isa = PBXBuildFile; fileRef = 9203422F2E259EB500D129F8 /* Feline.gba */; };
		920342322E259EB500D129F8 /* Feline.png in Resources */ = {isa = PBXBuildFile; fileRef = 920342302E259EB500D129F8 /* Feline.png */; };
		920342342E259F0100D129F8 /* DCPR.gba in Resources */ = {isa = PBXBuildFile; fileRef = 920342332E259F0100D129F8 /* DCPR.gba */; };
		920342362E259F0700D129F8 /* DCPR.png in Resources */ = {isa = PBXBuildFile; fileRef = 920342352E259F0700D129F8 /* DCPR.png */; };
		920342392E259F8B00D129F8 /* XNIQ.gba in Resources */ = {isa = PBXBuildFile; fileRef = 920342372E259F8B00D129F8 /* XNIQ.gba */; };
		9203423A2E259F8B00D129F8 /* XNIQ.png in Resources */ = {isa = PBXBuildFile; fileRef = 920342382E259F8B00D129F8 /* XNIQ.png */; };
		9203423C2E25A03400D129F8 /* Chocolate Hunter Runa.gba in Resources */ = {isa = PBXBuildFile; fileRef = 9203423B2E25A03400D129F8 /* Chocolate Hunter Runa.gba */; };
		9203423E2E25A03D00D129F8 /* Chocolate Hunter Runa.png in Resources */ = {isa = PBXBuildFile; fileRef = 9203423D2E25A03D00D129F8 /* Chocolate Hunter Runa.png */; };
		920342402E25A08F00D129F8 /* HEXES.gba in Resources */ = {isa = PBXBuildFile; fileRef = 9203423F2E25A08F00D129F8 /* HEXES.gba */; };
		920342422E25A09800D129F8 /* HEXES.png in Resources */ = {isa = PBXBuildFile; fileRef = 920342412E25A09800D129F8 /* HEXES.png */; };
		920342442E25A0EA00D129F8 /* Tigermoth.gba in Resources */ = {isa = PBXBuildFile; fileRef = 920342432E25A0EA00D129F8 /* Tigermoth.gba */; };
		920342462E25A0F100D129F8 /* Tigermoth.png in Resources */ = {isa = PBXBuildFile; fileRef = 920342452E25A0F100D129F8 /* Tigermoth.png */; };
		920342482E25A17100D129F8 /* Space Game.gba in Resources */ = {isa = PBXBuildFile; fileRef = 920342472E25A17100D129F8 /* Space Game.gba */; };
		9203424A2E25A17700D129F8 /* Space Game.png in Resources */ = {isa = PBXBuildFile; fileRef = 920342492E25A17700D129F8 /* Space Game.png */; };
		9203424C2E25A1AF00D129F8 /* Skyland.gba in Resources */ = {isa = PBXBuildFile; fileRef = 9203424B2E25A1AF00D129F8 /* Skyland.gba */; };
		9203424E2E25A1B500D129F8 /* Skyland.png in Resources */ = {isa = PBXBuildFile; fileRef = 9203424D2E25A1B500D129F8 /* Skyland.png */; };
		920342502E25A1DB00D129F8 /* WhereIsTheBall.gba in Resources */ = {isa = PBXBuildFile; fileRef = 9203424F2E25A1DB00D129F8 /* WhereIsTheBall.gba */; };
		920342522E25A1E700D129F8 /* WhereIsTheBall.png in Resources */ = {isa = PBXBuildFile; fileRef = 920342512E25A1E700D129F8 /* WhereIsTheBall.png */; };
		920342542E25A21000D129F8 /* The Axe.gba in Resources */ = {isa = PBXBuildFile; fileRef = 920342532E25A21000D129F8 /* The Axe.gba */; };
		920342562E25A21500D129F8 /* The Axe.png in Resources */ = {isa = PBXBuildFile; fileRef = 920342552E25A21500D129F8 /* The Axe.png */; };
		920342582E25A28100D129F8 /* Gabdeo.gba in Resources */ = {isa = PBXBuildFile; fileRef = 920342572E25A28100D129F8 /* Gabdeo.gba */; };
		9203425A2E25A28700D129F8 /* Gabdeo.png in Resources */ = {isa = PBXBuildFile; fileRef = 920342592E25A28700D129F8 /* Gabdeo.png */; };
		9203425C2E25A3F300D129F8 /* Minicraft.gba in Resources */ = {isa = PBXBuildFile; fileRef = 9203425B2E25A3F300D129F8 /* Minicraft.gba */; };
		9203425E2E25A3F700D129F8 /* Minicraft.png in Resources */ = {isa = PBXBuildFile; fileRef = 9203425D2E25A3F700D129F8 /* Minicraft.png */; };
		920342602E25AB8900D129F8 /* SFcave.gba in Resources */ = {isa = PBXBuildFile; fileRef = 9203425F2E25AB8900D129F8 /* SFcave.gba */; };
		920342622E25AB9400D129F8 /* SFcave.png in Resources */ = {isa = PBXBuildFile; fileRef = 920342612E25AB9400D129F8 /* SFcave.png */; };
		920342642E25ABEE00D129F8 /* Hearts.gba in Resources */ = {isa = PBXBuildFile; fileRef = 920342632E25ABEE00D129F8 /* Hearts.gba */; };
		920342662E25ABF400D129F8 /* Hearts.png in Resources */ = {isa = PBXBuildFile; fileRef = 920342652E25ABF400D129F8 /* Hearts.png */; };
		920342682E25AC7100D129F8 /* Blowhole.gba in Resources */ = {isa = PBXBuildFile; fileRef = 920342672E25AC7100D129F8 /* Blowhole.gba */; };
		9203426A2E25AC7900D129F8 /* Blowhole.png in Resources */ = {isa = PBXBuildFile; fileRef = 920342692E25AC7900D129F8 /* Blowhole.png */; };
		9203426C2E25ACAA00D129F8 /* luminesweeper.gba in Resources */ = {isa = PBXBuildFile; fileRef = 9203426B2E25ACAA00D129F8 /* luminesweeper.gba */; };
		9203426E2E25ACB000D129F8 /* luminesweeper.png in Resources */ = {isa = PBXBuildFile; fileRef = 9203426D2E25ACB000D129F8 /* luminesweeper.png */; };
		920342702E25ACDA00D129F8 /* MatchIt.gba in Resources */ = {isa = PBXBuildFile; fileRef = 9203426F2E25ACDA00D129F8 /* MatchIt.gba */; };
		920342722E25ACEA00D129F8 /* MatchIt.png in Resources */ = {isa = PBXBuildFile; fileRef = 920342712E25ACEA00D129F8 /* MatchIt.png */; };
		920342742E25AD3900D129F8 /* Codename Monkey Bots.gba in Resources */ = {isa = PBXBuildFile; fileRef = 920342732E25AD3900D129F8 /* Codename Monkey Bots.gba */; };
		920342762E25AD4200D129F8 /* Codename Monkey Bots.png in Resources */ = {isa = PBXBuildFile; fileRef = 920342752E25AD4200D129F8 /* Codename Monkey Bots.png */; };
		920342782E25ADA300D129F8 /* Nomad 2.gba in Resources */ = {isa = PBXBuildFile; fileRef = 920342772E25ADA300D129F8 /* Nomad 2.gba */; };
		9203427A2E25ADB000D129F8 /* Nomad 2.png in Resources */ = {isa = PBXBuildFile; fileRef = 920342792E25ADB000D129F8 /* Nomad 2.png */; };
		9203427C2E25AF9F00D129F8 /* Titei Senki.gba in Resources */ = {isa = PBXBuildFile; fileRef = 9203427B2E25AF9F00D129F8 /* Titei Senki.gba */; };
		9203427E2E25AFA500D129F8 /* Titei Senki.png in Resources */ = {isa = PBXBuildFile; fileRef = 9203427D2E25AFA500D129F8 /* Titei Senki.png */; };
		920342842E25B02100D129F8 /* GBATactics.gba in Resources */ = {isa = PBXBuildFile; fileRef = 920342832E25B02100D129F8 /* GBATactics.gba */; };
		920342862E25B02500D129F8 /* GBATactics.png in Resources */ = {isa = PBXBuildFile; fileRef = 920342852E25B02500D129F8 /* GBATactics.png */; };
		920342882E25B05A00D129F8 /* Battleship.gba in Resources */ = {isa = PBXBuildFile; fileRef = 920342872E25B05A00D129F8 /* Battleship.gba */; };
		9203428A2E25B06000D129F8 /* Battleship.png in Resources */ = {isa = PBXBuildFile; fileRef = 920342892E25B06000D129F8 /* Battleship.png */; };
		9203428C2E25B5B100D129F8 /* Blast Arena.gba in Resources */ = {isa = PBXBuildFile; fileRef = 9203428B2E25B5B100D129F8 /* Blast Arena.gba */; };
		9203428E2E25B5B600D129F8 /* Blast Arena.png in Resources */ = {isa = PBXBuildFile; fileRef = 9203428D2E25B5B600D129F8 /* Blast Arena.png */; };
		920342912E25B62E00D129F8 /* Derelict.png in Resources */ = {isa = PBXBuildFile; fileRef = 920342902E25B62E00D129F8 /* Derelict.png */; };
		920342922E25B62E00D129F8 /* Derelict.gba in Resources */ = {isa = PBXBuildFile; fileRef = 9203428F2E25B62E00D129F8 /* Derelict.gba */; };
		920342942E25B66800D129F8 /* Quantum Survival.gba in Resources */ = {isa = PBXBuildFile; fileRef = 920342932E25B66800D129F8 /* Quantum Survival.gba */; };
		920342962E25B66C00D129F8 /* Quantum Survival.png in Resources */ = {isa = PBXBuildFile; fileRef = 920342952E25B66C00D129F8 /* Quantum Survival.png */; };
		920342982E25B69D00D129F8 /* SeSnake.gba in Resources */ = {isa = PBXBuildFile; fileRef = 920342972E25B69D00D129F8 /* SeSnake.gba */; };
		9203429A2E25B6A200D129F8 /* SeSnake.png in Resources */ = {isa = PBXBuildFile; fileRef = 920342992E25B6A200D129F8 /* SeSnake.png */; };
		9203429C2E25B6C200D129F8 /* GO.gba in Resources */ = {isa = PBXBuildFile; fileRef = 9203429B2E25B6C200D129F8 /* GO.gba */; };
		9203429E2E25B6CB00D129F8 /* GO.png in Resources */ = {isa = PBXBuildFile; fileRef = 9203429D2E25B6CB00D129F8 /* GO.png */; };
		920342A12E25B6F200D129F8 /* Cats Curse.gba in Resources */ = {isa = PBXBuildFile; fileRef = 9203429F2E25B6F200D129F8 /* Cats Curse.gba */; };
		920342A42E264F3F00D129F8 /* Cats Curse.png in Resources */ = {isa = PBXBuildFile; fileRef = 920342A32E264F3F00D129F8 /* Cats Curse.png */; };
		92678D772DAA70E6001CEDD6 /* SQLite in Frameworks */ = {isa = PBXBuildFile; productRef = 92678D762DAA70E6001CEDD6 /* SQLite */; };
		92678D812DAA76F5001CEDD6 /* Cheat.swift in Sources */ = {isa = PBXBuildFile; fileRef = 92678D802DAA76F5001CEDD6 /* Cheat.swift */; };
		928FA3242DC0DC0100F3C848 /* SaveState.swift in Sources */ = {isa = PBXBuildFile; fileRef = 928FA3232DC0DC0100F3C848 /* SaveState.swift */; };
		928FA3262DC0DC3400F3C848 /* SaveStateView.swift in Sources */ = {isa = PBXBuildFile; fileRef = 928FA3252DC0DC3400F3C848 /* SaveStateView.swift */; };
		928FA3542DD8AEA500F3C848 /* GoogleService-Info.plist in Resources */ = {isa = PBXBuildFile; fileRef = 928FA3532DD8AEA500F3C848 /* GoogleService-Info.plist */; };
		928FA35F2DD8E88700F3C848 /* EngagementTracker.swift in Sources */ = {isa = PBXBuildFile; fileRef = 928FA35E2DD8E88700F3C848 /* EngagementTracker.swift */; };
		92EF51552E266FCC008D609E /* Hearts Cafe.gba in Resources */ = {isa = PBXBuildFile; fileRef = 92EF51542E266FCC008D609E /* Hearts Cafe.gba */; };
		92EF51572E266FD9008D609E /* Hearts Cafe.png in Resources */ = {isa = PBXBuildFile; fileRef = 92EF51562E266FD9008D609E /* Hearts Cafe.png */; };
		92EF51592E267047008D609E /* Dungeon.gba in Resources */ = {isa = PBXBuildFile; fileRef = 92EF51582E267047008D609E /* Dungeon.gba */; };
		92EF515B2E26704C008D609E /* Dungeon.png in Resources */ = {isa = PBXBuildFile; fileRef = 92EF515A2E26704C008D609E /* Dungeon.png */; };
		92EF515D2E2670CB008D609E /* PipeSpin.gba in Resources */ = {isa = PBXBuildFile; fileRef = 92EF515C2E2670CB008D609E /* PipeSpin.gba */; };
		92EF515F2E2670CC008D609E /* PipeSpin.png in Resources */ = {isa = PBXBuildFile; fileRef = 92EF515E2E2670CC008D609E /* PipeSpin.png */; };
		92EF51612E26716D008D609E /* GBA Puzzle Bobble.gba in Resources */ = {isa = PBXBuildFile; fileRef = 92EF51602E26716D008D609E /* GBA Puzzle Bobble.gba */; };
		92EF51632E26716E008D609E /* GBA Puzzle Bobble.png in Resources */ = {isa = PBXBuildFile; fileRef = 92EF51622E26716E008D609E /* GBA Puzzle Bobble.png */; };
		92EF51662E2671AA008D609E /* Inheritors of the Oubliette.gba in Resources */ = {isa = PBXBuildFile; fileRef = 92EF51642E2671AA008D609E /* Inheritors of the Oubliette.gba */; };
		92EF51672E2671AA008D609E /* Inheritors of the Oubliette.png in Resources */ = {isa = PBXBuildFile; fileRef = 92EF51652E2671AA008D609E /* Inheritors of the Oubliette.png */; };
		92EF51692E26721F008D609E /* Attack on Voxelburg.gba in Resources */ = {isa = PBXBuildFile; fileRef = 92EF51682E26721F008D609E /* Attack on Voxelburg.gba */; };
		92EF516B2E267220008D609E /* Attack on Voxelburg.png in Resources */ = {isa = PBXBuildFile; fileRef = 92EF516A2E267220008D609E /* Attack on Voxelburg.png */; };
		92EF516D2E267260008D609E /* Solar Guard.gba in Resources */ = {isa = PBXBuildFile; fileRef = 92EF516C2E267260008D609E /* Solar Guard.gba */; };
		92EF516F2E267261008D609E /* Solar Guard.png in Resources */ = {isa = PBXBuildFile; fileRef = 92EF516E2E267261008D609E /* Solar Guard.png */; };
		92EF51722E267294008D609E /* MineBoyAdvance.gba in Resources */ = {isa = PBXBuildFile; fileRef = 92EF51702E267294008D609E /* MineBoyAdvance.gba */; };
		92EF51732E267294008D609E /* MineBoyAdvance.png in Resources */ = {isa = PBXBuildFile; fileRef = 92EF51712E267294008D609E /* MineBoyAdvance.png */; };
		92EF51752E2672BE008D609E /* Glacia Dungeon.gba in Resources */ = {isa = PBXBuildFile; fileRef = 92EF51742E2672BE008D609E /* Glacia Dungeon.gba */; };
		92EF51772E2672BE008D609E /* Glacia Dungeon.png in Resources */ = {isa = PBXBuildFile; fileRef = 92EF51762E2672BE008D609E /* Glacia Dungeon.png */; };
		92EF51792E2672E6008D609E /* Piranha Crisis.gba in Resources */ = {isa = PBXBuildFile; fileRef = 92EF51782E2672E6008D609E /* Piranha Crisis.gba */; };
		92EF517B2E2672E7008D609E /* Piranha Crisis.png in Resources */ = {isa = PBXBuildFile; fileRef = 92EF517A2E2672E7008D609E /* Piranha Crisis.png */; };
		92EF517E2E267422008D609E /* WaimanuGBA.gba in Resources */ = {isa = PBXBuildFile; fileRef = 92EF517C2E267422008D609E /* WaimanuGBA.gba */; };
		92EF517F2E267422008D609E /* WaimanuGBA.png in Resources */ = {isa = PBXBuildFile; fileRef = 92EF517D2E267422008D609E /* WaimanuGBA.png */; };
		92EF51812E26744D008D609E /* RavenX.gba in Resources */ = {isa = PBXBuildFile; fileRef = 92EF51802E26744D008D609E /* RavenX.gba */; };
		92EF51832E267456008D609E /* RavenX.png in Resources */ = {isa = PBXBuildFile; fileRef = 92EF51822E267456008D609E /* RavenX.png */; };
		92EF51852E2693B0008D609E /* LicenseListView.swift in Sources */ = {isa = PBXBuildFile; fileRef = 92EF51842E2693B0008D609E /* LicenseListView.swift */; };
		92EF51872E2FBB17008D609E /* Super Tilt Bro.nes in Resources */ = {isa = PBXBuildFile; fileRef = 92EF51862E2FBB17008D609E /* Super Tilt Bro.nes */; };
		92EF51892E2FBB8C008D609E /* Super Tilt Bros.png in Resources */ = {isa = PBXBuildFile; fileRef = 92EF51882E2FBB8C008D609E /* Super Tilt Bros.png */; };
		92EF518B2E2FBCED008D609E /* NovaTheSquirrel.nes in Resources */ = {isa = PBXBuildFile; fileRef = 92EF518A2E2FBCED008D609E /* NovaTheSquirrel.nes */; };
		92EF518D2E2FBD8D008D609E /* NovaTheSquirrel.png in Resources */ = {isa = PBXBuildFile; fileRef = 92EF518C2E2FBD8D008D609E /* NovaTheSquirrel.png */; };
		92EF51902E2FBE71008D609E /* Famidash.nes in Resources */ = {isa = PBXBuildFile; fileRef = 92EF518E2E2FBE71008D609E /* Famidash.nes */; };
		92EF51912E2FBE71008D609E /* Famidash.png in Resources */ = {isa = PBXBuildFile; fileRef = 92EF518F2E2FBE71008D609E /* Famidash.png */; };
		92EF51942E2FC400008D609E /* Falling.nes in Resources */ = {isa = PBXBuildFile; fileRef = 92EF51922E2FC400008D609E /* Falling.nes */; };
		92EF51952E2FC400008D609E /* Falling.png in Resources */ = {isa = PBXBuildFile; fileRef = 92EF51932E2FC400008D609E /* Falling.png */; };
		92EF51972E2FC603008D609E /* dabg.nes in Resources */ = {isa = PBXBuildFile; fileRef = 92EF51962E2FC603008D609E /* dabg.nes */; };
		92EF51992E2FC61A008D609E /* dabg.png in Resources */ = {isa = PBXBuildFile; fileRef = 92EF51982E2FC61A008D609E /* dabg.png */; };
		92EF519B2E2FC92E008D609E /* openNesSnake.png in Resources */ = {isa = PBXBuildFile; fileRef = 92EF519A2E2FC92E008D609E /* openNesSnake.png */; };
		92EF519D2E2FC93B008D609E /* openNesSnake.nes in Resources */ = {isa = PBXBuildFile; fileRef = 92EF519C2E2FC93B008D609E /* openNesSnake.nes */; };
		92EF519F2E2FC98B008D609E /* openNesBreakout.png in Resources */ = {isa = PBXBuildFile; fileRef = 92EF519E2E2FC98B008D609E /* openNesBreakout.png */; };
		92EF51A12E2FC9A9008D609E /* openNesBreakout.nes in Resources */ = {isa = PBXBuildFile; fileRef = 92EF51A02E2FC9A9008D609E /* openNesBreakout.nes */; };
		92EF51A32E2FCE04008D609E /* CocoBattleRoyale.nes in Resources */ = {isa = PBXBuildFile; fileRef = 92EF51A22E2FCE04008D609E /* CocoBattleRoyale.nes */; };
		92EF51A52E2FCE12008D609E /* CocoBattleRoyale.png in Resources */ = {isa = PBXBuildFile; fileRef = 92EF51A42E2FCE12008D609E /* CocoBattleRoyale.png */; };
		92EF51A72E2FD05A008D609E /* Ghosts_And_Graves.nes in Resources */ = {isa = PBXBuildFile; fileRef = 92EF51A62E2FD05A008D609E /* Ghosts_And_Graves.nes */; };
		92EF51A92E2FD0B3008D609E /* Ghosts_And_Graves.png in Resources */ = {isa = PBXBuildFile; fileRef = 92EF51A82E2FD0B3008D609E /* Ghosts_And_Graves.png */; };
		9A6F41B1841602256D9A9987 /* Pods_SOOLRA.framework in Frameworks */ = {isa = PBXBuildFile; fileRef = 5373F8BB57550C87EB6D0573 /* Pods_SOOLRA.framework */; };
		9D123D012CD0041D007508A8 /* D-DINCondensed.ttf in Resources */ = {isa = PBXBuildFile; fileRef = 9D123D002CD0041C007508A8 /* D-DINCondensed.ttf */; };
		9D123D032CD0046B007508A8 /* Ebrima.ttf in Resources */ = {isa = PBXBuildFile; fileRef = 9D123D022CD0046B007508A8 /* Ebrima.ttf */; };
		9D123D052CD007EE007508A8 /* D-DINCondensed-Bold.ttf in Resources */ = {isa = PBXBuildFile; fileRef = 9D123D042CD007EE007508A8 /* D-DINCondensed-Bold.ttf */; };
		9D123D072CD008E4007508A8 /* D-DIN.ttf in Resources */ = {isa = PBXBuildFile; fileRef = 9D123D062CD008E4007508A8 /* D-DIN.ttf */; };
		9D123D0F2CD00B56007508A8 /* DINCondensed-Regular.ttf in Resources */ = {isa = PBXBuildFile; fileRef = 9D123D0E2CD00B56007508A8 /* DINCondensed-Regular.ttf */; };
/* End PBXBuildFile section */

/* Begin PBXFileReference section */
		180A47A12866E4EA00A82F16 /* DocumentPicker.swift */ = {isa = PBXFileReference; lastKnownFileType = sourcecode.swift; path = DocumentPicker.swift; sourceTree = "<group>"; };
		180C86EF286B3F02009E7C0D /* HomeView+ViewModel.swift */ = {isa = PBXFileReference; lastKnownFileType = sourcecode.swift; path = "HomeView+ViewModel.swift"; sourceTree = "<group>"; };
		183DF16A2862C99E0088FE1C /* SOOLRA.app */ = {isa = PBXFileReference; explicitFileType = wrapper.application; includeInIndex = 0; path = SOOLRA.app; sourceTree = BUILT_PRODUCTS_DIR; };
		183DF16D2862C99E0088FE1C /* SoolraApp.swift */ = {isa = PBXFileReference; lastKnownFileType = sourcecode.swift; path = SoolraApp.swift; sourceTree = "<group>"; };
		183DF1712862C9A00088FE1C /* Assets.xcassets */ = {isa = PBXFileReference; lastKnownFileType = folder.assetcatalog; path = Assets.xcassets; sourceTree = "<group>"; };
		183DF1742862C9A00088FE1C /* Preview Assets.xcassets */ = {isa = PBXFileReference; lastKnownFileType = folder.assetcatalog; path = "Preview Assets.xcassets"; sourceTree = "<group>"; };
		185B91802869EE8C003F88F5 /* Model.xcdatamodel */ = {isa = PBXFileReference; lastKnownFileType = wrapper.xcdatamodel; path = Model.xcdatamodel; sourceTree = "<group>"; };
		186B04AC28661B940013EFDC /* CGPoint+distanceTo.swift */ = {isa = PBXFileReference; lastKnownFileType = sourcecode.swift; path = "CGPoint+distanceTo.swift"; sourceTree = "<group>"; };
		18EBB74A2864A13A00903F43 /* HomeView.swift */ = {isa = PBXFileReference; lastKnownFileType = sourcecode.swift; path = HomeView.swift; sourceTree = "<group>"; };
		3CB0528C3BB2271EEE7EDD3D /* Pods-SOOLRA.release.xcconfig */ = {isa = PBXFileReference; includeInIndex = 1; lastKnownFileType = text.xcconfig; name = "Pods-SOOLRA.release.xcconfig"; path = "Target Support Files/Pods-SOOLRA/Pods-SOOLRA.release.xcconfig"; sourceTree = "<group>"; };
		4C23EA0A2D50048400039871 /* Bridging-Header.h */ = {isa = PBXFileReference; lastKnownFileType = sourcecode.c.h; path = "Bridging-Header.h"; sourceTree = "<group>"; };
		4C9253D32D47ED2B00E38366 /* HapticManager.swift */ = {isa = PBXFileReference; lastKnownFileType = sourcecode.swift; path = HapticManager.swift; sourceTree = "<group>"; };
		4CB5AA5E2D61B206003E1677 /* MetalManager.swift */ = {isa = PBXFileReference; lastKnownFileType = sourcecode.swift; path = MetalManager.swift; sourceTree = "<group>"; };
		4CC26D992D4BABC300F3D262 /* ConsoleCoreManager.swift */ = {isa = PBXFileReference; lastKnownFileType = sourcecode.swift; path = ConsoleCoreManager.swift; sourceTree = "<group>"; };
		4CCFFDB22D4E94D0002B9F4A /* launchvideo.mp4 */ = {isa = PBXFileReference; lastKnownFileType = file; path = launchvideo.mp4; sourceTree = "<group>"; };
		4CEF41C72D21A4670068BC5B /* RomManager.swift */ = {isa = PBXFileReference; lastKnownFileType = sourcecode.swift; path = RomManager.swift; sourceTree = "<group>"; };
		5373F8BB57550C87EB6D0573 /* Pods_SOOLRA.framework */ = {isa = PBXFileReference; explicitFileType = wrapper.framework; includeInIndex = 0; path = Pods_SOOLRA.framework; sourceTree = BUILT_PRODUCTS_DIR; };
		7032EDC02C76059400828A41 /* SettingsView.swift */ = {isa = PBXFileReference; lastKnownFileType = sourcecode.swift; path = SettingsView.swift; sourceTree = "<group>"; };
		7032EDC22C761C5800828A41 /* ThemeManager.swift */ = {isa = PBXFileReference; lastKnownFileType = sourcecode.swift; path = ThemeManager.swift; sourceTree = "<group>"; };
		705827972C75766200AB8682 /* Orbitron-SemiBold.ttf */ = {isa = PBXFileReference; lastKnownFileType = file; path = "Orbitron-SemiBold.ttf"; sourceTree = "<group>"; };
		705827982C75766300AB8682 /* Orbitron-Bold.ttf */ = {isa = PBXFileReference; lastKnownFileType = file; path = "Orbitron-Bold.ttf"; sourceTree = "<group>"; };
		705827992C75766300AB8682 /* Orbitron-Medium.ttf */ = {isa = PBXFileReference; lastKnownFileType = file; path = "Orbitron-Medium.ttf"; sourceTree = "<group>"; };
		7058279A2C75766300AB8682 /* Orbitron-Regular.ttf */ = {isa = PBXFileReference; lastKnownFileType = file; path = "Orbitron-Regular.ttf"; sourceTree = "<group>"; };
		7058279B2C75766300AB8682 /* Orbitron-ExtraBold.ttf */ = {isa = PBXFileReference; lastKnownFileType = file; path = "Orbitron-ExtraBold.ttf"; sourceTree = "<group>"; };
		7058279C2C75766300AB8682 /* Orbitron-Black.ttf */ = {isa = PBXFileReference; lastKnownFileType = file; path = "Orbitron-Black.ttf"; sourceTree = "<group>"; };
		705827A32C7576D500AB8682 /* info.plist */ = {isa = PBXFileReference; lastKnownFileType = text.plist.xml; path = info.plist; sourceTree = "<group>"; };
		70838FDB2C6BC96500B7AE46 /* SplashView.swift */ = {isa = PBXFileReference; lastKnownFileType = sourcecode.swift; path = SplashView.swift; sourceTree = "<group>"; };
		70BD249F2C6BF6F10070B5F9 /* Colors.swift */ = {isa = PBXFileReference; lastKnownFileType = sourcecode.swift; path = Colors.swift; sourceTree = "<group>"; };
		920341B02E253AAE00D129F8 /* Astrohawk.png */ = {isa = PBXFileReference; lastKnownFileType = image.png; path = Astrohawk.png; sourceTree = "<group>"; };
		920341B22E253AAE00D129F8 /* Chase.png */ = {isa = PBXFileReference; lastKnownFileType = image.png; path = Chase.png; sourceTree = "<group>"; };
		920341B72E253AAE00D129F8 /* MeteoRain.png */ = {isa = PBXFileReference; lastKnownFileType = image.png; path = MeteoRain.png; sourceTree = "<group>"; };
		920341B92E253AAE00D129F8 /* Pong.png */ = {isa = PBXFileReference; lastKnownFileType = image.png; path = Pong.png; sourceTree = "<group>"; };
		920341BA2E253AAE00D129F8 /* Radicorn.png */ = {isa = PBXFileReference; lastKnownFileType = image.png; path = Radicorn.png; sourceTree = "<group>"; };
		920341C12E253AAE00D129F8 /* Astrohawk.gba */ = {isa = PBXFileReference; lastKnownFileType = file; path = Astrohawk.gba; sourceTree = "<group>"; };
		920341C32E253AAE00D129F8 /* Chase.nes */ = {isa = PBXFileReference; lastKnownFileType = file; path = Chase.nes; sourceTree = "<group>"; };
		920341C82E253AAE00D129F8 /* MeteoRain.gba */ = {isa = PBXFileReference; lastKnownFileType = file; path = MeteoRain.gba; sourceTree = "<group>"; };
		920341CA2E253AAE00D129F8 /* Pong.gba */ = {isa = PBXFileReference; lastKnownFileType = file; path = Pong.gba; sourceTree = "<group>"; };
		920341CB2E253AAE00D129F8 /* Radicorn.gba */ = {isa = PBXFileReference; lastKnownFileType = file; path = Radicorn.gba; sourceTree = "<group>"; };
		920341EF2E25401C00D129F8 /* Christmas Advance.png */ = {isa = PBXFileReference; lastKnownFileType = image.png; path = "Christmas Advance.png"; sourceTree = "<group>"; };
		920341F12E25402D00D129F8 /* Christmas Advance.gba */ = {isa = PBXFileReference; lastKnownFileType = file; path = "Christmas Advance.gba"; sourceTree = "<group>"; };
		920341F32E255CBC00D129F8 /* Pnakys.gba */ = {isa = PBXFileReference; lastKnownFileType = file; path = Pnakys.gba; sourceTree = "<group>"; };
		920341F52E255CE200D129F8 /* Pnakys.png */ = {isa = PBXFileReference; lastKnownFileType = image.png; path = Pnakys.png; sourceTree = "<group>"; };
		920341F72E255D9F00D129F8 /* Smart Gamble.gba */ = {isa = PBXFileReference; lastKnownFileType = file; path = "Smart Gamble.gba"; sourceTree = "<group>"; };
		920341F92E255DAB00D129F8 /* Smart Gamble.png */ = {isa = PBXFileReference; lastKnownFileType = image.png; path = "Smart Gamble.png"; sourceTree = "<group>"; };
		920341FB2E25610400D129F8 /* Lane.gba */ = {isa = PBXFileReference; lastKnownFileType = file; path = Lane.gba; sourceTree = "<group>"; };
		920341FD2E25610800D129F8 /* Lane.png */ = {isa = PBXFileReference; lastKnownFileType = image.png; path = Lane.png; sourceTree = "<group>"; };
		920341FF2E25613900D129F8 /* The Purple Night.png */ = {isa = PBXFileReference; lastKnownFileType = image.png; path = "The Purple Night.png"; sourceTree = "<group>"; };
		920342012E25614400D129F8 /* The Purple Night.gba */ = {isa = PBXFileReference; lastKnownFileType = file; path = "The Purple Night.gba"; sourceTree = "<group>"; };
		920342032E2561A100D129F8 /* THCTW.gba */ = {isa = PBXFileReference; lastKnownFileType = file; path = THCTW.gba; sourceTree = "<group>"; };
		920342052E2561AD00D129F8 /* THCTW.png */ = {isa = PBXFileReference; lastKnownFileType = image.png; path = THCTW.png; sourceTree = "<group>"; };
		920342072E2561FB00D129F8 /* Dungeon Puzzlers Lament.gba */ = {isa = PBXFileReference; lastKnownFileType = file; path = "Dungeon Puzzlers Lament.gba"; sourceTree = "<group>"; };
		920342082E2561FB00D129F8 /* Dungeon Puzzlers Lament.png */ = {isa = PBXFileReference; lastKnownFileType = image.png; path = "Dungeon Puzzlers Lament.png"; sourceTree = "<group>"; };
		9203420B2E25628A00D129F8 /* Tremblay Island.gba */ = {isa = PBXFileReference; lastKnownFileType = file; path = "Tremblay Island.gba"; sourceTree = "<group>"; };
		9203420C2E25628A00D129F8 /* Tremblay Island.png */ = {isa = PBXFileReference; lastKnownFileType = image.png; path = "Tremblay Island.png"; sourceTree = "<group>"; };
		9203420F2E2562CF00D129F8 /* Blind Jump.gba */ = {isa = PBXFileReference; lastKnownFileType = file; path = "Blind Jump.gba"; sourceTree = "<group>"; };
		920342112E2562D400D129F8 /* Blind Jump.png */ = {isa = PBXFileReference; lastKnownFileType = image.png; path = "Blind Jump.png"; sourceTree = "<group>"; };
		920342132E25630500D129F8 /* Covid Adventure.gba */ = {isa = PBXFileReference; lastKnownFileType = file; path = "Covid Adventure.gba"; sourceTree = "<group>"; };
		920342152E25630A00D129F8 /* Covid Adventure.png */ = {isa = PBXFileReference; lastKnownFileType = image.png; path = "Covid Adventure.png"; sourceTree = "<group>"; };
		920342172E25635100D129F8 /* Math and Logic.gba */ = {isa = PBXFileReference; lastKnownFileType = file; path = "Math and Logic.gba"; sourceTree = "<group>"; };
		920342192E25635500D129F8 /* Math and Logic.png */ = {isa = PBXFileReference; lastKnownFileType = image.png; path = "Math and Logic.png"; sourceTree = "<group>"; };
		9203421B2E2563BA00D129F8 /* Gba Microjam 23.gba */ = {isa = PBXFileReference; lastKnownFileType = file; path = "Gba Microjam 23.gba"; sourceTree = "<group>"; };
		9203421D2E2563C600D129F8 /* Gba Microjam 23.png */ = {isa = PBXFileReference; lastKnownFileType = image.png; path = "Gba Microjam 23.png"; sourceTree = "<group>"; };
		9203421F2E259CEF00D129F8 /* Arcade Mania.gba */ = {isa = PBXFileReference; lastKnownFileType = file; path = "Arcade Mania.gba"; sourceTree = "<group>"; };
		920342202E259CEF00D129F8 /* Arcade Mania.png */ = {isa = PBXFileReference; lastKnownFileType = image.png; path = "Arcade Mania.png"; sourceTree = "<group>"; };
		9203422B2E259E5F00D129F8 /* Symbol Merged.gba */ = {isa = PBXFileReference; lastKnownFileType = file; path = "Symbol Merged.gba"; sourceTree = "<group>"; };
		9203422D2E259E6600D129F8 /* Symbol Merged.png */ = {isa = PBXFileReference; lastKnownFileType = image.png; path = "Symbol Merged.png"; sourceTree = "<group>"; };
		9203422F2E259EB500D129F8 /* Feline.gba */ = {isa = PBXFileReference; lastKnownFileType = file; path = Feline.gba; sourceTree = "<group>"; };
		920342302E259EB500D129F8 /* Feline.png */ = {isa = PBXFileReference; lastKnownFileType = image.png; path = Feline.png; sourceTree = "<group>"; };
		920342332E259F0100D129F8 /* DCPR.gba */ = {isa = PBXFileReference; lastKnownFileType = file; path = DCPR.gba; sourceTree = "<group>"; };
		920342352E259F0700D129F8 /* DCPR.png */ = {isa = PBXFileReference; lastKnownFileType = image.png; path = DCPR.png; sourceTree = "<group>"; };
		920342372E259F8B00D129F8 /* XNIQ.gba */ = {isa = PBXFileReference; lastKnownFileType = file; path = XNIQ.gba; sourceTree = "<group>"; };
		920342382E259F8B00D129F8 /* XNIQ.png */ = {isa = PBXFileReference; lastKnownFileType = image.png; path = XNIQ.png; sourceTree = "<group>"; };
		9203423B2E25A03400D129F8 /* Chocolate Hunter Runa.gba */ = {isa = PBXFileReference; lastKnownFileType = file; path = "Chocolate Hunter Runa.gba"; sourceTree = "<group>"; };
		9203423D2E25A03D00D129F8 /* Chocolate Hunter Runa.png */ = {isa = PBXFileReference; lastKnownFileType = image.png; path = "Chocolate Hunter Runa.png"; sourceTree = "<group>"; };
		9203423F2E25A08F00D129F8 /* HEXES.gba */ = {isa = PBXFileReference; lastKnownFileType = file; path = HEXES.gba; sourceTree = "<group>"; };
		920342412E25A09800D129F8 /* HEXES.png */ = {isa = PBXFileReference; lastKnownFileType = image.png; path = HEXES.png; sourceTree = "<group>"; };
		920342432E25A0EA00D129F8 /* Tigermoth.gba */ = {isa = PBXFileReference; lastKnownFileType = file; path = Tigermoth.gba; sourceTree = "<group>"; };
		920342452E25A0F100D129F8 /* Tigermoth.png */ = {isa = PBXFileReference; lastKnownFileType = image.png; path = Tigermoth.png; sourceTree = "<group>"; };
		920342472E25A17100D129F8 /* Space Game.gba */ = {isa = PBXFileReference; lastKnownFileType = file; path = "Space Game.gba"; sourceTree = "<group>"; };
		920342492E25A17700D129F8 /* Space Game.png */ = {isa = PBXFileReference; lastKnownFileType = image.png; path = "Space Game.png"; sourceTree = "<group>"; };
		9203424B2E25A1AF00D129F8 /* Skyland.gba */ = {isa = PBXFileReference; lastKnownFileType = file; path = Skyland.gba; sourceTree = "<group>"; };
		9203424D2E25A1B500D129F8 /* Skyland.png */ = {isa = PBXFileReference; lastKnownFileType = image.png; path = Skyland.png; sourceTree = "<group>"; };
		9203424F2E25A1DB00D129F8 /* WhereIsTheBall.gba */ = {isa = PBXFileReference; lastKnownFileType = file; path = WhereIsTheBall.gba; sourceTree = "<group>"; };
		920342512E25A1E700D129F8 /* WhereIsTheBall.png */ = {isa = PBXFileReference; lastKnownFileType = image.png; path = WhereIsTheBall.png; sourceTree = "<group>"; };
		920342532E25A21000D129F8 /* The Axe.gba */ = {isa = PBXFileReference; lastKnownFileType = file; path = "The Axe.gba"; sourceTree = "<group>"; };
		920342552E25A21500D129F8 /* The Axe.png */ = {isa = PBXFileReference; lastKnownFileType = image.png; path = "The Axe.png"; sourceTree = "<group>"; };
		920342572E25A28100D129F8 /* Gabdeo.gba */ = {isa = PBXFileReference; lastKnownFileType = file; path = Gabdeo.gba; sourceTree = "<group>"; };
		920342592E25A28700D129F8 /* Gabdeo.png */ = {isa = PBXFileReference; lastKnownFileType = image.png; path = Gabdeo.png; sourceTree = "<group>"; };
		9203425B2E25A3F300D129F8 /* Minicraft.gba */ = {isa = PBXFileReference; lastKnownFileType = file; path = Minicraft.gba; sourceTree = "<group>"; };
		9203425D2E25A3F700D129F8 /* Minicraft.png */ = {isa = PBXFileReference; lastKnownFileType = image.png; path = Minicraft.png; sourceTree = "<group>"; };
		9203425F2E25AB8900D129F8 /* SFcave.gba */ = {isa = PBXFileReference; lastKnownFileType = file; path = SFcave.gba; sourceTree = "<group>"; };
		920342612E25AB9400D129F8 /* SFcave.png */ = {isa = PBXFileReference; lastKnownFileType = image.png; path = SFcave.png; sourceTree = "<group>"; };
		920342632E25ABEE00D129F8 /* Hearts.gba */ = {isa = PBXFileReference; lastKnownFileType = file; path = Hearts.gba; sourceTree = "<group>"; };
		920342652E25ABF400D129F8 /* Hearts.png */ = {isa = PBXFileReference; lastKnownFileType = image.png; path = Hearts.png; sourceTree = "<group>"; };
		920342672E25AC7100D129F8 /* Blowhole.gba */ = {isa = PBXFileReference; lastKnownFileType = file; path = Blowhole.gba; sourceTree = "<group>"; };
		920342692E25AC7900D129F8 /* Blowhole.png */ = {isa = PBXFileReference; lastKnownFileType = image.png; path = Blowhole.png; sourceTree = "<group>"; };
		9203426B2E25ACAA00D129F8 /* luminesweeper.gba */ = {isa = PBXFileReference; lastKnownFileType = file; path = luminesweeper.gba; sourceTree = "<group>"; };
		9203426D2E25ACB000D129F8 /* luminesweeper.png */ = {isa = PBXFileReference; lastKnownFileType = image.png; path = luminesweeper.png; sourceTree = "<group>"; };
		9203426F2E25ACDA00D129F8 /* MatchIt.gba */ = {isa = PBXFileReference; lastKnownFileType = file; path = MatchIt.gba; sourceTree = "<group>"; };
		920342712E25ACEA00D129F8 /* MatchIt.png */ = {isa = PBXFileReference; lastKnownFileType = image.png; path = MatchIt.png; sourceTree = "<group>"; };
		920342732E25AD3900D129F8 /* Codename Monkey Bots.gba */ = {isa = PBXFileReference; lastKnownFileType = file; path = "Codename Monkey Bots.gba"; sourceTree = "<group>"; };
		920342752E25AD4200D129F8 /* Codename Monkey Bots.png */ = {isa = PBXFileReference; lastKnownFileType = image.png; path = "Codename Monkey Bots.png"; sourceTree = "<group>"; };
		920342772E25ADA300D129F8 /* Nomad 2.gba */ = {isa = PBXFileReference; lastKnownFileType = file; path = "Nomad 2.gba"; sourceTree = "<group>"; };
		920342792E25ADB000D129F8 /* Nomad 2.png */ = {isa = PBXFileReference; lastKnownFileType = image.png; path = "Nomad 2.png"; sourceTree = "<group>"; };
		9203427B2E25AF9F00D129F8 /* Titei Senki.gba */ = {isa = PBXFileReference; lastKnownFileType = file; path = "Titei Senki.gba"; sourceTree = "<group>"; };
		9203427D2E25AFA500D129F8 /* Titei Senki.png */ = {isa = PBXFileReference; lastKnownFileType = image.png; path = "Titei Senki.png"; sourceTree = "<group>"; };
		920342832E25B02100D129F8 /* GBATactics.gba */ = {isa = PBXFileReference; lastKnownFileType = file; path = GBATactics.gba; sourceTree = "<group>"; };
		920342852E25B02500D129F8 /* GBATactics.png */ = {isa = PBXFileReference; lastKnownFileType = image.png; path = GBATactics.png; sourceTree = "<group>"; };
		920342872E25B05A00D129F8 /* Battleship.gba */ = {isa = PBXFileReference; lastKnownFileType = file; path = Battleship.gba; sourceTree = "<group>"; };
		920342892E25B06000D129F8 /* Battleship.png */ = {isa = PBXFileReference; lastKnownFileType = image.png; path = Battleship.png; sourceTree = "<group>"; };
		9203428B2E25B5B100D129F8 /* Blast Arena.gba */ = {isa = PBXFileReference; lastKnownFileType = file; path = "Blast Arena.gba"; sourceTree = "<group>"; };
		9203428D2E25B5B600D129F8 /* Blast Arena.png */ = {isa = PBXFileReference; lastKnownFileType = image.png; path = "Blast Arena.png"; sourceTree = "<group>"; };
		9203428F2E25B62E00D129F8 /* Derelict.gba */ = {isa = PBXFileReference; lastKnownFileType = file; path = Derelict.gba; sourceTree = "<group>"; };
		920342902E25B62E00D129F8 /* Derelict.png */ = {isa = PBXFileReference; lastKnownFileType = image.png; path = Derelict.png; sourceTree = "<group>"; };
		920342932E25B66800D129F8 /* Quantum Survival.gba */ = {isa = PBXFileReference; lastKnownFileType = file; path = "Quantum Survival.gba"; sourceTree = "<group>"; };
		920342952E25B66C00D129F8 /* Quantum Survival.png */ = {isa = PBXFileReference; lastKnownFileType = image.png; path = "Quantum Survival.png"; sourceTree = "<group>"; };
		920342972E25B69D00D129F8 /* SeSnake.gba */ = {isa = PBXFileReference; lastKnownFileType = file; path = SeSnake.gba; sourceTree = "<group>"; };
		920342992E25B6A200D129F8 /* SeSnake.png */ = {isa = PBXFileReference; lastKnownFileType = image.png; path = SeSnake.png; sourceTree = "<group>"; };
		9203429B2E25B6C200D129F8 /* GO.gba */ = {isa = PBXFileReference; lastKnownFileType = file; path = GO.gba; sourceTree = "<group>"; };
		9203429D2E25B6CB00D129F8 /* GO.png */ = {isa = PBXFileReference; lastKnownFileType = image.png; path = GO.png; sourceTree = "<group>"; };
		9203429F2E25B6F200D129F8 /* Cats Curse.gba */ = {isa = PBXFileReference; lastKnownFileType = file; path = "Cats Curse.gba"; sourceTree = "<group>"; };
		920342A32E264F3F00D129F8 /* Cats Curse.png */ = {isa = PBXFileReference; lastKnownFileType = image.png; path = "Cats Curse.png"; sourceTree = "<group>"; };
		92678D802DAA76F5001CEDD6 /* Cheat.swift */ = {isa = PBXFileReference; lastKnownFileType = sourcecode.swift; path = Cheat.swift; sourceTree = "<group>"; };
		928FA3232DC0DC0100F3C848 /* SaveState.swift */ = {isa = PBXFileReference; lastKnownFileType = sourcecode.swift; path = SaveState.swift; sourceTree = "<group>"; };
		928FA3252DC0DC3400F3C848 /* SaveStateView.swift */ = {isa = PBXFileReference; lastKnownFileType = sourcecode.swift; path = SaveStateView.swift; sourceTree = "<group>"; };
		928FA3532DD8AEA500F3C848 /* GoogleService-Info.plist */ = {isa = PBXFileReference; lastKnownFileType = text.plist.xml; path = "GoogleService-Info.plist"; sourceTree = "<group>"; };
		928FA35E2DD8E88700F3C848 /* EngagementTracker.swift */ = {isa = PBXFileReference; lastKnownFileType = sourcecode.swift; path = EngagementTracker.swift; sourceTree = "<group>"; };
		92EF51542E266FCC008D609E /* Hearts Cafe.gba */ = {isa = PBXFileReference; lastKnownFileType = file; path = "Hearts Cafe.gba"; sourceTree = "<group>"; };
		92EF51562E266FD9008D609E /* Hearts Cafe.png */ = {isa = PBXFileReference; lastKnownFileType = image.png; path = "Hearts Cafe.png"; sourceTree = "<group>"; };
		92EF51582E267047008D609E /* Dungeon.gba */ = {isa = PBXFileReference; lastKnownFileType = file; path = Dungeon.gba; sourceTree = "<group>"; };
		92EF515A2E26704C008D609E /* Dungeon.png */ = {isa = PBXFileReference; lastKnownFileType = image.png; path = Dungeon.png; sourceTree = "<group>"; };
		92EF515C2E2670CB008D609E /* PipeSpin.gba */ = {isa = PBXFileReference; lastKnownFileType = file; path = PipeSpin.gba; sourceTree = "<group>"; };
		92EF515E2E2670CC008D609E /* PipeSpin.png */ = {isa = PBXFileReference; lastKnownFileType = image.png; path = PipeSpin.png; sourceTree = "<group>"; };
		92EF51602E26716D008D609E /* GBA Puzzle Bobble.gba */ = {isa = PBXFileReference; lastKnownFileType = file; path = "GBA Puzzle Bobble.gba"; sourceTree = "<group>"; };
		92EF51622E26716E008D609E /* GBA Puzzle Bobble.png */ = {isa = PBXFileReference; lastKnownFileType = image.png; path = "GBA Puzzle Bobble.png"; sourceTree = "<group>"; };
		92EF51642E2671AA008D609E /* Inheritors of the Oubliette.gba */ = {isa = PBXFileReference; lastKnownFileType = file; path = "Inheritors of the Oubliette.gba"; sourceTree = "<group>"; };
		92EF51652E2671AA008D609E /* Inheritors of the Oubliette.png */ = {isa = PBXFileReference; lastKnownFileType = image.png; path = "Inheritors of the Oubliette.png"; sourceTree = "<group>"; };
		92EF51682E26721F008D609E /* Attack on Voxelburg.gba */ = {isa = PBXFileReference; lastKnownFileType = file; path = "Attack on Voxelburg.gba"; sourceTree = "<group>"; };
		92EF516A2E267220008D609E /* Attack on Voxelburg.png */ = {isa = PBXFileReference; lastKnownFileType = image.png; path = "Attack on Voxelburg.png"; sourceTree = "<group>"; };
		92EF516C2E267260008D609E /* Solar Guard.gba */ = {isa = PBXFileReference; lastKnownFileType = file; path = "Solar Guard.gba"; sourceTree = "<group>"; };
		92EF516E2E267261008D609E /* Solar Guard.png */ = {isa = PBXFileReference; lastKnownFileType = image.png; path = "Solar Guard.png"; sourceTree = "<group>"; };
		92EF51702E267294008D609E /* MineBoyAdvance.gba */ = {isa = PBXFileReference; lastKnownFileType = file; path = MineBoyAdvance.gba; sourceTree = "<group>"; };
		92EF51712E267294008D609E /* MineBoyAdvance.png */ = {isa = PBXFileReference; lastKnownFileType = image.png; path = MineBoyAdvance.png; sourceTree = "<group>"; };
		92EF51742E2672BE008D609E /* Glacia Dungeon.gba */ = {isa = PBXFileReference; lastKnownFileType = file; path = "Glacia Dungeon.gba"; sourceTree = "<group>"; };
		92EF51762E2672BE008D609E /* Glacia Dungeon.png */ = {isa = PBXFileReference; lastKnownFileType = image.png; path = "Glacia Dungeon.png"; sourceTree = "<group>"; };
		92EF51782E2672E6008D609E /* Piranha Crisis.gba */ = {isa = PBXFileReference; lastKnownFileType = file; path = "Piranha Crisis.gba"; sourceTree = "<group>"; };
		92EF517A2E2672E7008D609E /* Piranha Crisis.png */ = {isa = PBXFileReference; lastKnownFileType = image.png; path = "Piranha Crisis.png"; sourceTree = "<group>"; };
		92EF517C2E267422008D609E /* WaimanuGBA.gba */ = {isa = PBXFileReference; lastKnownFileType = file; path = WaimanuGBA.gba; sourceTree = "<group>"; };
		92EF517D2E267422008D609E /* WaimanuGBA.png */ = {isa = PBXFileReference; lastKnownFileType = image.png; path = WaimanuGBA.png; sourceTree = "<group>"; };
		92EF51802E26744D008D609E /* RavenX.gba */ = {isa = PBXFileReference; lastKnownFileType = file; path = RavenX.gba; sourceTree = "<group>"; };
		92EF51822E267456008D609E /* RavenX.png */ = {isa = PBXFileReference; lastKnownFileType = image.png; path = RavenX.png; sourceTree = "<group>"; };
		92EF51842E2693B0008D609E /* LicenseListView.swift */ = {isa = PBXFileReference; lastKnownFileType = sourcecode.swift; path = LicenseListView.swift; sourceTree = "<group>"; };
		92EF51862E2FBB17008D609E /* Super Tilt Bro.nes */ = {isa = PBXFileReference; lastKnownFileType = file; path = "Super Tilt Bro.nes"; sourceTree = "<group>"; };
		92EF51882E2FBB8C008D609E /* Super Tilt Bros.png */ = {isa = PBXFileReference; lastKnownFileType = image.png; path = "Super Tilt Bros.png"; sourceTree = "<group>"; };
		92EF518A2E2FBCED008D609E /* NovaTheSquirrel.nes */ = {isa = PBXFileReference; lastKnownFileType = file; path = NovaTheSquirrel.nes; sourceTree = "<group>"; };
		92EF518C2E2FBD8D008D609E /* NovaTheSquirrel.png */ = {isa = PBXFileReference; lastKnownFileType = image.png; path = NovaTheSquirrel.png; sourceTree = "<group>"; };
		92EF518E2E2FBE71008D609E /* Famidash.nes */ = {isa = PBXFileReference; lastKnownFileType = file; path = Famidash.nes; sourceTree = "<group>"; };
		92EF518F2E2FBE71008D609E /* Famidash.png */ = {isa = PBXFileReference; lastKnownFileType = image.png; path = Famidash.png; sourceTree = "<group>"; };
		92EF51922E2FC400008D609E /* Falling.nes */ = {isa = PBXFileReference; lastKnownFileType = file; path = Falling.nes; sourceTree = "<group>"; };
		92EF51932E2FC400008D609E /* Falling.png */ = {isa = PBXFileReference; lastKnownFileType = image.png; path = Falling.png; sourceTree = "<group>"; };
		92EF51962E2FC603008D609E /* dabg.nes */ = {isa = PBXFileReference; lastKnownFileType = file; path = dabg.nes; sourceTree = "<group>"; };
		92EF51982E2FC61A008D609E /* dabg.png */ = {isa = PBXFileReference; lastKnownFileType = image.png; path = dabg.png; sourceTree = "<group>"; };
		92EF519A2E2FC92E008D609E /* openNesSnake.png */ = {isa = PBXFileReference; lastKnownFileType = image.png; path = openNesSnake.png; sourceTree = "<group>"; };
		92EF519C2E2FC93B008D609E /* openNesSnake.nes */ = {isa = PBXFileReference; lastKnownFileType = file; path = openNesSnake.nes; sourceTree = "<group>"; };
		92EF519E2E2FC98B008D609E /* openNesBreakout.png */ = {isa = PBXFileReference; lastKnownFileType = image.png; path = openNesBreakout.png; sourceTree = "<group>"; };
		92EF51A02E2FC9A9008D609E /* openNesBreakout.nes */ = {isa = PBXFileReference; lastKnownFileType = file; path = openNesBreakout.nes; sourceTree = "<group>"; };
		92EF51A22E2FCE04008D609E /* CocoBattleRoyale.nes */ = {isa = PBXFileReference; lastKnownFileType = file; path = CocoBattleRoyale.nes; sourceTree = "<group>"; };
		92EF51A42E2FCE12008D609E /* CocoBattleRoyale.png */ = {isa = PBXFileReference; lastKnownFileType = image.png; path = CocoBattleRoyale.png; sourceTree = "<group>"; };
		92EF51A62E2FD05A008D609E /* Ghosts_And_Graves.nes */ = {isa = PBXFileReference; lastKnownFileType = file; path = Ghosts_And_Graves.nes; sourceTree = "<group>"; };
		92EF51A82E2FD0B3008D609E /* Ghosts_And_Graves.png */ = {isa = PBXFileReference; lastKnownFileType = image.png; path = Ghosts_And_Graves.png; sourceTree = "<group>"; };
		9D123D002CD0041C007508A8 /* D-DINCondensed.ttf */ = {isa = PBXFileReference; lastKnownFileType = file; path = "D-DINCondensed.ttf"; sourceTree = "<group>"; };
		9D123D022CD0046B007508A8 /* Ebrima.ttf */ = {isa = PBXFileReference; lastKnownFileType = file; path = Ebrima.ttf; sourceTree = "<group>"; };
		9D123D042CD007EE007508A8 /* D-DINCondensed-Bold.ttf */ = {isa = PBXFileReference; lastKnownFileType = file; path = "D-DINCondensed-Bold.ttf"; sourceTree = "<group>"; };
		9D123D062CD008E4007508A8 /* D-DIN.ttf */ = {isa = PBXFileReference; lastKnownFileType = file; path = "D-DIN.ttf"; sourceTree = "<group>"; };
		9D123D0E2CD00B56007508A8 /* DINCondensed-Regular.ttf */ = {isa = PBXFileReference; lastKnownFileType = file; path = "DINCondensed-Regular.ttf"; sourceTree = "<group>"; };
		A38D6A4E20FCEB9F9015DD5E /* Pods-SOOLRA.debug.xcconfig */ = {isa = PBXFileReference; includeInIndex = 1; lastKnownFileType = text.xcconfig; name = "Pods-SOOLRA.debug.xcconfig"; path = "Target Support Files/Pods-SOOLRA/Pods-SOOLRA.debug.xcconfig"; sourceTree = "<group>"; };
/* End PBXFileReference section */

/* Begin PBXFileSystemSynchronizedRootGroup section */
		4C0CD8AE2D54E31F00B079B5 /* Protocols */ = {
			isa = PBXFileSystemSynchronizedRootGroup;
			path = Protocols;
			sourceTree = "<group>";
		};
		4C0CD8BA2D54E71100B079B5 /* SoolraController */ = {
			isa = PBXFileSystemSynchronizedRootGroup;
			path = SoolraController;
			sourceTree = "<group>";
		};
		4C0CD8CE2D54E72800B079B5 /* Game */ = {
			isa = PBXFileSystemSynchronizedRootGroup;
			path = Game;
			sourceTree = "<group>";
		};
		4CC26D9F2D4BAF8000F3D262 /* ConsoleCores */ = {
			isa = PBXFileSystemSynchronizedRootGroup;
			path = ConsoleCores;
			sourceTree = "<group>";
		};
		4CCFFDAD2D4D2B4B002B9F4A /* nes */ = {
			isa = PBXFileSystemSynchronizedRootGroup;
			path = nes;
			sourceTree = "<group>";
		};
		4CE85E512D55201F004A3CC2 /* gba */ = {
			isa = PBXFileSystemSynchronizedRootGroup;
			path = gba;
			sourceTree = "<group>";
		};
		4CF12CD52D4293CA004B7CD7 /* Boxart */ = {
			isa = PBXFileSystemSynchronizedRootGroup;
			path = Boxart;
			sourceTree = "<group>";
		};
		92678D5C2DA805B4001CEDD6 /* Cheats */ = {
			isa = PBXFileSystemSynchronizedRootGroup;
			path = Cheats;
			sourceTree = "<group>";
		};
/* End PBXFileSystemSynchronizedRootGroup section */

/* Begin PBXFrameworksBuildPhase section */
		183DF1672862C99E0088FE1C /* Frameworks */ = {
			isa = PBXFrameworksBuildPhase;
			buildActionMask = 2147483647;
			files = (
				92678D772DAA70E6001CEDD6 /* SQLite in Frameworks */,
				4CEF41CB2D21A4E40068BC5B /* ZIPFoundation in Frameworks */,
				9A6F41B1841602256D9A9987 /* Pods_SOOLRA.framework in Frameworks */,
			);
			runOnlyForDeploymentPostprocessing = 0;
		};
/* End PBXFrameworksBuildPhase section */

/* Begin PBXGroup section */
		180C86AA2869F898009E7C0D /* Core */ = {
			isa = PBXGroup;
			children = (
				4CC26D992D4BABC300F3D262 /* ConsoleCoreManager.swift */,
				4CB5AA5E2D61B206003E1677 /* MetalManager.swift */,
				4CC26D9F2D4BAF8000F3D262 /* ConsoleCores */,
				4C0CD8AE2D54E31F00B079B5 /* Protocols */,
			);
			path = Core;
			sourceTree = "<group>";
		};
		180C86AD2869FAF7009E7C0D /* Extension */ = {
			isa = PBXGroup;
			children = (
				186B04AC28661B940013EFDC /* CGPoint+distanceTo.swift */,
				180C86EF286B3F02009E7C0D /* HomeView+ViewModel.swift */,
			);
			path = Extension;
			sourceTree = "<group>";
		};
		183DF1612862C99E0088FE1C = {
			isa = PBXGroup;
			children = (
				4CCFFDB22D4E94D0002B9F4A /* launchvideo.mp4 */,
				4CF12CD52D4293CA004B7CD7 /* Boxart */,
				4CC26D922D4BA8BC00F3D262 /* Emulators */,
				183DF16C2862C99E0088FE1C /* SoolraConsole */,
				705827A32C7576D500AB8682 /* info.plist */,
				705827962C75764300AB8682 /* Fonts */,
				183DF16B2862C99E0088FE1C /* Products */,
				928FA3532DD8AEA500F3C848 /* GoogleService-Info.plist */,
				F93A9ADA751C88A045C62C3B /* Pods */,
				A9EE285B3C1341F385217B4B /* Frameworks */,
				920341CF2E253AAE00D129F8 /* BundledRoms */,
			);
			sourceTree = "<group>";
		};
		183DF16B2862C99E0088FE1C /* Products */ = {
			isa = PBXGroup;
			children = (
				183DF16A2862C99E0088FE1C /* SOOLRA.app */,
			);
			name = Products;
			sourceTree = "<group>";
		};
		183DF16C2862C99E0088FE1C /* SoolraConsole */ = {
			isa = PBXGroup;
			children = (
				92678D5C2DA805B4001CEDD6 /* Cheats */,
				183DF1712862C9A00088FE1C /* Assets.xcassets */,
				180C86AA2869F898009E7C0D /* Core */,
				183DF16D2862C99E0088FE1C /* SoolraApp.swift */,
				4C9253D32D47ED2B00E38366 /* HapticManager.swift */,
				70BD249F2C6BF6F10070B5F9 /* Colors.swift */,
				7032EDC22C761C5800828A41 /* ThemeManager.swift */,
				183DF1D62862FBD10088FE1C /* View */,
				180C86AD2869FAF7009E7C0D /* Extension */,
				183DF1D32862E1780088FE1C /* Model */,
				185B917F2869EE8C003F88F5 /* Model.xcdatamodeld */,
				183DF1732862C9A00088FE1C /* Preview Content */,
			);
			path = SoolraConsole;
			sourceTree = "<group>";
		};
		183DF1732862C9A00088FE1C /* Preview Content */ = {
			isa = PBXGroup;
			children = (
				183DF1742862C9A00088FE1C /* Preview Assets.xcassets */,
			);
			path = "Preview Content";
			sourceTree = "<group>";
		};
		183DF1D32862E1780088FE1C /* Model */ = {
			isa = PBXGroup;
			children = (
				928FA35E2DD8E88700F3C848 /* EngagementTracker.swift */,
				4CEF41C72D21A4670068BC5B /* RomManager.swift */,
				92678D802DAA76F5001CEDD6 /* Cheat.swift */,
				928FA3232DC0DC0100F3C848 /* SaveState.swift */,
			);
			path = Model;
			sourceTree = "<group>";
		};
		183DF1D62862FBD10088FE1C /* View */ = {
			isa = PBXGroup;
			children = (
				92EF51842E2693B0008D609E /* LicenseListView.swift */,
				4C0CD8CE2D54E72800B079B5 /* Game */,
				4C0CD8BA2D54E71100B079B5 /* SoolraController */,
				180A47A12866E4EA00A82F16 /* DocumentPicker.swift */,
				18EBB74A2864A13A00903F43 /* HomeView.swift */,
				928FA3252DC0DC3400F3C848 /* SaveStateView.swift */,
				70838FDB2C6BC96500B7AE46 /* SplashView.swift */,
				7032EDC02C76059400828A41 /* SettingsView.swift */,
			);
			path = View;
			sourceTree = "<group>";
		};
		4CC26D922D4BA8BC00F3D262 /* Emulators */ = {
			isa = PBXGroup;
			children = (
				4C23EA0A2D50048400039871 /* Bridging-Header.h */,
				4CCFFDAD2D4D2B4B002B9F4A /* nes */,
				4CE85E512D55201F004A3CC2 /* gba */,
			);
			path = Emulators;
			sourceTree = "<group>";
		};
		705827962C75764300AB8682 /* Fonts */ = {
			isa = PBXGroup;
			children = (
				9D123D0E2CD00B56007508A8 /* DINCondensed-Regular.ttf */,
				9D123D062CD008E4007508A8 /* D-DIN.ttf */,
				9D123D022CD0046B007508A8 /* Ebrima.ttf */,
				9D123D042CD007EE007508A8 /* D-DINCondensed-Bold.ttf */,
				9D123D002CD0041C007508A8 /* D-DINCondensed.ttf */,
				7058279C2C75766300AB8682 /* Orbitron-Black.ttf */,
				705827982C75766300AB8682 /* Orbitron-Bold.ttf */,
				7058279B2C75766300AB8682 /* Orbitron-ExtraBold.ttf */,
				705827992C75766300AB8682 /* Orbitron-Medium.ttf */,
				7058279A2C75766300AB8682 /* Orbitron-Regular.ttf */,
				705827972C75766200AB8682 /* Orbitron-SemiBold.ttf */,
			);
			path = Fonts;
			sourceTree = "<group>";
		};
		920341CF2E253AAE00D129F8 /* BundledRoms */ = {
			isa = PBXGroup;
			children = (
				92EF51882E2FBB8C008D609E /* Super Tilt Bros.png */,
				9203423B2E25A03400D129F8 /* Chocolate Hunter Runa.gba */,
				92EF518C2E2FBD8D008D609E /* NovaTheSquirrel.png */,
				92EF518A2E2FBCED008D609E /* NovaTheSquirrel.nes */,
				9203421B2E2563BA00D129F8 /* Gba Microjam 23.gba */,
				920341C12E253AAE00D129F8 /* Astrohawk.gba */,
				920341C32E253AAE00D129F8 /* Chase.nes */,
				920341C82E253AAE00D129F8 /* MeteoRain.gba */,
				920341CA2E253AAE00D129F8 /* Pong.gba */,
				9203428B2E25B5B100D129F8 /* Blast Arena.gba */,
				9203428D2E25B5B600D129F8 /* Blast Arena.png */,
				92EF51862E2FBB17008D609E /* Super Tilt Bro.nes */,
				920341CB2E253AAE00D129F8 /* Radicorn.gba */,
				920341F12E25402D00D129F8 /* Christmas Advance.gba */,
				9203424D2E25A1B500D129F8 /* Skyland.png */,
				920341EF2E25401C00D129F8 /* Christmas Advance.png */,
				9203424F2E25A1DB00D129F8 /* WhereIsTheBall.gba */,
				920342512E25A1E700D129F8 /* WhereIsTheBall.png */,
				920342552E25A21500D129F8 /* The Axe.png */,
				920341B02E253AAE00D129F8 /* Astrohawk.png */,
				92EF51542E266FCC008D609E /* Hearts Cafe.gba */,
				92EF51562E266FD9008D609E /* Hearts Cafe.png */,
				920342872E25B05A00D129F8 /* Battleship.gba */,
				920342892E25B06000D129F8 /* Battleship.png */,
				920341B22E253AAE00D129F8 /* Chase.png */,
				920342832E25B02100D129F8 /* GBATactics.gba */,
				920342852E25B02500D129F8 /* GBATactics.png */,
				920341B72E253AAE00D129F8 /* MeteoRain.png */,
				9203424B2E25A1AF00D129F8 /* Skyland.gba */,
				920342672E25AC7100D129F8 /* Blowhole.gba */,
				9203427B2E25AF9F00D129F8 /* Titei Senki.gba */,
				9203427D2E25AFA500D129F8 /* Titei Senki.png */,
				920341B92E253AAE00D129F8 /* Pong.png */,
				920341BA2E253AAE00D129F8 /* Radicorn.png */,
				920342612E25AB9400D129F8 /* SFcave.png */,
				920341F32E255CBC00D129F8 /* Pnakys.gba */,
				92EF519C2E2FC93B008D609E /* openNesSnake.nes */,
				920341F52E255CE200D129F8 /* Pnakys.png */,
				920342592E25A28700D129F8 /* Gabdeo.png */,
				92EF519E2E2FC98B008D609E /* openNesBreakout.png */,
				92EF51A02E2FC9A9008D609E /* openNesBreakout.nes */,
				920342692E25AC7900D129F8 /* Blowhole.png */,
				92EF51A22E2FCE04008D609E /* CocoBattleRoyale.nes */,
				92EF51A62E2FD05A008D609E /* Ghosts_And_Graves.nes */,
				92EF51A82E2FD0B3008D609E /* Ghosts_And_Graves.png */,
				92EF51A42E2FCE12008D609E /* CocoBattleRoyale.png */,
				920341F72E255D9F00D129F8 /* Smart Gamble.gba */,
				920342792E25ADB000D129F8 /* Nomad 2.png */,
				920342772E25ADA300D129F8 /* Nomad 2.gba */,
				9203425D2E25A3F700D129F8 /* Minicraft.png */,
				9203426F2E25ACDA00D129F8 /* MatchIt.gba */,
				920342732E25AD3900D129F8 /* Codename Monkey Bots.gba */,
				920342752E25AD4200D129F8 /* Codename Monkey Bots.png */,
				920341F92E255DAB00D129F8 /* Smart Gamble.png */,
				9203425B2E25A3F300D129F8 /* Minicraft.gba */,
				92EF519A2E2FC92E008D609E /* openNesSnake.png */,
				920342712E25ACEA00D129F8 /* MatchIt.png */,
				9203426B2E25ACAA00D129F8 /* luminesweeper.gba */,
				920341FB2E25610400D129F8 /* Lane.gba */,
				920341FD2E25610800D129F8 /* Lane.png */,
				920342932E25B66800D129F8 /* Quantum Survival.gba */,
				9203426D2E25ACB000D129F8 /* luminesweeper.png */,
				920342952E25B66C00D129F8 /* Quantum Survival.png */,
				920342632E25ABEE00D129F8 /* Hearts.gba */,
				920342572E25A28100D129F8 /* Gabdeo.gba */,
				9203429F2E25B6F200D129F8 /* Cats Curse.gba */,
				920342532E25A21000D129F8 /* The Axe.gba */,
				920342A32E264F3F00D129F8 /* Cats Curse.png */,
				920342972E25B69D00D129F8 /* SeSnake.gba */,
				9203429B2E25B6C200D129F8 /* GO.gba */,
				9203429D2E25B6CB00D129F8 /* GO.png */,
				920342992E25B6A200D129F8 /* SeSnake.png */,
				920342652E25ABF400D129F8 /* Hearts.png */,
				920341FF2E25613900D129F8 /* The Purple Night.png */,
				92EF516C2E267260008D609E /* Solar Guard.gba */,
				920342012E25614400D129F8 /* The Purple Night.gba */,
				920342032E2561A100D129F8 /* THCTW.gba */,
				92EF517A2E2672E7008D609E /* Piranha Crisis.png */,
				92EF51742E2672BE008D609E /* Glacia Dungeon.gba */,
				92EF51822E267456008D609E /* RavenX.png */,
				92EF51782E2672E6008D609E /* Piranha Crisis.gba */,
				92EF51762E2672BE008D609E /* Glacia Dungeon.png */,
				92EF517C2E267422008D609E /* WaimanuGBA.gba */,
				92EF517D2E267422008D609E /* WaimanuGBA.png */,
				92EF51802E26744D008D609E /* RavenX.gba */,
				920342052E2561AD00D129F8 /* THCTW.png */,
				920342072E2561FB00D129F8 /* Dungeon Puzzlers Lament.gba */,
				92EF51702E267294008D609E /* MineBoyAdvance.gba */,
				92EF51712E267294008D609E /* MineBoyAdvance.png */,
				92EF516E2E267261008D609E /* Solar Guard.png */,
				92EF51682E26721F008D609E /* Attack on Voxelburg.gba */,
				92EF515C2E2670CB008D609E /* PipeSpin.gba */,
				92EF516A2E267220008D609E /* Attack on Voxelburg.png */,
				92EF51602E26716D008D609E /* GBA Puzzle Bobble.gba */,
				920342082E2561FB00D129F8 /* Dungeon Puzzlers Lament.png */,
				92EF51642E2671AA008D609E /* Inheritors of the Oubliette.gba */,
				92EF51652E2671AA008D609E /* Inheritors of the Oubliette.png */,
				9203420B2E25628A00D129F8 /* Tremblay Island.gba */,
				92EF51622E26716E008D609E /* GBA Puzzle Bobble.png */,
				9203420C2E25628A00D129F8 /* Tremblay Island.png */,
				92EF51582E267047008D609E /* Dungeon.gba */,
				92EF515A2E26704C008D609E /* Dungeon.png */,
				92EF51962E2FC603008D609E /* dabg.nes */,
				92EF51982E2FC61A008D609E /* dabg.png */,
				92EF515E2E2670CC008D609E /* PipeSpin.png */,
				9203420F2E2562CF00D129F8 /* Blind Jump.gba */,
				92EF51922E2FC400008D609E /* Falling.nes */,
				92EF51932E2FC400008D609E /* Falling.png */,
				920342112E2562D400D129F8 /* Blind Jump.png */,
				920342132E25630500D129F8 /* Covid Adventure.gba */,
				920342152E25630A00D129F8 /* Covid Adventure.png */,
				920342172E25635100D129F8 /* Math and Logic.gba */,
				920342192E25635500D129F8 /* Math and Logic.png */,
				9203421D2E2563C600D129F8 /* Gba Microjam 23.png */,
				9203421F2E259CEF00D129F8 /* Arcade Mania.gba */,
				920342202E259CEF00D129F8 /* Arcade Mania.png */,
				9203422B2E259E5F00D129F8 /* Symbol Merged.gba */,
				9203422D2E259E6600D129F8 /* Symbol Merged.png */,
				9203422F2E259EB500D129F8 /* Feline.gba */,
				920342302E259EB500D129F8 /* Feline.png */,
				920342332E259F0100D129F8 /* DCPR.gba */,
				920342352E259F0700D129F8 /* DCPR.png */,
				920342372E259F8B00D129F8 /* XNIQ.gba */,
				920342382E259F8B00D129F8 /* XNIQ.png */,
				9203423D2E25A03D00D129F8 /* Chocolate Hunter Runa.png */,
				9203423F2E25A08F00D129F8 /* HEXES.gba */,
				920342412E25A09800D129F8 /* HEXES.png */,
				920342432E25A0EA00D129F8 /* Tigermoth.gba */,
				920342452E25A0F100D129F8 /* Tigermoth.png */,
				920342472E25A17100D129F8 /* Space Game.gba */,
				920342492E25A17700D129F8 /* Space Game.png */,
				9203425F2E25AB8900D129F8 /* SFcave.gba */,
				9203428F2E25B62E00D129F8 /* Derelict.gba */,
				920342902E25B62E00D129F8 /* Derelict.png */,
				92EF518E2E2FBE71008D609E /* Famidash.nes */,
				92EF518F2E2FBE71008D609E /* Famidash.png */,
			);
			path = BundledRoms;
			sourceTree = "<group>";
		};
		A9EE285B3C1341F385217B4B /* Frameworks */ = {
			isa = PBXGroup;
			children = (
				5373F8BB57550C87EB6D0573 /* Pods_SOOLRA.framework */,
			);
			name = Frameworks;
			sourceTree = "<group>";
		};
		F93A9ADA751C88A045C62C3B /* Pods */ = {
			isa = PBXGroup;
			children = (
				A38D6A4E20FCEB9F9015DD5E /* Pods-SOOLRA.debug.xcconfig */,
				3CB0528C3BB2271EEE7EDD3D /* Pods-SOOLRA.release.xcconfig */,
			);
			path = Pods;
			sourceTree = "<group>";
		};
/* End PBXGroup section */

/* Begin PBXNativeTarget section */
		183DF1692862C99E0088FE1C /* SOOLRA */ = {
			isa = PBXNativeTarget;
			buildConfigurationList = 183DF1782862C9A00088FE1C /* Build configuration list for PBXNativeTarget "SOOLRA" */;
			buildPhases = (
				7D1131761188BB8727068661 /* [CP] Check Pods Manifest.lock */,
				183DF1662862C99E0088FE1C /* Sources */,
				183DF1672862C99E0088FE1C /* Frameworks */,
				183DF1682862C99E0088FE1C /* Resources */,
				F0816F3433496413B07B0D56 /* [CP] Embed Pods Frameworks */,
				922591F72DDC891600030409 /* ShellScript */,
			);
			buildRules = (
			);
			dependencies = (
			);
			fileSystemSynchronizedGroups = (
				4C0CD8AE2D54E31F00B079B5 /* Protocols */,
				4C0CD8BA2D54E71100B079B5 /* SoolraController */,
				4C0CD8CE2D54E72800B079B5 /* Game */,
				4CC26D9F2D4BAF8000F3D262 /* ConsoleCores */,
				4CCFFDAD2D4D2B4B002B9F4A /* nes */,
				4CE85E512D55201F004A3CC2 /* gba */,
				4CF12CD52D4293CA004B7CD7 /* Boxart */,
				92678D5C2DA805B4001CEDD6 /* Cheats */,
			);
			name = SOOLRA;
			packageProductDependencies = (
				4CEF41CA2D21A4E40068BC5B /* ZIPFoundation */,
				92678D762DAA70E6001CEDD6 /* SQLite */,
			);
			productName = NesEmulator;
			productReference = 183DF16A2862C99E0088FE1C /* SOOLRA.app */;
			productType = "com.apple.product-type.application";
		};
/* End PBXNativeTarget section */

/* Begin PBXProject section */
		183DF1622862C99E0088FE1C /* Project object */ = {
			isa = PBXProject;
			attributes = {
				BuildIndependentTargetsInParallel = 1;
				LastSwiftUpdateCheck = 1340;
				LastUpgradeCheck = 1540;
				TargetAttributes = {
					183DF1692862C99E0088FE1C = {
						CreatedOnToolsVersion = 13.4.1;
					};
				};
			};
			buildConfigurationList = 183DF1652862C99E0088FE1C /* Build configuration list for PBXProject "SOOLRA" */;
			developmentRegion = en;
			hasScannedForEncodings = 0;
			knownRegions = (
				en,
				Base,
			);
			mainGroup = 183DF1612862C99E0088FE1C;
			packageReferences = (
				4CEF41C92D21A4E40068BC5B /* XCRemoteSwiftPackageReference "ZIPFoundation" */,
				92678D752DAA70E6001CEDD6 /* XCRemoteSwiftPackageReference "SQLite" */,
			);
			preferredProjectObjectVersion = 77;
			productRefGroup = 183DF16B2862C99E0088FE1C /* Products */;
			projectDirPath = "";
			projectRoot = "";
			targets = (
				183DF1692862C99E0088FE1C /* SOOLRA */,
			);
		};
/* End PBXProject section */

/* Begin PBXResourcesBuildPhase section */
		183DF1682862C99E0088FE1C /* Resources */ = {
			isa = PBXResourcesBuildPhase;
			buildActionMask = 2147483647;
			files = (
				9D123D0F2CD00B56007508A8 /* DINCondensed-Regular.ttf in Resources */,
				92EF51A32E2FCE04008D609E /* CocoBattleRoyale.nes in Resources */,
				92EF516F2E267261008D609E /* Solar Guard.png in Resources */,
				92EF518B2E2FBCED008D609E /* NovaTheSquirrel.nes in Resources */,
				920342462E25A0F100D129F8 /* Tigermoth.png in Resources */,
				9203421E2E2563C600D129F8 /* Gba Microjam 23.png in Resources */,
				920342212E259CEF00D129F8 /* Arcade Mania.png in Resources */,
				920342882E25B05A00D129F8 /* Battleship.gba in Resources */,
				9203428E2E25B5B600D129F8 /* Blast Arena.png in Resources */,
				92EF517E2E267422008D609E /* WaimanuGBA.gba in Resources */,
				92EF51A72E2FD05A008D609E /* Ghosts_And_Graves.nes in Resources */,
				92EF517F2E267422008D609E /* WaimanuGBA.png in Resources */,
				920342222E259CEF00D129F8 /* Arcade Mania.gba in Resources */,
				92EF51A12E2FC9A9008D609E /* openNesBreakout.nes in Resources */,
				920342312E259EB500D129F8 /* Feline.gba in Resources */,
				9203424E2E25A1B500D129F8 /* Skyland.png in Resources */,
				920342842E25B02100D129F8 /* GBATactics.gba in Resources */,
				92EF51972E2FC603008D609E /* dabg.nes in Resources */,
				92EF51942E2FC400008D609E /* Falling.nes in Resources */,
				92EF51952E2FC400008D609E /* Falling.png in Resources */,
				920342322E259EB500D129F8 /* Feline.png in Resources */,
				920341FE2E25610800D129F8 /* Lane.png in Resources */,
				920341FC2E25610400D129F8 /* Lane.gba in Resources */,
				920341F62E255CE200D129F8 /* Pnakys.png in Resources */,
				920342002E25613900D129F8 /* The Purple Night.png in Resources */,
				9203427C2E25AF9F00D129F8 /* Titei Senki.gba in Resources */,
				92EF51552E266FCC008D609E /* Hearts Cafe.gba in Resources */,
				92EF51692E26721F008D609E /* Attack on Voxelburg.gba in Resources */,
				9203424A2E25A17700D129F8 /* Space Game.png in Resources */,
				9203425A2E25A28700D129F8 /* Gabdeo.png in Resources */,
				9203423E2E25A03D00D129F8 /* Chocolate Hunter Runa.png in Resources */,
				920341D42E253AAE00D129F8 /* MeteoRain.png in Resources */,
				92EF519D2E2FC93B008D609E /* openNesSnake.nes in Resources */,
				920341D82E253AAE00D129F8 /* Pong.png in Resources */,
				920342422E25A09800D129F8 /* HEXES.png in Resources */,
				920341DA2E253AAE00D129F8 /* Astrohawk.png in Resources */,
				92EF518D2E2FBD8D008D609E /* NovaTheSquirrel.png in Resources */,
				920341DD2E253AAE00D129F8 /* Chase.nes in Resources */,
				920342392E259F8B00D129F8 /* XNIQ.gba in Resources */,
				92EF515D2E2670CB008D609E /* PipeSpin.gba in Resources */,
				92EF51A92E2FD0B3008D609E /* Ghosts_And_Graves.png in Resources */,
				9203423A2E259F8B00D129F8 /* XNIQ.png in Resources */,
				92EF517B2E2672E7008D609E /* Piranha Crisis.png in Resources */,
				920341E02E253AAE00D129F8 /* Pong.gba in Resources */,
				92EF516B2E267220008D609E /* Attack on Voxelburg.png in Resources */,
				9203429E2E25B6CB00D129F8 /* GO.png in Resources */,
				920341E42E253AAE00D129F8 /* Radicorn.png in Resources */,
				920341F82E255D9F00D129F8 /* Smart Gamble.gba in Resources */,
				920342092E2561FB00D129F8 /* Dungeon Puzzlers Lament.gba in Resources */,
				92EF51892E2FBB8C008D609E /* Super Tilt Bros.png in Resources */,
				9203420A2E2561FB00D129F8 /* Dungeon Puzzlers Lament.png in Resources */,
				9203421A2E25635500D129F8 /* Math and Logic.png in Resources */,
				920341F22E25402D00D129F8 /* Christmas Advance.gba in Resources */,
				92EF51902E2FBE71008D609E /* Famidash.nes in Resources */,
				92EF51912E2FBE71008D609E /* Famidash.png in Resources */,
				920342642E25ABEE00D129F8 /* Hearts.gba in Resources */,
				920341E92E253AAE00D129F8 /* Radicorn.gba in Resources */,
				9203421C2E2563BA00D129F8 /* Gba Microjam 23.gba in Resources */,
				92EF519B2E2FC92E008D609E /* openNesSnake.png in Resources */,
				9203427A2E25ADB000D129F8 /* Nomad 2.png in Resources */,
				920342962E25B66C00D129F8 /* Quantum Survival.png in Resources */,
				920342562E25A21500D129F8 /* The Axe.png in Resources */,
				9203426C2E25ACAA00D129F8 /* luminesweeper.gba in Resources */,
				920341EB2E253AAE00D129F8 /* Chase.png in Resources */,
				920342442E25A0EA00D129F8 /* Tigermoth.gba in Resources */,
				920342782E25ADA300D129F8 /* Nomad 2.gba in Resources */,
				9203429C2E25B6C200D129F8 /* GO.gba in Resources */,
				92EF51812E26744D008D609E /* RavenX.gba in Resources */,
				920342722E25ACEA00D129F8 /* MatchIt.png in Resources */,
				9203420D2E25628A00D129F8 /* Tremblay Island.gba in Resources */,
				9203424C2E25A1AF00D129F8 /* Skyland.gba in Resources */,
				9203420E2E25628A00D129F8 /* Tremblay Island.png in Resources */,
				920342862E25B02500D129F8 /* GBATactics.png in Resources */,
				92EF519F2E2FC98B008D609E /* openNesBreakout.png in Resources */,
				92EF51752E2672BE008D609E /* Glacia Dungeon.gba in Resources */,
				920341ED2E253AAE00D129F8 /* MeteoRain.gba in Resources */,
				920341EE2E253AAE00D129F8 /* Astrohawk.gba in Resources */,
				920342362E259F0700D129F8 /* DCPR.png in Resources */,
				920342022E25614400D129F8 /* The Purple Night.gba in Resources */,
				920342062E2561AD00D129F8 /* THCTW.png in Resources */,
				920341FA2E255DAB00D129F8 /* Smart Gamble.png in Resources */,
				920342982E25B69D00D129F8 /* SeSnake.gba in Resources */,
				92EF516D2E267260008D609E /* Solar Guard.gba in Resources */,
				9203422E2E259E6600D129F8 /* Symbol Merged.png in Resources */,
				9203425E2E25A3F700D129F8 /* Minicraft.png in Resources */,
				920341F42E255CBC00D129F8 /* Pnakys.gba in Resources */,
				92EF51872E2FBB17008D609E /* Super Tilt Bro.nes in Resources */,
				920342A12E25B6F200D129F8 /* Cats Curse.gba in Resources */,
				920342622E25AB9400D129F8 /* SFcave.png in Resources */,
				92EF515B2E26704C008D609E /* Dungeon.png in Resources */,
				9203428C2E25B5B100D129F8 /* Blast Arena.gba in Resources */,
				92EF51772E2672BE008D609E /* Glacia Dungeon.png in Resources */,
				920342542E25A21000D129F8 /* The Axe.gba in Resources */,
				705827A02C75766300AB8682 /* Orbitron-Regular.ttf in Resources */,
				9D123D072CD008E4007508A8 /* D-DIN.ttf in Resources */,
				183DF1752862C9A00088FE1C /* Preview Assets.xcassets in Resources */,
				928FA3542DD8AEA500F3C848 /* GoogleService-Info.plist in Resources */,
				4CCFFDB32D4E94D0002B9F4A /* launchvideo.mp4 in Resources */,
				920342482E25A17100D129F8 /* Space Game.gba in Resources */,
				9203422C2E259E5F00D129F8 /* Symbol Merged.gba in Resources */,
				920342522E25A1E700D129F8 /* WhereIsTheBall.png in Resources */,
				92EF51632E26716E008D609E /* GBA Puzzle Bobble.png in Resources */,
				705827A22C75766300AB8682 /* Orbitron-Black.ttf in Resources */,
				920342682E25AC7100D129F8 /* Blowhole.gba in Resources */,
				920342662E25ABF400D129F8 /* Hearts.png in Resources */,
				7058279D2C75766300AB8682 /* Orbitron-SemiBold.ttf in Resources */,
				92EF51A52E2FCE12008D609E /* CocoBattleRoyale.png in Resources */,
				9D123D012CD0041D007508A8 /* D-DINCondensed.ttf in Resources */,
				7058279F2C75766300AB8682 /* Orbitron-Medium.ttf in Resources */,
				92EF51792E2672E6008D609E /* Piranha Crisis.gba in Resources */,
				9203423C2E25A03400D129F8 /* Chocolate Hunter Runa.gba in Resources */,
				920342582E25A28100D129F8 /* Gabdeo.gba in Resources */,
				9203426A2E25AC7900D129F8 /* Blowhole.png in Resources */,
				7058279E2C75766300AB8682 /* Orbitron-Bold.ttf in Resources */,
				920342502E25A1DB00D129F8 /* WhereIsTheBall.gba in Resources */,
				92EF51832E267456008D609E /* RavenX.png in Resources */,
				92EF515F2E2670CC008D609E /* PipeSpin.png in Resources */,
				920342742E25AD3900D129F8 /* Codename Monkey Bots.gba in Resources */,
				92EF51992E2FC61A008D609E /* dabg.png in Resources */,
				92EF51592E267047008D609E /* Dungeon.gba in Resources */,
				920342102E2562CF00D129F8 /* Blind Jump.gba in Resources */,
				920342702E25ACDA00D129F8 /* MatchIt.gba in Resources */,
				920342042E2561A100D129F8 /* THCTW.gba in Resources */,
				920342182E25635100D129F8 /* Math and Logic.gba in Resources */,
				92EF51662E2671AA008D609E /* Inheritors of the Oubliette.gba in Resources */,
				92EF51672E2671AA008D609E /* Inheritors of the Oubliette.png in Resources */,
				9203427E2E25AFA500D129F8 /* Titei Senki.png in Resources */,
				920342762E25AD4200D129F8 /* Codename Monkey Bots.png in Resources */,
				9203425C2E25A3F300D129F8 /* Minicraft.gba in Resources */,
				920342342E259F0100D129F8 /* DCPR.gba in Resources */,
				92EF51612E26716D008D609E /* GBA Puzzle Bobble.gba in Resources */,
				9203426E2E25ACB000D129F8 /* luminesweeper.png in Resources */,
				920342122E2562D400D129F8 /* Blind Jump.png in Resources */,
				9203429A2E25B6A200D129F8 /* SeSnake.png in Resources */,
				920342162E25630A00D129F8 /* Covid Adventure.png in Resources */,
				920342912E25B62E00D129F8 /* Derelict.png in Resources */,
				920342922E25B62E00D129F8 /* Derelict.gba in Resources */,
				920342A42E264F3F00D129F8 /* Cats Curse.png in Resources */,
				920341F02E25401C00D129F8 /* Christmas Advance.png in Resources */,
				920342602E25AB8900D129F8 /* SFcave.gba in Resources */,
				9D123D052CD007EE007508A8 /* D-DINCondensed-Bold.ttf in Resources */,
				92EF51572E266FD9008D609E /* Hearts Cafe.png in Resources */,
				9D123D032CD0046B007508A8 /* Ebrima.ttf in Resources */,
				920342402E25A08F00D129F8 /* HEXES.gba in Resources */,
				92EF51722E267294008D609E /* MineBoyAdvance.gba in Resources */,
				92EF51732E267294008D609E /* MineBoyAdvance.png in Resources */,
				183DF1722862C9A00088FE1C /* Assets.xcassets in Resources */,
				920342142E25630500D129F8 /* Covid Adventure.gba in Resources */,
				705827A12C75766300AB8682 /* Orbitron-ExtraBold.ttf in Resources */,
				9203428A2E25B06000D129F8 /* Battleship.png in Resources */,
				920342942E25B66800D129F8 /* Quantum Survival.gba in Resources */,
			);
			runOnlyForDeploymentPostprocessing = 0;
		};
/* End PBXResourcesBuildPhase section */

/* Begin PBXShellScriptBuildPhase section */
		7D1131761188BB8727068661 /* [CP] Check Pods Manifest.lock */ = {
			isa = PBXShellScriptBuildPhase;
			buildActionMask = 2147483647;
			files = (
			);
			inputFileListPaths = (
			);
			inputPaths = (
				"${PODS_PODFILE_DIR_PATH}/Podfile.lock",
				"${PODS_ROOT}/Manifest.lock",
			);
			name = "[CP] Check Pods Manifest.lock";
			outputFileListPaths = (
			);
			outputPaths = (
				"$(DERIVED_FILE_DIR)/Pods-SOOLRA-checkManifestLockResult.txt",
			);
			runOnlyForDeploymentPostprocessing = 0;
			shellPath = /bin/sh;
			shellScript = "diff \"${PODS_PODFILE_DIR_PATH}/Podfile.lock\" \"${PODS_ROOT}/Manifest.lock\" > /dev/null\nif [ $? != 0 ] ; then\n    # print error to STDERR\n    echo \"error: The sandbox is not in sync with the Podfile.lock. Run 'pod install' or update your CocoaPods installation.\" >&2\n    exit 1\nfi\n# This output is used by Xcode 'outputs' to avoid re-running this script phase.\necho \"SUCCESS\" > \"${SCRIPT_OUTPUT_FILE_0}\"\n";
			showEnvVarsInLog = 0;
		};
		922591F72DDC891600030409 /* ShellScript */ = {
			isa = PBXShellScriptBuildPhase;
			buildActionMask = 2147483647;
			files = (
			);
			inputFileListPaths = (
			);
			inputPaths = (
				"${DWARF_DSYM_FOLDER_PATH}/${DWARF_DSYM_FILE_NAME}\n${DWARF_DSYM_FOLDER_PATH}/${DWARF_DSYM_FILE_NAME}/Contents/Resources/DWARF/${PRODUCT_NAME}\n",
				"${DWARF_DSYM_FOLDER_PATH}/${DWARF_DSYM_FILE_NAME}/Contents/Resources/DWARF/${PRODUCT_NAME}",
			);
			outputFileListPaths = (
			);
			outputPaths = (
			);
			runOnlyForDeploymentPostprocessing = 0;
			shellPath = /bin/sh;
			shellScript = "\"${PODS_ROOT}/FirebaseCrashlytics/run\"\n";
		};
		F0816F3433496413B07B0D56 /* [CP] Embed Pods Frameworks */ = {
			isa = PBXShellScriptBuildPhase;
			buildActionMask = 2147483647;
			files = (
			);
			inputFileListPaths = (
				"${PODS_ROOT}/Target Support Files/Pods-SOOLRA/Pods-SOOLRA-frameworks-${CONFIGURATION}-input-files.xcfilelist",
			);
			inputPaths = (
			);
			name = "[CP] Embed Pods Frameworks";
			outputFileListPaths = (
				"${PODS_ROOT}/Target Support Files/Pods-SOOLRA/Pods-SOOLRA-frameworks-${CONFIGURATION}-output-files.xcfilelist",
			);
			outputPaths = (
			);
			runOnlyForDeploymentPostprocessing = 0;
			shellPath = /bin/sh;
			shellScript = "\"${PODS_ROOT}/Target Support Files/Pods-SOOLRA/Pods-SOOLRA-frameworks.sh\"\n";
			showEnvVarsInLog = 0;
		};
/* End PBXShellScriptBuildPhase section */

/* Begin PBXSourcesBuildPhase section */
		183DF1662862C99E0088FE1C /* Sources */ = {
			isa = PBXSourcesBuildPhase;
			buildActionMask = 2147483647;
			files = (
				92678D812DAA76F5001CEDD6 /* Cheat.swift in Sources */,
				92EF51852E2693B0008D609E /* LicenseListView.swift in Sources */,
				7032EDC32C761C5800828A41 /* ThemeManager.swift in Sources */,
				70BD24A02C6BF6F10070B5F9 /* Colors.swift in Sources */,
				4CC26D9A2D4BABC600F3D262 /* ConsoleCoreManager.swift in Sources */,
				180A47A22866E4EA00A82F16 /* DocumentPicker.swift in Sources */,
				70838FDC2C6BC96500B7AE46 /* SplashView.swift in Sources */,
				18EBB74B2864A13A00903F43 /* HomeView.swift in Sources */,
				186B04AD28661B940013EFDC /* CGPoint+distanceTo.swift in Sources */,
				4CB5AA5F2D61B206003E1677 /* MetalManager.swift in Sources */,
				928FA35F2DD8E88700F3C848 /* EngagementTracker.swift in Sources */,
				928FA3242DC0DC0100F3C848 /* SaveState.swift in Sources */,
				928FA3262DC0DC3400F3C848 /* SaveStateView.swift in Sources */,
				183DF16E2862C99E0088FE1C /* SoolraApp.swift in Sources */,
				185B91812869EE8C003F88F5 /* Model.xcdatamodeld in Sources */,
				180C86F0286B3F02009E7C0D /* HomeView+ViewModel.swift in Sources */,
				4C9253D42D47ED2B00E38366 /* HapticManager.swift in Sources */,
				7032EDC12C76059400828A41 /* SettingsView.swift in Sources */,
				4CEF41C82D21A46A0068BC5B /* RomManager.swift in Sources */,
			);
			runOnlyForDeploymentPostprocessing = 0;
		};
/* End PBXSourcesBuildPhase section */

/* Begin XCBuildConfiguration section */
		183DF1762862C9A00088FE1C /* Debug */ = {
			isa = XCBuildConfiguration;
			buildSettings = {
				ALWAYS_SEARCH_USER_PATHS = NO;
				CLANG_ANALYZER_NONNULL = YES;
				CLANG_ANALYZER_NUMBER_OBJECT_CONVERSION = YES_AGGRESSIVE;
				CLANG_CXX_LANGUAGE_STANDARD = "c++20";
				CLANG_ENABLE_MODULES = YES;
				CLANG_ENABLE_OBJC_ARC = YES;
				CLANG_ENABLE_OBJC_WEAK = YES;
				CLANG_WARN_BLOCK_CAPTURE_AUTORELEASING = YES;
				CLANG_WARN_BOOL_CONVERSION = YES;
				CLANG_WARN_COMMA = YES;
				CLANG_WARN_CONSTANT_CONVERSION = YES;
				CLANG_WARN_DEPRECATED_OBJC_IMPLEMENTATIONS = YES;
				CLANG_WARN_DIRECT_OBJC_ISA_USAGE = YES_ERROR;
				CLANG_WARN_DOCUMENTATION_COMMENTS = YES;
				CLANG_WARN_EMPTY_BODY = YES;
				CLANG_WARN_ENUM_CONVERSION = YES;
				CLANG_WARN_INFINITE_RECURSION = YES;
				CLANG_WARN_INT_CONVERSION = YES;
				CLANG_WARN_NON_LITERAL_NULL_CONVERSION = YES;
				CLANG_WARN_OBJC_IMPLICIT_RETAIN_SELF = YES;
				CLANG_WARN_OBJC_LITERAL_CONVERSION = YES;
				CLANG_WARN_OBJC_ROOT_CLASS = YES_ERROR;
				CLANG_WARN_QUOTED_INCLUDE_IN_FRAMEWORK_HEADER = YES;
				CLANG_WARN_RANGE_LOOP_ANALYSIS = YES;
				CLANG_WARN_STRICT_PROTOTYPES = YES;
				CLANG_WARN_SUSPICIOUS_MOVE = YES;
				CLANG_WARN_UNGUARDED_AVAILABILITY = YES_AGGRESSIVE;
				CLANG_WARN_UNREACHABLE_CODE = YES;
				CLANG_WARN__DUPLICATE_METHOD_MATCH = YES;
				COPY_PHASE_STRIP = NO;
				DEBUG_INFORMATION_FORMAT = dwarf;
				ENABLE_STRICT_OBJC_MSGSEND = YES;
				ENABLE_TESTABILITY = YES;
				ENABLE_USER_SCRIPT_SANDBOXING = YES;
				GCC_C_LANGUAGE_STANDARD = c11;
				GCC_DYNAMIC_NO_PIC = NO;
				GCC_NO_COMMON_BLOCKS = YES;
				GCC_OPTIMIZATION_LEVEL = 0;
				GCC_PREPROCESSOR_DEFINITIONS = (
					"DEBUG=1",
					"$(inherited)",
				);
				GCC_WARN_64_TO_32_BIT_CONVERSION = YES;
				GCC_WARN_ABOUT_RETURN_TYPE = YES_ERROR;
				GCC_WARN_UNDECLARED_SELECTOR = YES;
				GCC_WARN_UNINITIALIZED_AUTOS = YES_AGGRESSIVE;
				GCC_WARN_UNUSED_FUNCTION = YES;
				GCC_WARN_UNUSED_VARIABLE = YES;
				IPHONEOS_DEPLOYMENT_TARGET = 15.5;
				MTL_ENABLE_DEBUG_INFO = INCLUDE_SOURCE;
				MTL_FAST_MATH = YES;
				ONLY_ACTIVE_ARCH = YES;
				SDKROOT = iphoneos;
				SWIFT_ACTIVE_COMPILATION_CONDITIONS = DEBUG;
				SWIFT_OPTIMIZATION_LEVEL = "-Onone";
			};
			name = Debug;
		};
		183DF1772862C9A00088FE1C /* Release */ = {
			isa = XCBuildConfiguration;
			buildSettings = {
				ALWAYS_SEARCH_USER_PATHS = NO;
				CLANG_ANALYZER_NONNULL = YES;
				CLANG_ANALYZER_NUMBER_OBJECT_CONVERSION = YES_AGGRESSIVE;
				CLANG_CXX_LANGUAGE_STANDARD = "c++20";
				CLANG_ENABLE_MODULES = YES;
				CLANG_ENABLE_OBJC_ARC = YES;
				CLANG_ENABLE_OBJC_WEAK = YES;
				CLANG_WARN_BLOCK_CAPTURE_AUTORELEASING = YES;
				CLANG_WARN_BOOL_CONVERSION = YES;
				CLANG_WARN_COMMA = YES;
				CLANG_WARN_CONSTANT_CONVERSION = YES;
				CLANG_WARN_DEPRECATED_OBJC_IMPLEMENTATIONS = YES;
				CLANG_WARN_DIRECT_OBJC_ISA_USAGE = YES_ERROR;
				CLANG_WARN_DOCUMENTATION_COMMENTS = YES;
				CLANG_WARN_EMPTY_BODY = YES;
				CLANG_WARN_ENUM_CONVERSION = YES;
				CLANG_WARN_INFINITE_RECURSION = YES;
				CLANG_WARN_INT_CONVERSION = YES;
				CLANG_WARN_NON_LITERAL_NULL_CONVERSION = YES;
				CLANG_WARN_OBJC_IMPLICIT_RETAIN_SELF = YES;
				CLANG_WARN_OBJC_LITERAL_CONVERSION = YES;
				CLANG_WARN_OBJC_ROOT_CLASS = YES_ERROR;
				CLANG_WARN_QUOTED_INCLUDE_IN_FRAMEWORK_HEADER = YES;
				CLANG_WARN_RANGE_LOOP_ANALYSIS = YES;
				CLANG_WARN_STRICT_PROTOTYPES = YES;
				CLANG_WARN_SUSPICIOUS_MOVE = YES;
				CLANG_WARN_UNGUARDED_AVAILABILITY = YES_AGGRESSIVE;
				CLANG_WARN_UNREACHABLE_CODE = YES;
				CLANG_WARN__DUPLICATE_METHOD_MATCH = YES;
				COPY_PHASE_STRIP = NO;
				DEBUG_INFORMATION_FORMAT = "dwarf-with-dsym";
				ENABLE_NS_ASSERTIONS = NO;
				ENABLE_STRICT_OBJC_MSGSEND = YES;
				ENABLE_USER_SCRIPT_SANDBOXING = YES;
				GCC_C_LANGUAGE_STANDARD = c11;
				GCC_NO_COMMON_BLOCKS = YES;
				GCC_WARN_64_TO_32_BIT_CONVERSION = YES;
				GCC_WARN_ABOUT_RETURN_TYPE = YES_ERROR;
				GCC_WARN_UNDECLARED_SELECTOR = YES;
				GCC_WARN_UNINITIALIZED_AUTOS = YES_AGGRESSIVE;
				GCC_WARN_UNUSED_FUNCTION = YES;
				GCC_WARN_UNUSED_VARIABLE = YES;
				IPHONEOS_DEPLOYMENT_TARGET = 15.5;
				MTL_ENABLE_DEBUG_INFO = NO;
				MTL_FAST_MATH = YES;
				SDKROOT = iphoneos;
				SWIFT_COMPILATION_MODE = wholemodule;
				SWIFT_OPTIMIZATION_LEVEL = "-O";
				VALIDATE_PRODUCT = YES;
			};
			name = Release;
		};
		183DF1792862C9A00088FE1C /* Debug */ = {
			isa = XCBuildConfiguration;
			baseConfigurationReference = A38D6A4E20FCEB9F9015DD5E /* Pods-SOOLRA.debug.xcconfig */;
			buildSettings = {
				ASSETCATALOG_COMPILER_APPICON_NAME = AppIconNew;
				ASSETCATALOG_COMPILER_GLOBAL_ACCENT_COLOR_NAME = AccentColor;
				CODE_SIGN_IDENTITY = "Apple Development";
				CODE_SIGN_STYLE = Automatic;
				CURRENT_PROJECT_VERSION = 1;
				DEBUG_INFORMATION_FORMAT = "dwarf-with-dsym";
				DEVELOPMENT_ASSET_PATHS = "\"SoolraConsole/Preview Content\"";
				DEVELOPMENT_TEAM = 3W96UGQFB7;
				ENABLE_PREVIEWS = YES;
				ENABLE_USER_SCRIPT_SANDBOXING = NO;
				GENERATE_INFOPLIST_FILE = YES;
				INFOPLIST_FILE = "$(SRCROOT)/info.plist";
				INFOPLIST_KEY_CFBundleDisplayName = SOOLRA;
				INFOPLIST_KEY_GCSupportsControllerUserInteraction = YES;
				INFOPLIST_KEY_GCSupportsGameMode = YES;
				INFOPLIST_KEY_LSApplicationCategoryType = "public.app-category.games";
				INFOPLIST_KEY_LSSupportsOpeningDocumentsInPlace = YES;
				INFOPLIST_KEY_NSHumanReadableCopyright = "";
				INFOPLIST_KEY_UIApplicationSceneManifest_Generation = YES;
				INFOPLIST_KEY_UIApplicationSupportsIndirectInputEvents = YES;
				INFOPLIST_KEY_UIRequiresFullScreen = YES;
				INFOPLIST_KEY_UISupportedInterfaceOrientations = "UIInterfaceOrientationPortrait UIInterfaceOrientationPortraitUpsideDown";
				IPHONEOS_DEPLOYMENT_TARGET = 15.6;
				LD_RUNPATH_SEARCH_PATHS = (
					"$(inherited)",
					"@executable_path/Frameworks",
				);
				MARKETING_VERSION = 5.8.2;
				OTHER_CFLAGS = (
					"-Wno-narrowing",
					"-DC_CORE",
					"-DNO_LINK",
				);
				OTHER_CPLUSPLUSFLAGS = (
					"$(OTHER_CFLAGS)",
					"-I./Emulators/nes",
					"-I./Emulators/gba",
					"-I./Emulators/SFML/include",
				);
				PRODUCT_BUNDLE_IDENTIFIER = com.soolra.soolra;
				PRODUCT_NAME = "$(TARGET_NAME)";
				PROVISIONING_PROFILE_SPECIFIER = "";
				SWIFT_EMIT_LOC_STRINGS = YES;
				SWIFT_OBJC_BRIDGING_HEADER = "Emulators/Bridging-Header.h";
				SWIFT_VERSION = 5.0;
				TARGETED_DEVICE_FAMILY = "1,2";
			};
			name = Debug;
		};
		183DF17A2862C9A00088FE1C /* Release */ = {
			isa = XCBuildConfiguration;
			baseConfigurationReference = 3CB0528C3BB2271EEE7EDD3D /* Pods-SOOLRA.release.xcconfig */;
			buildSettings = {
				ASSETCATALOG_COMPILER_APPICON_NAME = AppIconNew;
				ASSETCATALOG_COMPILER_GLOBAL_ACCENT_COLOR_NAME = AccentColor;
				CODE_SIGN_IDENTITY = "Apple Development";
				CODE_SIGN_STYLE = Automatic;
				CURRENT_PROJECT_VERSION = 1;
				DEVELOPMENT_ASSET_PATHS = "\"SoolraConsole/Preview Content\"";
				DEVELOPMENT_TEAM = 3W96UGQFB7;
				ENABLE_PREVIEWS = YES;
				ENABLE_USER_SCRIPT_SANDBOXING = NO;
				GENERATE_INFOPLIST_FILE = YES;
				INFOPLIST_FILE = "$(SRCROOT)/info.plist";
				INFOPLIST_KEY_CFBundleDisplayName = SOOLRA;
				INFOPLIST_KEY_GCSupportsControllerUserInteraction = YES;
				INFOPLIST_KEY_GCSupportsGameMode = YES;
				INFOPLIST_KEY_LSApplicationCategoryType = "public.app-category.games";
				INFOPLIST_KEY_LSSupportsOpeningDocumentsInPlace = YES;
				INFOPLIST_KEY_NSHumanReadableCopyright = "";
				INFOPLIST_KEY_UIApplicationSceneManifest_Generation = YES;
				INFOPLIST_KEY_UIApplicationSupportsIndirectInputEvents = YES;
				INFOPLIST_KEY_UIRequiresFullScreen = YES;
				INFOPLIST_KEY_UISupportedInterfaceOrientations = "UIInterfaceOrientationPortrait UIInterfaceOrientationPortraitUpsideDown";
				IPHONEOS_DEPLOYMENT_TARGET = 15.6;
				LD_RUNPATH_SEARCH_PATHS = (
					"$(inherited)",
					"@executable_path/Frameworks",
				);
				MARKETING_VERSION = 5.8.2;
				OTHER_CFLAGS = (
					"-Wno-narrowing",
					"-DC_CORE",
					"-DNO_LINK",
				);
				OTHER_CPLUSPLUSFLAGS = (
					"$(OTHER_CFLAGS)",
					"-I./Emulators/nes",
					"-I./Emulators/gba",
					"-I./Emulators/SFML/include",
				);
				PRODUCT_BUNDLE_IDENTIFIER = com.soolra.soolra;
				PRODUCT_NAME = "$(TARGET_NAME)";
				PROVISIONING_PROFILE_SPECIFIER = "";
				SWIFT_EMIT_LOC_STRINGS = YES;
				SWIFT_OBJC_BRIDGING_HEADER = "Emulators/Bridging-Header.h";
				SWIFT_VERSION = 5.0;
				TARGETED_DEVICE_FAMILY = "1,2";
			};
			name = Release;
		};
/* End XCBuildConfiguration section */

/* Begin XCConfigurationList section */
		183DF1652862C99E0088FE1C /* Build configuration list for PBXProject "SOOLRA" */ = {
			isa = XCConfigurationList;
			buildConfigurations = (
				183DF1762862C9A00088FE1C /* Debug */,
				183DF1772862C9A00088FE1C /* Release */,
			);
			defaultConfigurationIsVisible = 0;
			defaultConfigurationName = Release;
		};
		183DF1782862C9A00088FE1C /* Build configuration list for PBXNativeTarget "SOOLRA" */ = {
			isa = XCConfigurationList;
			buildConfigurations = (
				183DF1792862C9A00088FE1C /* Debug */,
				183DF17A2862C9A00088FE1C /* Release */,
			);
			defaultConfigurationIsVisible = 0;
			defaultConfigurationName = Release;
		};
/* End XCConfigurationList section */

/* Begin XCRemoteSwiftPackageReference section */
		4CEF41C92D21A4E40068BC5B /* XCRemoteSwiftPackageReference "ZIPFoundation" */ = {
			isa = XCRemoteSwiftPackageReference;
			repositoryURL = "https://github.com/weichsel/ZIPFoundation";
			requirement = {
				kind = upToNextMajorVersion;
				minimumVersion = 0.9.19;
			};
		};
		92678D752DAA70E6001CEDD6 /* XCRemoteSwiftPackageReference "SQLite" */ = {
			isa = XCRemoteSwiftPackageReference;
			repositoryURL = "https://github.com/stephencelis/SQLite.swift";
			requirement = {
				kind = upToNextMajorVersion;
				minimumVersion = 0.15.3;
			};
		};
/* End XCRemoteSwiftPackageReference section */

/* Begin XCSwiftPackageProductDependency section */
		4CEF41CA2D21A4E40068BC5B /* ZIPFoundation */ = {
			isa = XCSwiftPackageProductDependency;
			package = 4CEF41C92D21A4E40068BC5B /* XCRemoteSwiftPackageReference "ZIPFoundation" */;
			productName = ZIPFoundation;
		};
		92678D762DAA70E6001CEDD6 /* SQLite */ = {
			isa = XCSwiftPackageProductDependency;
			package = 92678D752DAA70E6001CEDD6 /* XCRemoteSwiftPackageReference "SQLite" */;
			productName = SQLite;
		};
/* End XCSwiftPackageProductDependency section */

/* Begin XCVersionGroup section */
		185B917F2869EE8C003F88F5 /* Model.xcdatamodeld */ = {
			isa = XCVersionGroup;
			children = (
				185B91802869EE8C003F88F5 /* Model.xcdatamodel */,
			);
			currentVersion = 185B91802869EE8C003F88F5 /* Model.xcdatamodel */;
			path = Model.xcdatamodeld;
			sourceTree = "<group>";
			versionGroupType = wrapper.xcdatamodel;
		};
/* End XCVersionGroup section */
	};
	rootObject = 183DF1622862C99E0088FE1C /* Project object */;
}
