// !$*UTF8*$!
{
	archiveVersion = 1;
	classes = {
	};
	objectVersion = 70;
	objects = {

/* Begin PBXBuildFile section */
		180A47A22866E4EA00A82F16 /* DocumentPicker.swift in Sources */ = {isa = PBXBuildFile; fileRef = 180A47A12866E4EA00A82F16 /* DocumentPicker.swift */; };
		180C86EE286AEF40009E7C0D /* CoreDataController.swift in Sources */ = {isa = PBXBuildFile; fileRef = 180C86ED286AEF40009E7C0D /* CoreDataController.swift */; };
		180C86F0286B3F02009E7C0D /* HomeView+ViewModel.swift in Sources */ = {isa = PBXBuildFile; fileRef = 180C86EF286B3F02009E7C0D /* HomeView+ViewModel.swift */; };
		183DF16E2862C99E0088FE1C /* SoolraApp.swift in Sources */ = {isa = PBXBuildFile; fileRef = 183DF16D2862C99E0088FE1C /* SoolraApp.swift */; };
		183DF1722862C9A00088FE1C /* Assets.xcassets in Resources */ = {isa = PBXBuildFile; fileRef = 183DF1712862C9A00088FE1C /* Assets.xcassets */; };
		183DF1752862C9A00088FE1C /* Preview Assets.xcassets in Resources */ = {isa = PBXBuildFile; fileRef = 183DF1742862C9A00088FE1C /* Preview Assets.xcassets */; };
		185B91812869EE8C003F88F5 /* Model.xcdatamodeld in Sources */ = {isa = PBXBuildFile; fileRef = 185B917F2869EE8C003F88F5 /* Model.xcdatamodeld */; };
		186B04AD28661B940013EFDC /* CGPoint+distanceTo.swift in Sources */ = {isa = PBXBuildFile; fileRef = 186B04AC28661B940013EFDC /* CGPoint+distanceTo.swift */; };
		187ABE9E28642FF000372297 /* ButtonKey.swift in Sources */ = {isa = PBXBuildFile; fileRef = 187ABE9D28642FF000372297 /* ButtonKey.swift */; };
		18EBB74B2864A13A00903F43 /* HomeView.swift in Sources */ = {isa = PBXBuildFile; fileRef = 18EBB74A2864A13A00903F43 /* HomeView.swift */; };
		4C9253D42D47ED2B00E38366 /* HapticManager.swift in Sources */ = {isa = PBXBuildFile; fileRef = 4C9253D32D47ED2B00E38366 /* HapticManager.swift */; };
		4CB5AA5F2D61B206003E1677 /* MetalManager.swift in Sources */ = {isa = PBXBuildFile; fileRef = 4CB5AA5E2D61B206003E1677 /* MetalManager.swift */; };
		4CC26D9A2D4BABC600F3D262 /* ConsoleCoreManager.swift in Sources */ = {isa = PBXBuildFile; fileRef = 4CC26D992D4BABC300F3D262 /* ConsoleCoreManager.swift */; };
		4CCFFDB32D4E94D0002B9F4A /* launchvideo.mp4 in Resources */ = {isa = PBXBuildFile; fileRef = 4CCFFDB22D4E94D0002B9F4A /* launchvideo.mp4 */; };
		4CEF41C82D21A46A0068BC5B /* RomManager.swift in Sources */ = {isa = PBXBuildFile; fileRef = 4CEF41C72D21A4670068BC5B /* RomManager.swift */; };
		4CEF41CB2D21A4E40068BC5B /* ZIPFoundation in Frameworks */ = {isa = PBXBuildFile; productRef = 4CEF41CA2D21A4E40068BC5B /* ZIPFoundation */; };
		7032EDC12C76059400828A41 /* SettingsView.swift in Sources */ = {isa = PBXBuildFile; fileRef = 7032EDC02C76059400828A41 /* SettingsView.swift */; };
		7032EDC32C761C5800828A41 /* ThemeManager.swift in Sources */ = {isa = PBXBuildFile; fileRef = 7032EDC22C761C5800828A41 /* ThemeManager.swift */; };
		7058279D2C75766300AB8682 /* Orbitron-SemiBold.ttf in Resources */ = {isa = PBXBuildFile; fileRef = 705827972C75766200AB8682 /* Orbitron-SemiBold.ttf */; };
		7058279E2C75766300AB8682 /* Orbitron-Bold.ttf in Resources */ = {isa = PBXBuildFile; fileRef = 705827982C75766300AB8682 /* Orbitron-Bold.ttf */; };
		7058279F2C75766300AB8682 /* Orbitron-Medium.ttf in Resources */ = {isa = PBXBuildFile; fileRef = 705827992C75766300AB8682 /* Orbitron-Medium.ttf */; };
		705827A02C75766300AB8682 /* Orbitron-Regular.ttf in Resources */ = {isa = PBXBuildFile; fileRef = 7058279A2C75766300AB8682 /* Orbitron-Regular.ttf */; };
		705827A12C75766300AB8682 /* Orbitron-ExtraBold.ttf in Resources */ = {isa = PBXBuildFile; fileRef = 7058279B2C75766300AB8682 /* Orbitron-ExtraBold.ttf */; };
		705827A22C75766300AB8682 /* Orbitron-Black.ttf in Resources */ = {isa = PBXBuildFile; fileRef = 7058279C2C75766300AB8682 /* Orbitron-Black.ttf */; };
		70838FDC2C6BC96500B7AE46 /* SplashView.swift in Sources */ = {isa = PBXBuildFile; fileRef = 70838FDB2C6BC96500B7AE46 /* SplashView.swift */; };
		70BD24A02C6BF6F10070B5F9 /* Colors.swift in Sources */ = {isa = PBXBuildFile; fileRef = 70BD249F2C6BF6F10070B5F9 /* Colors.swift */; };
		92678D772DAA70E6001CEDD6 /* SQLite in Frameworks */ = {isa = PBXBuildFile; productRef = 92678D762DAA70E6001CEDD6 /* SQLite */; };
		92678D812DAA76F5001CEDD6 /* Cheat.swift in Sources */ = {isa = PBXBuildFile; fileRef = 92678D802DAA76F5001CEDD6 /* Cheat.swift */; };
		9D123D012CD0041D007508A8 /* D-DINCondensed.ttf in Resources */ = {isa = PBXBuildFile; fileRef = 9D123D002CD0041C007508A8 /* D-DINCondensed.ttf */; };
		9D123D032CD0046B007508A8 /* Ebrima.ttf in Resources */ = {isa = PBXBuildFile; fileRef = 9D123D022CD0046B007508A8 /* Ebrima.ttf */; };
		9D123D052CD007EE007508A8 /* D-DINCondensed-Bold.ttf in Resources */ = {isa = PBXBuildFile; fileRef = 9D123D042CD007EE007508A8 /* D-DINCondensed-Bold.ttf */; };
		9D123D072CD008E4007508A8 /* D-DIN.ttf in Resources */ = {isa = PBXBuildFile; fileRef = 9D123D062CD008E4007508A8 /* D-DIN.ttf */; };
		9D123D0F2CD00B56007508A8 /* DINCondensed-Regular.ttf in Resources */ = {isa = PBXBuildFile; fileRef = 9D123D0E2CD00B56007508A8 /* DINCondensed-Regular.ttf */; };
/* End PBXBuildFile section */

/* Begin PBXFileReference section */
		180A47A12866E4EA00A82F16 /* DocumentPicker.swift */ = {isa = PBXFileReference; lastKnownFileType = sourcecode.swift; path = DocumentPicker.swift; sourceTree = "<group>"; };
		180C86ED286AEF40009E7C0D /* CoreDataController.swift */ = {isa = PBXFileReference; lastKnownFileType = sourcecode.swift; path = CoreDataController.swift; sourceTree = "<group>"; };
		180C86EF286B3F02009E7C0D /* HomeView+ViewModel.swift */ = {isa = PBXFileReference; lastKnownFileType = sourcecode.swift; path = "HomeView+ViewModel.swift"; sourceTree = "<group>"; };
		183DF16A2862C99E0088FE1C /* SOOLRA.app */ = {isa = PBXFileReference; explicitFileType = wrapper.application; includeInIndex = 0; path = SOOLRA.app; sourceTree = BUILT_PRODUCTS_DIR; };
		183DF16D2862C99E0088FE1C /* SoolraApp.swift */ = {isa = PBXFileReference; lastKnownFileType = sourcecode.swift; path = SoolraApp.swift; sourceTree = "<group>"; };
		183DF1712862C9A00088FE1C /* Assets.xcassets */ = {isa = PBXFileReference; lastKnownFileType = folder.assetcatalog; path = Assets.xcassets; sourceTree = "<group>"; };
		183DF1742862C9A00088FE1C /* Preview Assets.xcassets */ = {isa = PBXFileReference; lastKnownFileType = folder.assetcatalog; path = "Preview Assets.xcassets"; sourceTree = "<group>"; };
		185B91802869EE8C003F88F5 /* Model.xcdatamodel */ = {isa = PBXFileReference; lastKnownFileType = wrapper.xcdatamodel; path = Model.xcdatamodel; sourceTree = "<group>"; };
		186B04AC28661B940013EFDC /* CGPoint+distanceTo.swift */ = {isa = PBXFileReference; lastKnownFileType = sourcecode.swift; path = "CGPoint+distanceTo.swift"; sourceTree = "<group>"; };
		187ABE9D28642FF000372297 /* ButtonKey.swift */ = {isa = PBXFileReference; lastKnownFileType = sourcecode.swift; path = ButtonKey.swift; sourceTree = "<group>"; };
		18EBB74A2864A13A00903F43 /* HomeView.swift */ = {isa = PBXFileReference; lastKnownFileType = sourcecode.swift; path = HomeView.swift; sourceTree = "<group>"; };
		4C23EA0A2D50048400039871 /* Bridging-Header.h */ = {isa = PBXFileReference; lastKnownFileType = sourcecode.c.h; path = "Bridging-Header.h"; sourceTree = "<group>"; };
		4C9253D32D47ED2B00E38366 /* HapticManager.swift */ = {isa = PBXFileReference; lastKnownFileType = sourcecode.swift; path = HapticManager.swift; sourceTree = "<group>"; };
		4CB5AA5E2D61B206003E1677 /* MetalManager.swift */ = {isa = PBXFileReference; lastKnownFileType = sourcecode.swift; path = MetalManager.swift; sourceTree = "<group>"; };
		4CC26D992D4BABC300F3D262 /* ConsoleCoreManager.swift */ = {isa = PBXFileReference; lastKnownFileType = sourcecode.swift; path = ConsoleCoreManager.swift; sourceTree = "<group>"; };
		4CCFFDB22D4E94D0002B9F4A /* launchvideo.mp4 */ = {isa = PBXFileReference; lastKnownFileType = file; path = launchvideo.mp4; sourceTree = "<group>"; };
		4CEF41C72D21A4670068BC5B /* RomManager.swift */ = {isa = PBXFileReference; lastKnownFileType = sourcecode.swift; path = RomManager.swift; sourceTree = "<group>"; };
		7032EDC02C76059400828A41 /* SettingsView.swift */ = {isa = PBXFileReference; lastKnownFileType = sourcecode.swift; path = SettingsView.swift; sourceTree = "<group>"; };
		7032EDC22C761C5800828A41 /* ThemeManager.swift */ = {isa = PBXFileReference; lastKnownFileType = sourcecode.swift; path = ThemeManager.swift; sourceTree = "<group>"; };
		705827972C75766200AB8682 /* Orbitron-SemiBold.ttf */ = {isa = PBXFileReference; lastKnownFileType = file; path = "Orbitron-SemiBold.ttf"; sourceTree = "<group>"; };
		705827982C75766300AB8682 /* Orbitron-Bold.ttf */ = {isa = PBXFileReference; lastKnownFileType = file; path = "Orbitron-Bold.ttf"; sourceTree = "<group>"; };
		705827992C75766300AB8682 /* Orbitron-Medium.ttf */ = {isa = PBXFileReference; lastKnownFileType = file; path = "Orbitron-Medium.ttf"; sourceTree = "<group>"; };
		7058279A2C75766300AB8682 /* Orbitron-Regular.ttf */ = {isa = PBXFileReference; lastKnownFileType = file; path = "Orbitron-Regular.ttf"; sourceTree = "<group>"; };
		7058279B2C75766300AB8682 /* Orbitron-ExtraBold.ttf */ = {isa = PBXFileReference; lastKnownFileType = file; path = "Orbitron-ExtraBold.ttf"; sourceTree = "<group>"; };
		7058279C2C75766300AB8682 /* Orbitron-Black.ttf */ = {isa = PBXFileReference; lastKnownFileType = file; path = "Orbitron-Black.ttf"; sourceTree = "<group>"; };
		705827A32C7576D500AB8682 /* info.plist */ = {isa = PBXFileReference; lastKnownFileType = text.plist.xml; path = info.plist; sourceTree = "<group>"; };
		70838FDB2C6BC96500B7AE46 /* SplashView.swift */ = {isa = PBXFileReference; lastKnownFileType = sourcecode.swift; path = SplashView.swift; sourceTree = "<group>"; };
		70BD249F2C6BF6F10070B5F9 /* Colors.swift */ = {isa = PBXFileReference; lastKnownFileType = sourcecode.swift; path = Colors.swift; sourceTree = "<group>"; };
		92678D802DAA76F5001CEDD6 /* Cheat.swift */ = {isa = PBXFileReference; lastKnownFileType = sourcecode.swift; path = Cheat.swift; sourceTree = "<group>"; };
		9D123D002CD0041C007508A8 /* D-DINCondensed.ttf */ = {isa = PBXFileReference; lastKnownFileType = file; path = "D-DINCondensed.ttf"; sourceTree = "<group>"; };
		9D123D022CD0046B007508A8 /* Ebrima.ttf */ = {isa = PBXFileReference; lastKnownFileType = file; path = Ebrima.ttf; sourceTree = "<group>"; };
		9D123D042CD007EE007508A8 /* D-DINCondensed-Bold.ttf */ = {isa = PBXFileReference; lastKnownFileType = file; path = "D-DINCondensed-Bold.ttf"; sourceTree = "<group>"; };
		9D123D062CD008E4007508A8 /* D-DIN.ttf */ = {isa = PBXFileReference; lastKnownFileType = file; path = "D-DIN.ttf"; sourceTree = "<group>"; };
		9D123D0E2CD00B56007508A8 /* DINCondensed-Regular.ttf */ = {isa = PBXFileReference; lastKnownFileType = file; path = "DINCondensed-Regular.ttf"; sourceTree = "<group>"; };
/* End PBXFileReference section */

/* Begin PBXFileSystemSynchronizedRootGroup section */
		4C0CD8AE2D54E31F00B079B5 /* Protocols */ = {isa = PBXFileSystemSynchronizedRootGroup; explicitFileTypes = {}; explicitFolders = (); path = Protocols; sourceTree = "<group>"; };
		4C0CD8BA2D54E71100B079B5 /* SoolraController */ = {isa = PBXFileSystemSynchronizedRootGroup; explicitFileTypes = {}; explicitFolders = (); path = SoolraController; sourceTree = "<group>"; };
		4C0CD8CE2D54E72800B079B5 /* Game */ = {isa = PBXFileSystemSynchronizedRootGroup; explicitFileTypes = {}; explicitFolders = (); path = Game; sourceTree = "<group>"; };
		4CC26D9F2D4BAF8000F3D262 /* ConsoleCores */ = {isa = PBXFileSystemSynchronizedRootGroup; explicitFileTypes = {}; explicitFolders = (); path = ConsoleCores; sourceTree = "<group>"; };
		4CCFFDAD2D4D2B4B002B9F4A /* nes */ = {isa = PBXFileSystemSynchronizedRootGroup; explicitFileTypes = {}; explicitFolders = (); path = nes; sourceTree = "<group>"; };
		4CE85E512D55201F004A3CC2 /* gba */ = {isa = PBXFileSystemSynchronizedRootGroup; explicitFileTypes = {}; explicitFolders = (); path = gba; sourceTree = "<group>"; };
		4CF12CD52D4293CA004B7CD7 /* Boxart */ = {isa = PBXFileSystemSynchronizedRootGroup; explicitFileTypes = {}; explicitFolders = (); path = Boxart; sourceTree = "<group>"; };
		92678D5C2DA805B4001CEDD6 /* Cheats */ = {isa = PBXFileSystemSynchronizedRootGroup; explicitFileTypes = {}; explicitFolders = (); path = Cheats; sourceTree = "<group>"; };
/* End PBXFileSystemSynchronizedRootGroup section */

/* Begin PBXFrameworksBuildPhase section */
		183DF1672862C99E0088FE1C /* Frameworks */ = {
			isa = PBXFrameworksBuildPhase;
			buildActionMask = 2147483647;
			files = (
				92678D772DAA70E6001CEDD6 /* SQLite in Frameworks */,
				4CEF41CB2D21A4E40068BC5B /* ZIPFoundation in Frameworks */,
			);
			runOnlyForDeploymentPostprocessing = 0;
		};
/* End PBXFrameworksBuildPhase section */

/* Begin PBXGroup section */
		180C86AA2869F898009E7C0D /* Core */ = {
			isa = PBXGroup;
			children = (
				4CC26D992D4BABC300F3D262 /* ConsoleCoreManager.swift */,
				4CB5AA5E2D61B206003E1677 /* MetalManager.swift */,
				4CC26D9F2D4BAF8000F3D262 /* ConsoleCores */,
				4C0CD8AE2D54E31F00B079B5 /* Protocols */,
			);
			path = Core;
			sourceTree = "<group>";
		};
		180C86AD2869FAF7009E7C0D /* Extension */ = {
			isa = PBXGroup;
			children = (
				186B04AC28661B940013EFDC /* CGPoint+distanceTo.swift */,
				180C86EF286B3F02009E7C0D /* HomeView+ViewModel.swift */,
			);
			path = Extension;
			sourceTree = "<group>";
		};
		183DF1612862C99E0088FE1C = {
			isa = PBXGroup;
			children = (
				4CCFFDB22D4E94D0002B9F4A /* launchvideo.mp4 */,
				4CF12CD52D4293CA004B7CD7 /* Boxart */,
				4CC26D922D4BA8BC00F3D262 /* Emulators */,
				183DF16C2862C99E0088FE1C /* SoolraConsole */,
				705827A32C7576D500AB8682 /* info.plist */,
				705827962C75764300AB8682 /* Fonts */,
				183DF16B2862C99E0088FE1C /* Products */,
			);
			sourceTree = "<group>";
		};
		183DF16B2862C99E0088FE1C /* Products */ = {
			isa = PBXGroup;
			children = (
				183DF16A2862C99E0088FE1C /* SOOLRA.app */,
			);
			name = Products;
			sourceTree = "<group>";
		};
		183DF16C2862C99E0088FE1C /* SoolraConsole */ = {
			isa = PBXGroup;
			children = (
				92678D5C2DA805B4001CEDD6 /* Cheats */,
				183DF1712862C9A00088FE1C /* Assets.xcassets */,
				180C86AA2869F898009E7C0D /* Core */,
				183DF16D2862C99E0088FE1C /* SoolraApp.swift */,
				4C9253D32D47ED2B00E38366 /* HapticManager.swift */,
				70BD249F2C6BF6F10070B5F9 /* Colors.swift */,
				7032EDC22C761C5800828A41 /* ThemeManager.swift */,
				180C86ED286AEF40009E7C0D /* CoreDataController.swift */,
				183DF1D62862FBD10088FE1C /* View */,
				180C86AD2869FAF7009E7C0D /* Extension */,
				183DF1D32862E1780088FE1C /* Model */,
				185B917F2869EE8C003F88F5 /* Model.xcdatamodeld */,
				183DF1732862C9A00088FE1C /* Preview Content */,
			);
			path = SoolraConsole;
			sourceTree = "<group>";
		};
		183DF1732862C9A00088FE1C /* Preview Content */ = {
			isa = PBXGroup;
			children = (
				183DF1742862C9A00088FE1C /* Preview Assets.xcassets */,
			);
			path = "Preview Content";
			sourceTree = "<group>";
		};
		183DF1D32862E1780088FE1C /* Model */ = {
			isa = PBXGroup;
			children = (
				4CEF41C72D21A4670068BC5B /* RomManager.swift */,
				187ABE9D28642FF000372297 /* ButtonKey.swift */,
				92678D802DAA76F5001CEDD6 /* Cheat.swift */,
			);
			path = Model;
			sourceTree = "<group>";
		};
		183DF1D62862FBD10088FE1C /* View */ = {
			isa = PBXGroup;
			children = (
				4C0CD8CE2D54E72800B079B5 /* Game */,
				4C0CD8BA2D54E71100B079B5 /* SoolraController */,
				180A47A12866E4EA00A82F16 /* DocumentPicker.swift */,
				18EBB74A2864A13A00903F43 /* HomeView.swift */,
				70838FDB2C6BC96500B7AE46 /* SplashView.swift */,
				7032EDC02C76059400828A41 /* SettingsView.swift */,
			);
			path = View;
			sourceTree = "<group>";
		};
		4CC26D922D4BA8BC00F3D262 /* Emulators */ = {
			isa = PBXGroup;
			children = (
				4C23EA0A2D50048400039871 /* Bridging-Header.h */,
				4CCFFDAD2D4D2B4B002B9F4A /* nes */,
				4CE85E512D55201F004A3CC2 /* gba */,
			);
			path = Emulators;
			sourceTree = "<group>";
		};
		705827962C75764300AB8682 /* Fonts */ = {
			isa = PBXGroup;
			children = (
				9D123D0E2CD00B56007508A8 /* DINCondensed-Regular.ttf */,
				9D123D062CD008E4007508A8 /* D-DIN.ttf */,
				9D123D022CD0046B007508A8 /* Ebrima.ttf */,
				9D123D042CD007EE007508A8 /* D-DINCondensed-Bold.ttf */,
				9D123D002CD0041C007508A8 /* D-DINCondensed.ttf */,
				7058279C2C75766300AB8682 /* Orbitron-Black.ttf */,
				705827982C75766300AB8682 /* Orbitron-Bold.ttf */,
				7058279B2C75766300AB8682 /* Orbitron-ExtraBold.ttf */,
				705827992C75766300AB8682 /* Orbitron-Medium.ttf */,
				7058279A2C75766300AB8682 /* Orbitron-Regular.ttf */,
				705827972C75766200AB8682 /* Orbitron-SemiBold.ttf */,
			);
			path = Fonts;
			sourceTree = "<group>";
		};
/* End PBXGroup section */

/* Begin PBXNativeTarget section */
		183DF1692862C99E0088FE1C /* SOOLRA */ = {
			isa = PBXNativeTarget;
			buildConfigurationList = 183DF1782862C9A00088FE1C /* Build configuration list for PBXNativeTarget "SOOLRA" */;
			buildPhases = (
				183DF1662862C99E0088FE1C /* Sources */,
				183DF1672862C99E0088FE1C /* Frameworks */,
				183DF1682862C99E0088FE1C /* Resources */,
			);
			buildRules = (
			);
			dependencies = (
			);
			fileSystemSynchronizedGroups = (
				4C0CD8AE2D54E31F00B079B5 /* Protocols */,
				4C0CD8BA2D54E71100B079B5 /* SoolraController */,
				4C0CD8CE2D54E72800B079B5 /* Game */,
				4CC26D9F2D4BAF8000F3D262 /* ConsoleCores */,
				4CCFFDAD2D4D2B4B002B9F4A /* nes */,
				4CE85E512D55201F004A3CC2 /* gba */,
				4CF12CD52D4293CA004B7CD7 /* Boxart */,
				92678D5C2DA805B4001CEDD6 /* Cheats */,
			);
			name = SOOLRA;
			packageProductDependencies = (
				4CEF41CA2D21A4E40068BC5B /* ZIPFoundation */,
				92678D762DAA70E6001CEDD6 /* SQLite */,
			);
			productName = NesEmulator;
			productReference = 183DF16A2862C99E0088FE1C /* SOOLRA.app */;
			productType = "com.apple.product-type.application";
		};
/* End PBXNativeTarget section */

/* Begin PBXProject section */
		183DF1622862C99E0088FE1C /* Project object */ = {
			isa = PBXProject;
			attributes = {
				BuildIndependentTargetsInParallel = 1;
				LastSwiftUpdateCheck = 1340;
				LastUpgradeCheck = 1540;
				TargetAttributes = {
					183DF1692862C99E0088FE1C = {
						CreatedOnToolsVersion = 13.4.1;
					};
				};
			};
			buildConfigurationList = 183DF1652862C99E0088FE1C /* Build configuration list for PBXProject "SOOLRA" */;
			compatibilityVersion = "Xcode 13.0";
			developmentRegion = en;
			hasScannedForEncodings = 0;
			knownRegions = (
				en,
				Base,
			);
			mainGroup = 183DF1612862C99E0088FE1C;
			packageReferences = (
				4CEF41C92D21A4E40068BC5B /* XCRemoteSwiftPackageReference "ZIPFoundation" */,
				92678D752DAA70E6001CEDD6 /* XCRemoteSwiftPackageReference "SQLite" */,
			);
			productRefGroup = 183DF16B2862C99E0088FE1C /* Products */;
			projectDirPath = "";
			projectRoot = "";
			targets = (
				183DF1692862C99E0088FE1C /* SOOLRA */,
			);
		};
/* End PBXProject section */

/* Begin PBXResourcesBuildPhase section */
		183DF1682862C99E0088FE1C /* Resources */ = {
			isa = PBXResourcesBuildPhase;
			buildActionMask = 2147483647;
			files = (
				9D123D0F2CD00B56007508A8 /* DINCondensed-Regular.ttf in Resources */,
				705827A02C75766300AB8682 /* Orbitron-Regular.ttf in Resources */,
				9D123D072CD008E4007508A8 /* D-DIN.ttf in Resources */,
				183DF1752862C9A00088FE1C /* Preview Assets.xcassets in Resources */,
				4CCFFDB32D4E94D0002B9F4A /* launchvideo.mp4 in Resources */,
				705827A22C75766300AB8682 /* Orbitron-Black.ttf in Resources */,
				7058279D2C75766300AB8682 /* Orbitron-SemiBold.ttf in Resources */,
				9D123D012CD0041D007508A8 /* D-DINCondensed.ttf in Resources */,
				7058279F2C75766300AB8682 /* Orbitron-Medium.ttf in Resources */,
				7058279E2C75766300AB8682 /* Orbitron-Bold.ttf in Resources */,
				9D123D052CD007EE007508A8 /* D-DINCondensed-Bold.ttf in Resources */,
				9D123D032CD0046B007508A8 /* Ebrima.ttf in Resources */,
				183DF1722862C9A00088FE1C /* Assets.xcassets in Resources */,
				705827A12C75766300AB8682 /* Orbitron-ExtraBold.ttf in Resources */,
			);
			runOnlyForDeploymentPostprocessing = 0;
		};
/* End PBXResourcesBuildPhase section */

/* Begin PBXSourcesBuildPhase section */
		183DF1662862C99E0088FE1C /* Sources */ = {
			isa = PBXSourcesBuildPhase;
			buildActionMask = 2147483647;
			files = (
				92678D812DAA76F5001CEDD6 /* Cheat.swift in Sources */,
				7032EDC32C761C5800828A41 /* ThemeManager.swift in Sources */,
				70BD24A02C6BF6F10070B5F9 /* Colors.swift in Sources */,
				4CC26D9A2D4BABC600F3D262 /* ConsoleCoreManager.swift in Sources */,
				180A47A22866E4EA00A82F16 /* DocumentPicker.swift in Sources */,
				70838FDC2C6BC96500B7AE46 /* SplashView.swift in Sources */,
				18EBB74B2864A13A00903F43 /* HomeView.swift in Sources */,
				186B04AD28661B940013EFDC /* CGPoint+distanceTo.swift in Sources */,
				4CB5AA5F2D61B206003E1677 /* MetalManager.swift in Sources */,
				183DF16E2862C99E0088FE1C /* SoolraApp.swift in Sources */,
				185B91812869EE8C003F88F5 /* Model.xcdatamodeld in Sources */,
				180C86EE286AEF40009E7C0D /* CoreDataController.swift in Sources */,
				180C86F0286B3F02009E7C0D /* HomeView+ViewModel.swift in Sources */,
				4C9253D42D47ED2B00E38366 /* HapticManager.swift in Sources */,
				7032EDC12C76059400828A41 /* SettingsView.swift in Sources */,
				187ABE9E28642FF000372297 /* ButtonKey.swift in Sources */,
				4CEF41C82D21A46A0068BC5B /* RomManager.swift in Sources */,
			);
			runOnlyForDeploymentPostprocessing = 0;
		};
/* End PBXSourcesBuildPhase section */

/* Begin XCBuildConfiguration section */
		183DF1762862C9A00088FE1C /* Debug */ = {
			isa = XCBuildConfiguration;
			buildSettings = {
				ALWAYS_SEARCH_USER_PATHS = NO;
				CLANG_ANALYZER_NONNULL = YES;
				CLANG_ANALYZER_NUMBER_OBJECT_CONVERSION = YES_AGGRESSIVE;
				CLANG_CXX_LANGUAGE_STANDARD = "c++20";
				CLANG_ENABLE_MODULES = YES;
				CLANG_ENABLE_OBJC_ARC = YES;
				CLANG_ENABLE_OBJC_WEAK = YES;
				CLANG_WARN_BLOCK_CAPTURE_AUTORELEASING = YES;
				CLANG_WARN_BOOL_CONVERSION = YES;
				CLANG_WARN_COMMA = YES;
				CLANG_WARN_CONSTANT_CONVERSION = YES;
				CLANG_WARN_DEPRECATED_OBJC_IMPLEMENTATIONS = YES;
				CLANG_WARN_DIRECT_OBJC_ISA_USAGE = YES_ERROR;
				CLANG_WARN_DOCUMENTATION_COMMENTS = YES;
				CLANG_WARN_EMPTY_BODY = YES;
				CLANG_WARN_ENUM_CONVERSION = YES;
				CLANG_WARN_INFINITE_RECURSION = YES;
				CLANG_WARN_INT_CONVERSION = YES;
				CLANG_WARN_NON_LITERAL_NULL_CONVERSION = YES;
				CLANG_WARN_OBJC_IMPLICIT_RETAIN_SELF = YES;
				CLANG_WARN_OBJC_LITERAL_CONVERSION = YES;
				CLANG_WARN_OBJC_ROOT_CLASS = YES_ERROR;
				CLANG_WARN_QUOTED_INCLUDE_IN_FRAMEWORK_HEADER = YES;
				CLANG_WARN_RANGE_LOOP_ANALYSIS = YES;
				CLANG_WARN_STRICT_PROTOTYPES = YES;
				CLANG_WARN_SUSPICIOUS_MOVE = YES;
				CLANG_WARN_UNGUARDED_AVAILABILITY = YES_AGGRESSIVE;
				CLANG_WARN_UNREACHABLE_CODE = YES;
				CLANG_WARN__DUPLICATE_METHOD_MATCH = YES;
				COPY_PHASE_STRIP = NO;
				DEBUG_INFORMATION_FORMAT = dwarf;
				ENABLE_STRICT_OBJC_MSGSEND = YES;
				ENABLE_TESTABILITY = YES;
				ENABLE_USER_SCRIPT_SANDBOXING = YES;
				GCC_C_LANGUAGE_STANDARD = c11;
				GCC_DYNAMIC_NO_PIC = NO;
				GCC_NO_COMMON_BLOCKS = YES;
				GCC_OPTIMIZATION_LEVEL = 0;
				GCC_PREPROCESSOR_DEFINITIONS = (
					"DEBUG=1",
					"$(inherited)",
				);
				GCC_WARN_64_TO_32_BIT_CONVERSION = YES;
				GCC_WARN_ABOUT_RETURN_TYPE = YES_ERROR;
				GCC_WARN_UNDECLARED_SELECTOR = YES;
				GCC_WARN_UNINITIALIZED_AUTOS = YES_AGGRESSIVE;
				GCC_WARN_UNUSED_FUNCTION = YES;
				GCC_WARN_UNUSED_VARIABLE = YES;
				IPHONEOS_DEPLOYMENT_TARGET = 15.5;
				MTL_ENABLE_DEBUG_INFO = INCLUDE_SOURCE;
				MTL_FAST_MATH = YES;
				ONLY_ACTIVE_ARCH = YES;
				SDKROOT = iphoneos;
				SWIFT_ACTIVE_COMPILATION_CONDITIONS = DEBUG;
				SWIFT_OPTIMIZATION_LEVEL = "-Onone";
			};
			name = Debug;
		};
		183DF1772862C9A00088FE1C /* Release */ = {
			isa = XCBuildConfiguration;
			buildSettings = {
				ALWAYS_SEARCH_USER_PATHS = NO;
				CLANG_ANALYZER_NONNULL = YES;
				CLANG_ANALYZER_NUMBER_OBJECT_CONVERSION = YES_AGGRESSIVE;
				CLANG_CXX_LANGUAGE_STANDARD = "c++20";
				CLANG_ENABLE_MODULES = YES;
				CLANG_ENABLE_OBJC_ARC = YES;
				CLANG_ENABLE_OBJC_WEAK = YES;
				CLANG_WARN_BLOCK_CAPTURE_AUTORELEASING = YES;
				CLANG_WARN_BOOL_CONVERSION = YES;
				CLANG_WARN_COMMA = YES;
				CLANG_WARN_CONSTANT_CONVERSION = YES;
				CLANG_WARN_DEPRECATED_OBJC_IMPLEMENTATIONS = YES;
				CLANG_WARN_DIRECT_OBJC_ISA_USAGE = YES_ERROR;
				CLANG_WARN_DOCUMENTATION_COMMENTS = YES;
				CLANG_WARN_EMPTY_BODY = YES;
				CLANG_WARN_ENUM_CONVERSION = YES;
				CLANG_WARN_INFINITE_RECURSION = YES;
				CLANG_WARN_INT_CONVERSION = YES;
				CLANG_WARN_NON_LITERAL_NULL_CONVERSION = YES;
				CLANG_WARN_OBJC_IMPLICIT_RETAIN_SELF = YES;
				CLANG_WARN_OBJC_LITERAL_CONVERSION = YES;
				CLANG_WARN_OBJC_ROOT_CLASS = YES_ERROR;
				CLANG_WARN_QUOTED_INCLUDE_IN_FRAMEWORK_HEADER = YES;
				CLANG_WARN_RANGE_LOOP_ANALYSIS = YES;
				CLANG_WARN_STRICT_PROTOTYPES = YES;
				CLANG_WARN_SUSPICIOUS_MOVE = YES;
				CLANG_WARN_UNGUARDED_AVAILABILITY = YES_AGGRESSIVE;
				CLANG_WARN_UNREACHABLE_CODE = YES;
				CLANG_WARN__DUPLICATE_METHOD_MATCH = YES;
				COPY_PHASE_STRIP = NO;
				DEBUG_INFORMATION_FORMAT = "dwarf-with-dsym";
				ENABLE_NS_ASSERTIONS = NO;
				ENABLE_STRICT_OBJC_MSGSEND = YES;
				ENABLE_USER_SCRIPT_SANDBOXING = YES;
				GCC_C_LANGUAGE_STANDARD = c11;
				GCC_NO_COMMON_BLOCKS = YES;
				GCC_WARN_64_TO_32_BIT_CONVERSION = YES;
				GCC_WARN_ABOUT_RETURN_TYPE = YES_ERROR;
				GCC_WARN_UNDECLARED_SELECTOR = YES;
				GCC_WARN_UNINITIALIZED_AUTOS = YES_AGGRESSIVE;
				GCC_WARN_UNUSED_FUNCTION = YES;
				GCC_WARN_UNUSED_VARIABLE = YES;
				IPHONEOS_DEPLOYMENT_TARGET = 15.5;
				MTL_ENABLE_DEBUG_INFO = NO;
				MTL_FAST_MATH = YES;
				SDKROOT = iphoneos;
				SWIFT_COMPILATION_MODE = wholemodule;
				SWIFT_OPTIMIZATION_LEVEL = "-O";
				VALIDATE_PRODUCT = YES;
			};
			name = Release;
		};
		183DF1792862C9A00088FE1C /* Debug */ = {
			isa = XCBuildConfiguration;
			buildSettings = {
				ASSETCATALOG_COMPILER_APPICON_NAME = AppIconNew;
				ASSETCATALOG_COMPILER_GLOBAL_ACCENT_COLOR_NAME = AccentColor;
				CODE_SIGN_IDENTITY = "Apple Development";
				CODE_SIGN_STYLE = Automatic;
				CURRENT_PROJECT_VERSION = 1;
				DEVELOPMENT_ASSET_PATHS = "\"SoolraConsole/Preview Content\"";
				DEVELOPMENT_TEAM = NV678TN5PJ;
				ENABLE_PREVIEWS = YES;
				GENERATE_INFOPLIST_FILE = YES;
				INFOPLIST_FILE = "$(SRCROOT)/info.plist";
				INFOPLIST_KEY_CFBundleDisplayName = SOOLRA;
				INFOPLIST_KEY_GCSupportsControllerUserInteraction = YES;
				INFOPLIST_KEY_GCSupportsGameMode = YES;
				INFOPLIST_KEY_LSApplicationCategoryType = "public.app-category.games";
				INFOPLIST_KEY_LSSupportsOpeningDocumentsInPlace = YES;
				INFOPLIST_KEY_NSHumanReadableCopyright = "";
				INFOPLIST_KEY_UIApplicationSceneManifest_Generation = YES;
				INFOPLIST_KEY_UIApplicationSupportsIndirectInputEvents = YES;
				INFOPLIST_KEY_UIRequiresFullScreen = YES;
				INFOPLIST_KEY_UISupportedInterfaceOrientations = "UIInterfaceOrientationPortrait UIInterfaceOrientationPortraitUpsideDown";
				IPHONEOS_DEPLOYMENT_TARGET = 15.6;
				LD_RUNPATH_SEARCH_PATHS = (
					"$(inherited)",
					"@executable_path/Frameworks",
				);
				MARKETING_VERSION = 5.7.0;
				OTHER_CFLAGS = (
					"-Wno-narrowing",
					"-DC_CORE",
					"-DNO_LINK",
				);
				OTHER_CPLUSPLUSFLAGS = (
					"$(OTHER_CFLAGS)",
					"-I./Emulators/nes",
					"-I./Emulators/gba",
					"-I./Emulators/SFML/include",
				);
				PRODUCT_BUNDLE_IDENTIFIER = com.vakho.soolra;
				PRODUCT_NAME = "$(TARGET_NAME)";
				PROVISIONING_PROFILE_SPECIFIER = "";
				SWIFT_EMIT_LOC_STRINGS = YES;
				SWIFT_OBJC_BRIDGING_HEADER = "Emulators/Bridging-Header.h";
				SWIFT_VERSION = 5.0;
				TARGETED_DEVICE_FAMILY = "1,2";
			};
			name = Debug;
		};
		183DF17A2862C9A00088FE1C /* Release */ = {
			isa = XCBuildConfiguration;
			buildSettings = {
				ASSETCATALOG_COMPILER_APPICON_NAME = AppIconNew;
				ASSETCATALOG_COMPILER_GLOBAL_ACCENT_COLOR_NAME = AccentColor;
				CODE_SIGN_IDENTITY = "Apple Development";
				CODE_SIGN_STYLE = Automatic;
				CURRENT_PROJECT_VERSION = 1;
				DEVELOPMENT_ASSET_PATHS = "\"SoolraConsole/Preview Content\"";
				DEVELOPMENT_TEAM = 3W96UGQFB7;
				ENABLE_PREVIEWS = YES;
				GENERATE_INFOPLIST_FILE = YES;
				INFOPLIST_FILE = "$(SRCROOT)/info.plist";
				INFOPLIST_KEY_CFBundleDisplayName = SOOLRA;
				INFOPLIST_KEY_GCSupportsControllerUserInteraction = YES;
				INFOPLIST_KEY_GCSupportsGameMode = YES;
				INFOPLIST_KEY_LSApplicationCategoryType = "public.app-category.games";
				INFOPLIST_KEY_LSSupportsOpeningDocumentsInPlace = YES;
				INFOPLIST_KEY_NSHumanReadableCopyright = "";
				INFOPLIST_KEY_UIApplicationSceneManifest_Generation = YES;
				INFOPLIST_KEY_UIApplicationSupportsIndirectInputEvents = YES;
				INFOPLIST_KEY_UIRequiresFullScreen = YES;
				INFOPLIST_KEY_UISupportedInterfaceOrientations = "UIInterfaceOrientationPortrait UIInterfaceOrientationPortraitUpsideDown";
				IPHONEOS_DEPLOYMENT_TARGET = 15.6;
				LD_RUNPATH_SEARCH_PATHS = (
					"$(inherited)",
					"@executable_path/Frameworks",
				);
				MARKETING_VERSION = 5.7.0;
				OTHER_CFLAGS = (
					"-Wno-narrowing",
					"-DC_CORE",
					"-DNO_LINK",
				);
				OTHER_CPLUSPLUSFLAGS = (
					"$(OTHER_CFLAGS)",
					"-I./Emulators/nes",
					"-I./Emulators/gba",
					"-I./Emulators/SFML/include",
				);
				PRODUCT_BUNDLE_IDENTIFIER = com.soolra.soolra;
				PRODUCT_NAME = "$(TARGET_NAME)";
				PROVISIONING_PROFILE_SPECIFIER = "";
				SWIFT_EMIT_LOC_STRINGS = YES;
				SWIFT_OBJC_BRIDGING_HEADER = "Emulators/Bridging-Header.h";
				SWIFT_VERSION = 5.0;
				TARGETED_DEVICE_FAMILY = "1,2";
			};
			name = Release;
		};
/* End XCBuildConfiguration section */

/* Begin XCConfigurationList section */
		183DF1652862C99E0088FE1C /* Build configuration list for PBXProject "SOOLRA" */ = {
			isa = XCConfigurationList;
			buildConfigurations = (
				183DF1762862C9A00088FE1C /* Debug */,
				183DF1772862C9A00088FE1C /* Release */,
			);
			defaultConfigurationIsVisible = 0;
			defaultConfigurationName = Release;
		};
		183DF1782862C9A00088FE1C /* Build configuration list for PBXNativeTarget "SOOLRA" */ = {
			isa = XCConfigurationList;
			buildConfigurations = (
				183DF1792862C9A00088FE1C /* Debug */,
				183DF17A2862C9A00088FE1C /* Release */,
			);
			defaultConfigurationIsVisible = 0;
			defaultConfigurationName = Release;
		};
/* End XCConfigurationList section */

/* Begin XCRemoteSwiftPackageReference section */
		4CEF41C92D21A4E40068BC5B /* XCRemoteSwiftPackageReference "ZIPFoundation" */ = {
			isa = XCRemoteSwiftPackageReference;
			repositoryURL = "https://github.com/weichsel/ZIPFoundation";
			requirement = {
				kind = upToNextMajorVersion;
				minimumVersion = 0.9.19;
			};
		};
		92678D752DAA70E6001CEDD6 /* XCRemoteSwiftPackageReference "SQLite" */ = {
			isa = XCRemoteSwiftPackageReference;
			repositoryURL = "https://github.com/stephencelis/SQLite.swift";
			requirement = {
				kind = upToNextMajorVersion;
				minimumVersion = 0.15.3;
			};
		};
/* End XCRemoteSwiftPackageReference section */

/* Begin XCSwiftPackageProductDependency section */
		4CEF41CA2D21A4E40068BC5B /* ZIPFoundation */ = {
			isa = XCSwiftPackageProductDependency;
			package = 4CEF41C92D21A4E40068BC5B /* XCRemoteSwiftPackageReference "ZIPFoundation" */;
			productName = ZIPFoundation;
		};
		92678D762DAA70E6001CEDD6 /* SQLite */ = {
			isa = XCSwiftPackageProductDependency;
			package = 92678D752DAA70E6001CEDD6 /* XCRemoteSwiftPackageReference "SQLite" */;
			productName = SQLite;
		};
/* End XCSwiftPackageProductDependency section */

/* Begin XCVersionGroup section */
		185B917F2869EE8C003F88F5 /* Model.xcdatamodeld */ = {
			isa = XCVersionGroup;
			children = (
				185B91802869EE8C003F88F5 /* Model.xcdatamodel */,
			);
			currentVersion = 185B91802869EE8C003F88F5 /* Model.xcdatamodel */;
			path = Model.xcdatamodeld;
			sourceTree = "<group>";
			versionGroupType = wrapper.xcdatamodel;
		};
/* End XCVersionGroup section */
	};
	rootObject = 183DF1622862C99E0088FE1C /* Project object */;
}
